{
  "version": 4,
  "terraform_version": "1.4.6",
  "serial": 1238,
  "lineage": "cd7fa385-5840-4ecf-bc35-6eb1182f016d",
  "outputs": {
    "cluster_name": {
      "value": "myapp-eks-cluster",
      "type": "string"
    }
  },
  "resources": [
    {
      "mode": "data",
      "type": "aws_availability_zones",
      "name": "azs",
      "provider": "provider[\"registry.terraform.io/hashicorp/aws\"]",
      "instances": [
        {
          "schema_version": 0,
          "attributes": {
            "all_availability_zones": null,
            "exclude_names": null,
            "exclude_zone_ids": null,
            "filter": null,
            "group_names": [
              "eu-west-2"
            ],
            "id": "eu-west-2",
            "names": [
              "eu-west-2a",
              "eu-west-2b",
              "eu-west-2c"
            ],
            "state": null,
            "timeouts": null,
            "zone_ids": [
              "euw2-az2",
              "euw2-az3",
              "euw2-az1"
            ]
          },
          "sensitive_attributes": []
        }
      ]
    },
    {
      "module": "module.ALB",
      "mode": "data",
      "type": "aws_caller_identity",
      "name": "current",
      "provider": "provider[\"registry.terraform.io/hashicorp/aws\"]",
      "instances": [
        {
          "schema_version": 0,
          "attributes": {
            "account_id": "815919245801",
            "arn": "arn:aws:iam::815919245801:user/admin",
            "id": "815919245801",
            "user_id": "AIDA336ETVHUQLFK5JG3C"
          },
          "sensitive_attributes": []
        }
      ]
    },
    {
      "module": "module.ALB",
      "mode": "data",
      "type": "http",
      "name": "lbc_iam_policy",
      "provider": "provider[\"registry.terraform.io/hashicorp/http\"]",
      "instances": [
        {
          "schema_version": 0,
          "attributes": {
            "body": "{\n    \"Version\": \"2012-10-17\",\n    \"Statement\": [\n        {\n            \"Effect\": \"Allow\",\n            \"Action\": [\n                \"iam:CreateServiceLinkedRole\"\n            ],\n            \"Resource\": \"*\",\n            \"Condition\": {\n                \"StringEquals\": {\n                    \"iam:AWSServiceName\": \"elasticloadbalancing.amazonaws.com\"\n                }\n            }\n        },\n        {\n            \"Effect\": \"Allow\",\n            \"Action\": [\n                \"ec2:DescribeAccountAttributes\",\n                \"ec2:DescribeAddresses\",\n                \"ec2:DescribeAvailabilityZones\",\n                \"ec2:DescribeInternetGateways\",\n                \"ec2:DescribeVpcs\",\n                \"ec2:DescribeVpcPeeringConnections\",\n                \"ec2:DescribeSubnets\",\n                \"ec2:DescribeSecurityGroups\",\n                \"ec2:DescribeInstances\",\n                \"ec2:DescribeNetworkInterfaces\",\n                \"ec2:DescribeTags\",\n                \"ec2:GetCoipPoolUsage\",\n                \"ec2:DescribeCoipPools\",\n                \"elasticloadbalancing:DescribeLoadBalancers\",\n                \"elasticloadbalancing:DescribeLoadBalancerAttributes\",\n                \"elasticloadbalancing:DescribeListeners\",\n                \"elasticloadbalancing:DescribeListenerCertificates\",\n                \"elasticloadbalancing:DescribeSSLPolicies\",\n                \"elasticloadbalancing:DescribeRules\",\n                \"elasticloadbalancing:DescribeTargetGroups\",\n                \"elasticloadbalancing:DescribeTargetGroupAttributes\",\n                \"elasticloadbalancing:DescribeTargetHealth\",\n                \"elasticloadbalancing:DescribeTags\"\n            ],\n            \"Resource\": \"*\"\n        },\n        {\n            \"Effect\": \"Allow\",\n            \"Action\": [\n                \"cognito-idp:DescribeUserPoolClient\",\n                \"acm:ListCertificates\",\n                \"acm:DescribeCertificate\",\n                \"iam:ListServerCertificates\",\n                \"iam:GetServerCertificate\",\n                \"waf-regional:GetWebACL\",\n                \"waf-regional:GetWebACLForResource\",\n                \"waf-regional:AssociateWebACL\",\n                \"waf-regional:DisassociateWebACL\",\n                \"wafv2:GetWebACL\",\n                \"wafv2:GetWebACLForResource\",\n                \"wafv2:AssociateWebACL\",\n                \"wafv2:DisassociateWebACL\",\n                \"shield:GetSubscriptionState\",\n                \"shield:DescribeProtection\",\n                \"shield:CreateProtection\",\n                \"shield:DeleteProtection\"\n            ],\n            \"Resource\": \"*\"\n        },\n        {\n            \"Effect\": \"Allow\",\n            \"Action\": [\n                \"ec2:AuthorizeSecurityGroupIngress\",\n                \"ec2:RevokeSecurityGroupIngress\"\n            ],\n            \"Resource\": \"*\"\n        },\n        {\n            \"Effect\": \"Allow\",\n            \"Action\": [\n                \"ec2:CreateSecurityGroup\"\n            ],\n            \"Resource\": \"*\"\n        },\n        {\n            \"Effect\": \"Allow\",\n            \"Action\": [\n                \"ec2:CreateTags\"\n            ],\n            \"Resource\": \"arn:aws:ec2:*:*:security-group/*\",\n            \"Condition\": {\n                \"StringEquals\": {\n                    \"ec2:CreateAction\": \"CreateSecurityGroup\"\n                },\n                \"Null\": {\n                    \"aws:RequestTag/elbv2.k8s.aws/cluster\": \"false\"\n                }\n            }\n        },\n        {\n            \"Effect\": \"Allow\",\n            \"Action\": [\n                \"ec2:CreateTags\",\n                \"ec2:DeleteTags\"\n            ],\n            \"Resource\": \"arn:aws:ec2:*:*:security-group/*\",\n            \"Condition\": {\n                \"Null\": {\n                    \"aws:RequestTag/elbv2.k8s.aws/cluster\": \"true\",\n                    \"aws:ResourceTag/elbv2.k8s.aws/cluster\": \"false\"\n                }\n            }\n        },\n        {\n            \"Effect\": \"Allow\",\n            \"Action\": [\n                \"ec2:AuthorizeSecurityGroupIngress\",\n                \"ec2:RevokeSecurityGroupIngress\",\n                \"ec2:DeleteSecurityGroup\"\n            ],\n            \"Resource\": \"*\",\n            \"Condition\": {\n                \"Null\": {\n                    \"aws:ResourceTag/elbv2.k8s.aws/cluster\": \"false\"\n                }\n            }\n        },\n        {\n            \"Effect\": \"Allow\",\n            \"Action\": [\n                \"elasticloadbalancing:CreateLoadBalancer\",\n                \"elasticloadbalancing:CreateTargetGroup\"\n            ],\n            \"Resource\": \"*\",\n            \"Condition\": {\n                \"Null\": {\n                    \"aws:RequestTag/elbv2.k8s.aws/cluster\": \"false\"\n                }\n            }\n        },\n        {\n            \"Effect\": \"Allow\",\n            \"Action\": [\n                \"elasticloadbalancing:CreateListener\",\n                \"elasticloadbalancing:DeleteListener\",\n                \"elasticloadbalancing:CreateRule\",\n                \"elasticloadbalancing:DeleteRule\"\n            ],\n            \"Resource\": \"*\"\n        },\n        {\n            \"Effect\": \"Allow\",\n            \"Action\": [\n                \"elasticloadbalancing:AddTags\",\n                \"elasticloadbalancing:RemoveTags\"\n            ],\n            \"Resource\": [\n                \"arn:aws:elasticloadbalancing:*:*:targetgroup/*/*\",\n                \"arn:aws:elasticloadbalancing:*:*:loadbalancer/net/*/*\",\n                \"arn:aws:elasticloadbalancing:*:*:loadbalancer/app/*/*\"\n            ],\n            \"Condition\": {\n                \"Null\": {\n                    \"aws:RequestTag/elbv2.k8s.aws/cluster\": \"true\",\n                    \"aws:ResourceTag/elbv2.k8s.aws/cluster\": \"false\"\n                }\n            }\n        },\n        {\n            \"Effect\": \"Allow\",\n            \"Action\": [\n                \"elasticloadbalancing:AddTags\",\n                \"elasticloadbalancing:RemoveTags\"\n            ],\n            \"Resource\": [\n                \"arn:aws:elasticloadbalancing:*:*:listener/net/*/*/*\",\n                \"arn:aws:elasticloadbalancing:*:*:listener/app/*/*/*\",\n                \"arn:aws:elasticloadbalancing:*:*:listener-rule/net/*/*/*\",\n                \"arn:aws:elasticloadbalancing:*:*:listener-rule/app/*/*/*\"\n            ]\n        },\n        {\n            \"Effect\": \"Allow\",\n            \"Action\": [\n                \"elasticloadbalancing:ModifyLoadBalancerAttributes\",\n                \"elasticloadbalancing:SetIpAddressType\",\n                \"elasticloadbalancing:SetSecurityGroups\",\n                \"elasticloadbalancing:SetSubnets\",\n                \"elasticloadbalancing:DeleteLoadBalancer\",\n                \"elasticloadbalancing:ModifyTargetGroup\",\n                \"elasticloadbalancing:ModifyTargetGroupAttributes\",\n                \"elasticloadbalancing:DeleteTargetGroup\"\n            ],\n            \"Resource\": \"*\",\n            \"Condition\": {\n                \"Null\": {\n                    \"aws:ResourceTag/elbv2.k8s.aws/cluster\": \"false\"\n                }\n            }\n        },\n        {\n            \"Effect\": \"Allow\",\n            \"Action\": [\n                \"elasticloadbalancing:AddTags\"\n            ],\n            \"Resource\": [\n                \"arn:aws:elasticloadbalancing:*:*:targetgroup/*/*\",\n                \"arn:aws:elasticloadbalancing:*:*:loadbalancer/net/*/*\",\n                \"arn:aws:elasticloadbalancing:*:*:loadbalancer/app/*/*\"\n            ],\n            \"Condition\": {\n                \"StringEquals\": {\n                    \"elasticloadbalancing:CreateAction\": [\n                        \"CreateTargetGroup\",\n                        \"CreateLoadBalancer\"\n                    ]\n                },\n                \"Null\": {\n                    \"aws:RequestTag/elbv2.k8s.aws/cluster\": \"false\"\n                }\n            }\n        },\n        {\n            \"Effect\": \"Allow\",\n            \"Action\": [\n                \"elasticloadbalancing:RegisterTargets\",\n                \"elasticloadbalancing:DeregisterTargets\"\n            ],\n            \"Resource\": \"arn:aws:elasticloadbalancing:*:*:targetgroup/*/*\"\n        },\n        {\n            \"Effect\": \"Allow\",\n            \"Action\": [\n                \"elasticloadbalancing:SetWebAcl\",\n                \"elasticloadbalancing:ModifyListener\",\n                \"elasticloadbalancing:AddListenerCertificates\",\n                \"elasticloadbalancing:RemoveListenerCertificates\",\n                \"elasticloadbalancing:ModifyRule\"\n            ],\n            \"Resource\": \"*\"\n        }\n    ]\n}\n",
            "ca_cert_pem": null,
            "id": "https://raw.githubusercontent.com/kubernetes-sigs/aws-load-balancer-controller/main/docs/install/iam_policy.json",
            "insecure": null,
            "method": null,
            "request_body": null,
            "request_headers": {
              "Accept": "application/json"
            },
            "request_timeout_ms": null,
            "response_body": "{\n    \"Version\": \"2012-10-17\",\n    \"Statement\": [\n        {\n            \"Effect\": \"Allow\",\n            \"Action\": [\n                \"iam:CreateServiceLinkedRole\"\n            ],\n            \"Resource\": \"*\",\n            \"Condition\": {\n                \"StringEquals\": {\n                    \"iam:AWSServiceName\": \"elasticloadbalancing.amazonaws.com\"\n                }\n            }\n        },\n        {\n            \"Effect\": \"Allow\",\n            \"Action\": [\n                \"ec2:DescribeAccountAttributes\",\n                \"ec2:DescribeAddresses\",\n                \"ec2:DescribeAvailabilityZones\",\n                \"ec2:DescribeInternetGateways\",\n                \"ec2:DescribeVpcs\",\n                \"ec2:DescribeVpcPeeringConnections\",\n                \"ec2:DescribeSubnets\",\n                \"ec2:DescribeSecurityGroups\",\n                \"ec2:DescribeInstances\",\n                \"ec2:DescribeNetworkInterfaces\",\n                \"ec2:DescribeTags\",\n                \"ec2:GetCoipPoolUsage\",\n                \"ec2:DescribeCoipPools\",\n                \"elasticloadbalancing:DescribeLoadBalancers\",\n                \"elasticloadbalancing:DescribeLoadBalancerAttributes\",\n                \"elasticloadbalancing:DescribeListeners\",\n                \"elasticloadbalancing:DescribeListenerCertificates\",\n                \"elasticloadbalancing:DescribeSSLPolicies\",\n                \"elasticloadbalancing:DescribeRules\",\n                \"elasticloadbalancing:DescribeTargetGroups\",\n                \"elasticloadbalancing:DescribeTargetGroupAttributes\",\n                \"elasticloadbalancing:DescribeTargetHealth\",\n                \"elasticloadbalancing:DescribeTags\"\n            ],\n            \"Resource\": \"*\"\n        },\n        {\n            \"Effect\": \"Allow\",\n            \"Action\": [\n                \"cognito-idp:DescribeUserPoolClient\",\n                \"acm:ListCertificates\",\n                \"acm:DescribeCertificate\",\n                \"iam:ListServerCertificates\",\n                \"iam:GetServerCertificate\",\n                \"waf-regional:GetWebACL\",\n                \"waf-regional:GetWebACLForResource\",\n                \"waf-regional:AssociateWebACL\",\n                \"waf-regional:DisassociateWebACL\",\n                \"wafv2:GetWebACL\",\n                \"wafv2:GetWebACLForResource\",\n                \"wafv2:AssociateWebACL\",\n                \"wafv2:DisassociateWebACL\",\n                \"shield:GetSubscriptionState\",\n                \"shield:DescribeProtection\",\n                \"shield:CreateProtection\",\n                \"shield:DeleteProtection\"\n            ],\n            \"Resource\": \"*\"\n        },\n        {\n            \"Effect\": \"Allow\",\n            \"Action\": [\n                \"ec2:AuthorizeSecurityGroupIngress\",\n                \"ec2:RevokeSecurityGroupIngress\"\n            ],\n            \"Resource\": \"*\"\n        },\n        {\n            \"Effect\": \"Allow\",\n            \"Action\": [\n                \"ec2:CreateSecurityGroup\"\n            ],\n            \"Resource\": \"*\"\n        },\n        {\n            \"Effect\": \"Allow\",\n            \"Action\": [\n                \"ec2:CreateTags\"\n            ],\n            \"Resource\": \"arn:aws:ec2:*:*:security-group/*\",\n            \"Condition\": {\n                \"StringEquals\": {\n                    \"ec2:CreateAction\": \"CreateSecurityGroup\"\n                },\n                \"Null\": {\n                    \"aws:RequestTag/elbv2.k8s.aws/cluster\": \"false\"\n                }\n            }\n        },\n        {\n            \"Effect\": \"Allow\",\n            \"Action\": [\n                \"ec2:CreateTags\",\n                \"ec2:DeleteTags\"\n            ],\n            \"Resource\": \"arn:aws:ec2:*:*:security-group/*\",\n            \"Condition\": {\n                \"Null\": {\n                    \"aws:RequestTag/elbv2.k8s.aws/cluster\": \"true\",\n                    \"aws:ResourceTag/elbv2.k8s.aws/cluster\": \"false\"\n                }\n            }\n        },\n        {\n            \"Effect\": \"Allow\",\n            \"Action\": [\n                \"ec2:AuthorizeSecurityGroupIngress\",\n                \"ec2:RevokeSecurityGroupIngress\",\n                \"ec2:DeleteSecurityGroup\"\n            ],\n            \"Resource\": \"*\",\n            \"Condition\": {\n                \"Null\": {\n                    \"aws:ResourceTag/elbv2.k8s.aws/cluster\": \"false\"\n                }\n            }\n        },\n        {\n            \"Effect\": \"Allow\",\n            \"Action\": [\n                \"elasticloadbalancing:CreateLoadBalancer\",\n                \"elasticloadbalancing:CreateTargetGroup\"\n            ],\n            \"Resource\": \"*\",\n            \"Condition\": {\n                \"Null\": {\n                    \"aws:RequestTag/elbv2.k8s.aws/cluster\": \"false\"\n                }\n            }\n        },\n        {\n            \"Effect\": \"Allow\",\n            \"Action\": [\n                \"elasticloadbalancing:CreateListener\",\n                \"elasticloadbalancing:DeleteListener\",\n                \"elasticloadbalancing:CreateRule\",\n                \"elasticloadbalancing:DeleteRule\"\n            ],\n            \"Resource\": \"*\"\n        },\n        {\n            \"Effect\": \"Allow\",\n            \"Action\": [\n                \"elasticloadbalancing:AddTags\",\n                \"elasticloadbalancing:RemoveTags\"\n            ],\n            \"Resource\": [\n                \"arn:aws:elasticloadbalancing:*:*:targetgroup/*/*\",\n                \"arn:aws:elasticloadbalancing:*:*:loadbalancer/net/*/*\",\n                \"arn:aws:elasticloadbalancing:*:*:loadbalancer/app/*/*\"\n            ],\n            \"Condition\": {\n                \"Null\": {\n                    \"aws:RequestTag/elbv2.k8s.aws/cluster\": \"true\",\n                    \"aws:ResourceTag/elbv2.k8s.aws/cluster\": \"false\"\n                }\n            }\n        },\n        {\n            \"Effect\": \"Allow\",\n            \"Action\": [\n                \"elasticloadbalancing:AddTags\",\n                \"elasticloadbalancing:RemoveTags\"\n            ],\n            \"Resource\": [\n                \"arn:aws:elasticloadbalancing:*:*:listener/net/*/*/*\",\n                \"arn:aws:elasticloadbalancing:*:*:listener/app/*/*/*\",\n                \"arn:aws:elasticloadbalancing:*:*:listener-rule/net/*/*/*\",\n                \"arn:aws:elasticloadbalancing:*:*:listener-rule/app/*/*/*\"\n            ]\n        },\n        {\n            \"Effect\": \"Allow\",\n            \"Action\": [\n                \"elasticloadbalancing:ModifyLoadBalancerAttributes\",\n                \"elasticloadbalancing:SetIpAddressType\",\n                \"elasticloadbalancing:SetSecurityGroups\",\n                \"elasticloadbalancing:SetSubnets\",\n                \"elasticloadbalancing:DeleteLoadBalancer\",\n                \"elasticloadbalancing:ModifyTargetGroup\",\n                \"elasticloadbalancing:ModifyTargetGroupAttributes\",\n                \"elasticloadbalancing:DeleteTargetGroup\"\n            ],\n            \"Resource\": \"*\",\n            \"Condition\": {\n                \"Null\": {\n                    \"aws:ResourceTag/elbv2.k8s.aws/cluster\": \"false\"\n                }\n            }\n        },\n        {\n            \"Effect\": \"Allow\",\n            \"Action\": [\n                \"elasticloadbalancing:AddTags\"\n            ],\n            \"Resource\": [\n                \"arn:aws:elasticloadbalancing:*:*:targetgroup/*/*\",\n                \"arn:aws:elasticloadbalancing:*:*:loadbalancer/net/*/*\",\n                \"arn:aws:elasticloadbalancing:*:*:loadbalancer/app/*/*\"\n            ],\n            \"Condition\": {\n                \"StringEquals\": {\n                    \"elasticloadbalancing:CreateAction\": [\n                        \"CreateTargetGroup\",\n                        \"CreateLoadBalancer\"\n                    ]\n                },\n                \"Null\": {\n                    \"aws:RequestTag/elbv2.k8s.aws/cluster\": \"false\"\n                }\n            }\n        },\n        {\n            \"Effect\": \"Allow\",\n            \"Action\": [\n                \"elasticloadbalancing:RegisterTargets\",\n                \"elasticloadbalancing:DeregisterTargets\"\n            ],\n            \"Resource\": \"arn:aws:elasticloadbalancing:*:*:targetgroup/*/*\"\n        },\n        {\n            \"Effect\": \"Allow\",\n            \"Action\": [\n                \"elasticloadbalancing:SetWebAcl\",\n                \"elasticloadbalancing:ModifyListener\",\n                \"elasticloadbalancing:AddListenerCertificates\",\n                \"elasticloadbalancing:RemoveListenerCertificates\",\n                \"elasticloadbalancing:ModifyRule\"\n            ],\n            \"Resource\": \"*\"\n        }\n    ]\n}\n",
            "response_body_base64": "ewogICAgIlZlcnNpb24iOiAiMjAxMi0xMC0xNyIsCiAgICAiU3RhdGVtZW50IjogWwogICAgICAgIHsKICAgICAgICAgICAgIkVmZmVjdCI6ICJBbGxvdyIsCiAgICAgICAgICAgICJBY3Rpb24iOiBbCiAgICAgICAgICAgICAgICAiaWFtOkNyZWF0ZVNlcnZpY2VMaW5rZWRSb2xlIgogICAgICAgICAgICBdLAogICAgICAgICAgICAiUmVzb3VyY2UiOiAiKiIsCiAgICAgICAgICAgICJDb25kaXRpb24iOiB7CiAgICAgICAgICAgICAgICAiU3RyaW5nRXF1YWxzIjogewogICAgICAgICAgICAgICAgICAgICJpYW06QVdTU2VydmljZU5hbWUiOiAiZWxhc3RpY2xvYWRiYWxhbmNpbmcuYW1hem9uYXdzLmNvbSIKICAgICAgICAgICAgICAgIH0KICAgICAgICAgICAgfQogICAgICAgIH0sCiAgICAgICAgewogICAgICAgICAgICAiRWZmZWN0IjogIkFsbG93IiwKICAgICAgICAgICAgIkFjdGlvbiI6IFsKICAgICAgICAgICAgICAgICJlYzI6RGVzY3JpYmVBY2NvdW50QXR0cmlidXRlcyIsCiAgICAgICAgICAgICAgICAiZWMyOkRlc2NyaWJlQWRkcmVzc2VzIiwKICAgICAgICAgICAgICAgICJlYzI6RGVzY3JpYmVBdmFpbGFiaWxpdHlab25lcyIsCiAgICAgICAgICAgICAgICAiZWMyOkRlc2NyaWJlSW50ZXJuZXRHYXRld2F5cyIsCiAgICAgICAgICAgICAgICAiZWMyOkRlc2NyaWJlVnBjcyIsCiAgICAgICAgICAgICAgICAiZWMyOkRlc2NyaWJlVnBjUGVlcmluZ0Nvbm5lY3Rpb25zIiwKICAgICAgICAgICAgICAgICJlYzI6RGVzY3JpYmVTdWJuZXRzIiwKICAgICAgICAgICAgICAgICJlYzI6RGVzY3JpYmVTZWN1cml0eUdyb3VwcyIsCiAgICAgICAgICAgICAgICAiZWMyOkRlc2NyaWJlSW5zdGFuY2VzIiwKICAgICAgICAgICAgICAgICJlYzI6RGVzY3JpYmVOZXR3b3JrSW50ZXJmYWNlcyIsCiAgICAgICAgICAgICAgICAiZWMyOkRlc2NyaWJlVGFncyIsCiAgICAgICAgICAgICAgICAiZWMyOkdldENvaXBQb29sVXNhZ2UiLAogICAgICAgICAgICAgICAgImVjMjpEZXNjcmliZUNvaXBQb29scyIsCiAgICAgICAgICAgICAgICAiZWxhc3RpY2xvYWRiYWxhbmNpbmc6RGVzY3JpYmVMb2FkQmFsYW5jZXJzIiwKICAgICAgICAgICAgICAgICJlbGFzdGljbG9hZGJhbGFuY2luZzpEZXNjcmliZUxvYWRCYWxhbmNlckF0dHJpYnV0ZXMiLAogICAgICAgICAgICAgICAgImVsYXN0aWNsb2FkYmFsYW5jaW5nOkRlc2NyaWJlTGlzdGVuZXJzIiwKICAgICAgICAgICAgICAgICJlbGFzdGljbG9hZGJhbGFuY2luZzpEZXNjcmliZUxpc3RlbmVyQ2VydGlmaWNhdGVzIiwKICAgICAgICAgICAgICAgICJlbGFzdGljbG9hZGJhbGFuY2luZzpEZXNjcmliZVNTTFBvbGljaWVzIiwKICAgICAgICAgICAgICAgICJlbGFzdGljbG9hZGJhbGFuY2luZzpEZXNjcmliZVJ1bGVzIiwKICAgICAgICAgICAgICAgICJlbGFzdGljbG9hZGJhbGFuY2luZzpEZXNjcmliZVRhcmdldEdyb3VwcyIsCiAgICAgICAgICAgICAgICAiZWxhc3RpY2xvYWRiYWxhbmNpbmc6RGVzY3JpYmVUYXJnZXRHcm91cEF0dHJpYnV0ZXMiLAogICAgICAgICAgICAgICAgImVsYXN0aWNsb2FkYmFsYW5jaW5nOkRlc2NyaWJlVGFyZ2V0SGVhbHRoIiwKICAgICAgICAgICAgICAgICJlbGFzdGljbG9hZGJhbGFuY2luZzpEZXNjcmliZVRhZ3MiCiAgICAgICAgICAgIF0sCiAgICAgICAgICAgICJSZXNvdXJjZSI6ICIqIgogICAgICAgIH0sCiAgICAgICAgewogICAgICAgICAgICAiRWZmZWN0IjogIkFsbG93IiwKICAgICAgICAgICAgIkFjdGlvbiI6IFsKICAgICAgICAgICAgICAgICJjb2duaXRvLWlkcDpEZXNjcmliZVVzZXJQb29sQ2xpZW50IiwKICAgICAgICAgICAgICAgICJhY206TGlzdENlcnRpZmljYXRlcyIsCiAgICAgICAgICAgICAgICAiYWNtOkRlc2NyaWJlQ2VydGlmaWNhdGUiLAogICAgICAgICAgICAgICAgImlhbTpMaXN0U2VydmVyQ2VydGlmaWNhdGVzIiwKICAgICAgICAgICAgICAgICJpYW06R2V0U2VydmVyQ2VydGlmaWNhdGUiLAogICAgICAgICAgICAgICAgIndhZi1yZWdpb25hbDpHZXRXZWJBQ0wiLAogICAgICAgICAgICAgICAgIndhZi1yZWdpb25hbDpHZXRXZWJBQ0xGb3JSZXNvdXJjZSIsCiAgICAgICAgICAgICAgICAid2FmLXJlZ2lvbmFsOkFzc29jaWF0ZVdlYkFDTCIsCiAgICAgICAgICAgICAgICAid2FmLXJlZ2lvbmFsOkRpc2Fzc29jaWF0ZVdlYkFDTCIsCiAgICAgICAgICAgICAgICAid2FmdjI6R2V0V2ViQUNMIiwKICAgICAgICAgICAgICAgICJ3YWZ2MjpHZXRXZWJBQ0xGb3JSZXNvdXJjZSIsCiAgICAgICAgICAgICAgICAid2FmdjI6QXNzb2NpYXRlV2ViQUNMIiwKICAgICAgICAgICAgICAgICJ3YWZ2MjpEaXNhc3NvY2lhdGVXZWJBQ0wiLAogICAgICAgICAgICAgICAgInNoaWVsZDpHZXRTdWJzY3JpcHRpb25TdGF0ZSIsCiAgICAgICAgICAgICAgICAic2hpZWxkOkRlc2NyaWJlUHJvdGVjdGlvbiIsCiAgICAgICAgICAgICAgICAic2hpZWxkOkNyZWF0ZVByb3RlY3Rpb24iLAogICAgICAgICAgICAgICAgInNoaWVsZDpEZWxldGVQcm90ZWN0aW9uIgogICAgICAgICAgICBdLAogICAgICAgICAgICAiUmVzb3VyY2UiOiAiKiIKICAgICAgICB9LAogICAgICAgIHsKICAgICAgICAgICAgIkVmZmVjdCI6ICJBbGxvdyIsCiAgICAgICAgICAgICJBY3Rpb24iOiBbCiAgICAgICAgICAgICAgICAiZWMyOkF1dGhvcml6ZVNlY3VyaXR5R3JvdXBJbmdyZXNzIiwKICAgICAgICAgICAgICAgICJlYzI6UmV2b2tlU2VjdXJpdHlHcm91cEluZ3Jlc3MiCiAgICAgICAgICAgIF0sCiAgICAgICAgICAgICJSZXNvdXJjZSI6ICIqIgogICAgICAgIH0sCiAgICAgICAgewogICAgICAgICAgICAiRWZmZWN0IjogIkFsbG93IiwKICAgICAgICAgICAgIkFjdGlvbiI6IFsKICAgICAgICAgICAgICAgICJlYzI6Q3JlYXRlU2VjdXJpdHlHcm91cCIKICAgICAgICAgICAgXSwKICAgICAgICAgICAgIlJlc291cmNlIjogIioiCiAgICAgICAgfSwKICAgICAgICB7CiAgICAgICAgICAgICJFZmZlY3QiOiAiQWxsb3ciLAogICAgICAgICAgICAiQWN0aW9uIjogWwogICAgICAgICAgICAgICAgImVjMjpDcmVhdGVUYWdzIgogICAgICAgICAgICBdLAogICAgICAgICAgICAiUmVzb3VyY2UiOiAiYXJuOmF3czplYzI6KjoqOnNlY3VyaXR5LWdyb3VwLyoiLAogICAgICAgICAgICAiQ29uZGl0aW9uIjogewogICAgICAgICAgICAgICAgIlN0cmluZ0VxdWFscyI6IHsKICAgICAgICAgICAgICAgICAgICAiZWMyOkNyZWF0ZUFjdGlvbiI6ICJDcmVhdGVTZWN1cml0eUdyb3VwIgogICAgICAgICAgICAgICAgfSwKICAgICAgICAgICAgICAgICJOdWxsIjogewogICAgICAgICAgICAgICAgICAgICJhd3M6UmVxdWVzdFRhZy9lbGJ2Mi5rOHMuYXdzL2NsdXN0ZXIiOiAiZmFsc2UiCiAgICAgICAgICAgICAgICB9CiAgICAgICAgICAgIH0KICAgICAgICB9LAogICAgICAgIHsKICAgICAgICAgICAgIkVmZmVjdCI6ICJBbGxvdyIsCiAgICAgICAgICAgICJBY3Rpb24iOiBbCiAgICAgICAgICAgICAgICAiZWMyOkNyZWF0ZVRhZ3MiLAogICAgICAgICAgICAgICAgImVjMjpEZWxldGVUYWdzIgogICAgICAgICAgICBdLAogICAgICAgICAgICAiUmVzb3VyY2UiOiAiYXJuOmF3czplYzI6KjoqOnNlY3VyaXR5LWdyb3VwLyoiLAogICAgICAgICAgICAiQ29uZGl0aW9uIjogewogICAgICAgICAgICAgICAgIk51bGwiOiB7CiAgICAgICAgICAgICAgICAgICAgImF3czpSZXF1ZXN0VGFnL2VsYnYyLms4cy5hd3MvY2x1c3RlciI6ICJ0cnVlIiwKICAgICAgICAgICAgICAgICAgICAiYXdzOlJlc291cmNlVGFnL2VsYnYyLms4cy5hd3MvY2x1c3RlciI6ICJmYWxzZSIKICAgICAgICAgICAgICAgIH0KICAgICAgICAgICAgfQogICAgICAgIH0sCiAgICAgICAgewogICAgICAgICAgICAiRWZmZWN0IjogIkFsbG93IiwKICAgICAgICAgICAgIkFjdGlvbiI6IFsKICAgICAgICAgICAgICAgICJlYzI6QXV0aG9yaXplU2VjdXJpdHlHcm91cEluZ3Jlc3MiLAogICAgICAgICAgICAgICAgImVjMjpSZXZva2VTZWN1cml0eUdyb3VwSW5ncmVzcyIsCiAgICAgICAgICAgICAgICAiZWMyOkRlbGV0ZVNlY3VyaXR5R3JvdXAiCiAgICAgICAgICAgIF0sCiAgICAgICAgICAgICJSZXNvdXJjZSI6ICIqIiwKICAgICAgICAgICAgIkNvbmRpdGlvbiI6IHsKICAgICAgICAgICAgICAgICJOdWxsIjogewogICAgICAgICAgICAgICAgICAgICJhd3M6UmVzb3VyY2VUYWcvZWxidjIuazhzLmF3cy9jbHVzdGVyIjogImZhbHNlIgogICAgICAgICAgICAgICAgfQogICAgICAgICAgICB9CiAgICAgICAgfSwKICAgICAgICB7CiAgICAgICAgICAgICJFZmZlY3QiOiAiQWxsb3ciLAogICAgICAgICAgICAiQWN0aW9uIjogWwogICAgICAgICAgICAgICAgImVsYXN0aWNsb2FkYmFsYW5jaW5nOkNyZWF0ZUxvYWRCYWxhbmNlciIsCiAgICAgICAgICAgICAgICAiZWxhc3RpY2xvYWRiYWxhbmNpbmc6Q3JlYXRlVGFyZ2V0R3JvdXAiCiAgICAgICAgICAgIF0sCiAgICAgICAgICAgICJSZXNvdXJjZSI6ICIqIiwKICAgICAgICAgICAgIkNvbmRpdGlvbiI6IHsKICAgICAgICAgICAgICAgICJOdWxsIjogewogICAgICAgICAgICAgICAgICAgICJhd3M6UmVxdWVzdFRhZy9lbGJ2Mi5rOHMuYXdzL2NsdXN0ZXIiOiAiZmFsc2UiCiAgICAgICAgICAgICAgICB9CiAgICAgICAgICAgIH0KICAgICAgICB9LAogICAgICAgIHsKICAgICAgICAgICAgIkVmZmVjdCI6ICJBbGxvdyIsCiAgICAgICAgICAgICJBY3Rpb24iOiBbCiAgICAgICAgICAgICAgICAiZWxhc3RpY2xvYWRiYWxhbmNpbmc6Q3JlYXRlTGlzdGVuZXIiLAogICAgICAgICAgICAgICAgImVsYXN0aWNsb2FkYmFsYW5jaW5nOkRlbGV0ZUxpc3RlbmVyIiwKICAgICAgICAgICAgICAgICJlbGFzdGljbG9hZGJhbGFuY2luZzpDcmVhdGVSdWxlIiwKICAgICAgICAgICAgICAgICJlbGFzdGljbG9hZGJhbGFuY2luZzpEZWxldGVSdWxlIgogICAgICAgICAgICBdLAogICAgICAgICAgICAiUmVzb3VyY2UiOiAiKiIKICAgICAgICB9LAogICAgICAgIHsKICAgICAgICAgICAgIkVmZmVjdCI6ICJBbGxvdyIsCiAgICAgICAgICAgICJBY3Rpb24iOiBbCiAgICAgICAgICAgICAgICAiZWxhc3RpY2xvYWRiYWxhbmNpbmc6QWRkVGFncyIsCiAgICAgICAgICAgICAgICAiZWxhc3RpY2xvYWRiYWxhbmNpbmc6UmVtb3ZlVGFncyIKICAgICAgICAgICAgXSwKICAgICAgICAgICAgIlJlc291cmNlIjogWwogICAgICAgICAgICAgICAgImFybjphd3M6ZWxhc3RpY2xvYWRiYWxhbmNpbmc6KjoqOnRhcmdldGdyb3VwLyovKiIsCiAgICAgICAgICAgICAgICAiYXJuOmF3czplbGFzdGljbG9hZGJhbGFuY2luZzoqOio6bG9hZGJhbGFuY2VyL25ldC8qLyoiLAogICAgICAgICAgICAgICAgImFybjphd3M6ZWxhc3RpY2xvYWRiYWxhbmNpbmc6KjoqOmxvYWRiYWxhbmNlci9hcHAvKi8qIgogICAgICAgICAgICBdLAogICAgICAgICAgICAiQ29uZGl0aW9uIjogewogICAgICAgICAgICAgICAgIk51bGwiOiB7CiAgICAgICAgICAgICAgICAgICAgImF3czpSZXF1ZXN0VGFnL2VsYnYyLms4cy5hd3MvY2x1c3RlciI6ICJ0cnVlIiwKICAgICAgICAgICAgICAgICAgICAiYXdzOlJlc291cmNlVGFnL2VsYnYyLms4cy5hd3MvY2x1c3RlciI6ICJmYWxzZSIKICAgICAgICAgICAgICAgIH0KICAgICAgICAgICAgfQogICAgICAgIH0sCiAgICAgICAgewogICAgICAgICAgICAiRWZmZWN0IjogIkFsbG93IiwKICAgICAgICAgICAgIkFjdGlvbiI6IFsKICAgICAgICAgICAgICAgICJlbGFzdGljbG9hZGJhbGFuY2luZzpBZGRUYWdzIiwKICAgICAgICAgICAgICAgICJlbGFzdGljbG9hZGJhbGFuY2luZzpSZW1vdmVUYWdzIgogICAgICAgICAgICBdLAogICAgICAgICAgICAiUmVzb3VyY2UiOiBbCiAgICAgICAgICAgICAgICAiYXJuOmF3czplbGFzdGljbG9hZGJhbGFuY2luZzoqOio6bGlzdGVuZXIvbmV0LyovKi8qIiwKICAgICAgICAgICAgICAgICJhcm46YXdzOmVsYXN0aWNsb2FkYmFsYW5jaW5nOio6KjpsaXN0ZW5lci9hcHAvKi8qLyoiLAogICAgICAgICAgICAgICAgImFybjphd3M6ZWxhc3RpY2xvYWRiYWxhbmNpbmc6KjoqOmxpc3RlbmVyLXJ1bGUvbmV0LyovKi8qIiwKICAgICAgICAgICAgICAgICJhcm46YXdzOmVsYXN0aWNsb2FkYmFsYW5jaW5nOio6KjpsaXN0ZW5lci1ydWxlL2FwcC8qLyovKiIKICAgICAgICAgICAgXQogICAgICAgIH0sCiAgICAgICAgewogICAgICAgICAgICAiRWZmZWN0IjogIkFsbG93IiwKICAgICAgICAgICAgIkFjdGlvbiI6IFsKICAgICAgICAgICAgICAgICJlbGFzdGljbG9hZGJhbGFuY2luZzpNb2RpZnlMb2FkQmFsYW5jZXJBdHRyaWJ1dGVzIiwKICAgICAgICAgICAgICAgICJlbGFzdGljbG9hZGJhbGFuY2luZzpTZXRJcEFkZHJlc3NUeXBlIiwKICAgICAgICAgICAgICAgICJlbGFzdGljbG9hZGJhbGFuY2luZzpTZXRTZWN1cml0eUdyb3VwcyIsCiAgICAgICAgICAgICAgICAiZWxhc3RpY2xvYWRiYWxhbmNpbmc6U2V0U3VibmV0cyIsCiAgICAgICAgICAgICAgICAiZWxhc3RpY2xvYWRiYWxhbmNpbmc6RGVsZXRlTG9hZEJhbGFuY2VyIiwKICAgICAgICAgICAgICAgICJlbGFzdGljbG9hZGJhbGFuY2luZzpNb2RpZnlUYXJnZXRHcm91cCIsCiAgICAgICAgICAgICAgICAiZWxhc3RpY2xvYWRiYWxhbmNpbmc6TW9kaWZ5VGFyZ2V0R3JvdXBBdHRyaWJ1dGVzIiwKICAgICAgICAgICAgICAgICJlbGFzdGljbG9hZGJhbGFuY2luZzpEZWxldGVUYXJnZXRHcm91cCIKICAgICAgICAgICAgXSwKICAgICAgICAgICAgIlJlc291cmNlIjogIioiLAogICAgICAgICAgICAiQ29uZGl0aW9uIjogewogICAgICAgICAgICAgICAgIk51bGwiOiB7CiAgICAgICAgICAgICAgICAgICAgImF3czpSZXNvdXJjZVRhZy9lbGJ2Mi5rOHMuYXdzL2NsdXN0ZXIiOiAiZmFsc2UiCiAgICAgICAgICAgICAgICB9CiAgICAgICAgICAgIH0KICAgICAgICB9LAogICAgICAgIHsKICAgICAgICAgICAgIkVmZmVjdCI6ICJBbGxvdyIsCiAgICAgICAgICAgICJBY3Rpb24iOiBbCiAgICAgICAgICAgICAgICAiZWxhc3RpY2xvYWRiYWxhbmNpbmc6QWRkVGFncyIKICAgICAgICAgICAgXSwKICAgICAgICAgICAgIlJlc291cmNlIjogWwogICAgICAgICAgICAgICAgImFybjphd3M6ZWxhc3RpY2xvYWRiYWxhbmNpbmc6KjoqOnRhcmdldGdyb3VwLyovKiIsCiAgICAgICAgICAgICAgICAiYXJuOmF3czplbGFzdGljbG9hZGJhbGFuY2luZzoqOio6bG9hZGJhbGFuY2VyL25ldC8qLyoiLAogICAgICAgICAgICAgICAgImFybjphd3M6ZWxhc3RpY2xvYWRiYWxhbmNpbmc6KjoqOmxvYWRiYWxhbmNlci9hcHAvKi8qIgogICAgICAgICAgICBdLAogICAgICAgICAgICAiQ29uZGl0aW9uIjogewogICAgICAgICAgICAgICAgIlN0cmluZ0VxdWFscyI6IHsKICAgICAgICAgICAgICAgICAgICAiZWxhc3RpY2xvYWRiYWxhbmNpbmc6Q3JlYXRlQWN0aW9uIjogWwogICAgICAgICAgICAgICAgICAgICAgICAiQ3JlYXRlVGFyZ2V0R3JvdXAiLAogICAgICAgICAgICAgICAgICAgICAgICAiQ3JlYXRlTG9hZEJhbGFuY2VyIgogICAgICAgICAgICAgICAgICAgIF0KICAgICAgICAgICAgICAgIH0sCiAgICAgICAgICAgICAgICAiTnVsbCI6IHsKICAgICAgICAgICAgICAgICAgICAiYXdzOlJlcXVlc3RUYWcvZWxidjIuazhzLmF3cy9jbHVzdGVyIjogImZhbHNlIgogICAgICAgICAgICAgICAgfQogICAgICAgICAgICB9CiAgICAgICAgfSwKICAgICAgICB7CiAgICAgICAgICAgICJFZmZlY3QiOiAiQWxsb3ciLAogICAgICAgICAgICAiQWN0aW9uIjogWwogICAgICAgICAgICAgICAgImVsYXN0aWNsb2FkYmFsYW5jaW5nOlJlZ2lzdGVyVGFyZ2V0cyIsCiAgICAgICAgICAgICAgICAiZWxhc3RpY2xvYWRiYWxhbmNpbmc6RGVyZWdpc3RlclRhcmdldHMiCiAgICAgICAgICAgIF0sCiAgICAgICAgICAgICJSZXNvdXJjZSI6ICJhcm46YXdzOmVsYXN0aWNsb2FkYmFsYW5jaW5nOio6Kjp0YXJnZXRncm91cC8qLyoiCiAgICAgICAgfSwKICAgICAgICB7CiAgICAgICAgICAgICJFZmZlY3QiOiAiQWxsb3ciLAogICAgICAgICAgICAiQWN0aW9uIjogWwogICAgICAgICAgICAgICAgImVsYXN0aWNsb2FkYmFsYW5jaW5nOlNldFdlYkFjbCIsCiAgICAgICAgICAgICAgICAiZWxhc3RpY2xvYWRiYWxhbmNpbmc6TW9kaWZ5TGlzdGVuZXIiLAogICAgICAgICAgICAgICAgImVsYXN0aWNsb2FkYmFsYW5jaW5nOkFkZExpc3RlbmVyQ2VydGlmaWNhdGVzIiwKICAgICAgICAgICAgICAgICJlbGFzdGljbG9hZGJhbGFuY2luZzpSZW1vdmVMaXN0ZW5lckNlcnRpZmljYXRlcyIsCiAgICAgICAgICAgICAgICAiZWxhc3RpY2xvYWRiYWxhbmNpbmc6TW9kaWZ5UnVsZSIKICAgICAgICAgICAgXSwKICAgICAgICAgICAgIlJlc291cmNlIjogIioiCiAgICAgICAgfQogICAgXQp9Cg==",
            "response_headers": {
              "Accept-Ranges": "bytes",
              "Access-Control-Allow-Origin": "*",
              "Cache-Control": "max-age=300",
              "Content-Security-Policy": "default-src 'none'; style-src 'unsafe-inline'; sandbox",
              "Content-Type": "text/plain; charset=utf-8",
              "Cross-Origin-Resource-Policy": "cross-origin",
              "Date": "Sun, 23 Jul 2023 15:31:53 GMT",
              "Etag": "W/\"2ecd472c6ec821711d9aa4330b7244fc55aa4c9c91a742474a82674a0c7e8730\"",
              "Expires": "Sun, 23 Jul 2023 15:36:53 GMT",
              "Source-Age": "0",
              "Strict-Transport-Security": "max-age=31536000",
              "Vary": "Authorization,Accept-Encoding,Origin",
              "Via": "1.1 varnish",
              "X-Cache": "HIT",
              "X-Cache-Hits": "1",
              "X-Content-Type-Options": "nosniff",
              "X-Fastly-Request-Id": "a1ae73c1b3e4b92f3a96d2540ae6eb5a5692e94a",
              "X-Frame-Options": "deny",
              "X-Github-Request-Id": "A790:4646:14BE6B6:18AEA76:64BD46B1",
              "X-Served-By": "cache-mrs10578-MRS",
              "X-Timer": "S1690126313.483562,VS0,VE148",
              "X-Xss-Protection": "1; mode=block"
            },
            "retry": null,
            "status_code": 200,
            "url": "https://raw.githubusercontent.com/kubernetes-sigs/aws-load-balancer-controller/main/docs/install/iam_policy.json"
          },
          "sensitive_attributes": []
        }
      ]
    },
    {
      "module": "module.ALB",
      "mode": "managed",
      "type": "aws_eks_identity_provider_config",
      "name": "my-oidc",
      "provider": "provider[\"registry.terraform.io/hashicorp/aws\"]",
      "instances": [
        {
          "schema_version": 0,
          "attributes": {
            "arn": "arn:aws:eks:eu-west-2:815919245801:identityproviderconfig/myapp-eks-cluster/oidc/task/8ac4c1b4-a178-4a6f-a757-99351b157dec",
            "cluster_name": "myapp-eks-cluster",
            "id": "myapp-eks-cluster:task",
            "oidc": [
              {
                "client_id": "sts.amazonaws.com",
                "groups_claim": "",
                "groups_prefix": "",
                "identity_provider_config_name": "task",
                "issuer_url": "https://oidc.eks.eu-west-2.amazonaws.com/id/0823A0DB6ECF396A19CC0D0EA11BB4B5",
                "required_claims": null,
                "username_claim": "",
                "username_prefix": ""
              }
            ],
            "status": "ACTIVE",
            "tags": null,
            "tags_all": {},
            "timeouts": null
          },
          "sensitive_attributes": [],
          "private": "eyJlMmJmYjczMC1lY2FhLTExZTYtOGY4OC0zNDM2M2JjN2M0YzAiOnsiY3JlYXRlIjoyNDAwMDAwMDAwMDAwLCJkZWxldGUiOjI0MDAwMDAwMDAwMDB9fQ==",
          "dependencies": [
            "module.EKS.module.eks.aws_cloudwatch_log_group.this",
            "module.EKS.module.eks.aws_eks_cluster.this",
            "module.EKS.module.eks.aws_iam_policy.cni_ipv6_policy",
            "module.EKS.module.eks.aws_iam_role.this",
            "module.EKS.module.eks.aws_iam_role_policy_attachment.this",
            "module.EKS.module.eks.aws_security_group.cluster",
            "module.EKS.module.eks.aws_security_group_rule.cluster",
            "module.EKS.module.eks.aws_security_group_rule.node",
            "module.EKS.module.eks.data.aws_partition.current",
            "module.EKS.module.eks.module.kms.aws_kms_external_key.this",
            "module.EKS.module.eks.module.kms.aws_kms_key.this",
            "module.VPC.module.vpc.aws_subnet.private"
          ]
        }
      ]
    },
    {
      "module": "module.ALB",
      "mode": "managed",
      "type": "aws_iam_policy",
      "name": "lbc_iam_policy",
      "provider": "provider[\"registry.terraform.io/hashicorp/aws\"]",
      "instances": [
        {
          "schema_version": 0,
          "attributes": {
            "arn": "arn:aws:iam::815919245801:policy/load-balancer-controller-iam-policy",
            "description": "AWS Load Balancer Controller IAM Policy",
            "id": "arn:aws:iam::815919245801:policy/load-balancer-controller-iam-policy",
            "name": "load-balancer-controller-iam-policy",
            "name_prefix": "",
            "path": "/",
            "policy": "{\"Statement\":[{\"Action\":[\"iam:CreateServiceLinkedRole\"],\"Condition\":{\"StringEquals\":{\"iam:AWSServiceName\":\"elasticloadbalancing.amazonaws.com\"}},\"Effect\":\"Allow\",\"Resource\":\"*\"},{\"Action\":[\"ec2:DescribeAccountAttributes\",\"ec2:DescribeAddresses\",\"ec2:DescribeAvailabilityZones\",\"ec2:DescribeInternetGateways\",\"ec2:DescribeVpcs\",\"ec2:DescribeVpcPeeringConnections\",\"ec2:DescribeSubnets\",\"ec2:DescribeSecurityGroups\",\"ec2:DescribeInstances\",\"ec2:DescribeNetworkInterfaces\",\"ec2:DescribeTags\",\"ec2:GetCoipPoolUsage\",\"ec2:DescribeCoipPools\",\"elasticloadbalancing:DescribeLoadBalancers\",\"elasticloadbalancing:DescribeLoadBalancerAttributes\",\"elasticloadbalancing:DescribeListeners\",\"elasticloadbalancing:DescribeListenerCertificates\",\"elasticloadbalancing:DescribeSSLPolicies\",\"elasticloadbalancing:DescribeRules\",\"elasticloadbalancing:DescribeTargetGroups\",\"elasticloadbalancing:DescribeTargetGroupAttributes\",\"elasticloadbalancing:DescribeTargetHealth\",\"elasticloadbalancing:DescribeTags\"],\"Effect\":\"Allow\",\"Resource\":\"*\"},{\"Action\":[\"cognito-idp:DescribeUserPoolClient\",\"acm:ListCertificates\",\"acm:DescribeCertificate\",\"iam:ListServerCertificates\",\"iam:GetServerCertificate\",\"waf-regional:GetWebACL\",\"waf-regional:GetWebACLForResource\",\"waf-regional:AssociateWebACL\",\"waf-regional:DisassociateWebACL\",\"wafv2:GetWebACL\",\"wafv2:GetWebACLForResource\",\"wafv2:AssociateWebACL\",\"wafv2:DisassociateWebACL\",\"shield:GetSubscriptionState\",\"shield:DescribeProtection\",\"shield:CreateProtection\",\"shield:DeleteProtection\"],\"Effect\":\"Allow\",\"Resource\":\"*\"},{\"Action\":[\"ec2:AuthorizeSecurityGroupIngress\",\"ec2:RevokeSecurityGroupIngress\"],\"Effect\":\"Allow\",\"Resource\":\"*\"},{\"Action\":[\"ec2:CreateSecurityGroup\"],\"Effect\":\"Allow\",\"Resource\":\"*\"},{\"Action\":[\"ec2:CreateTags\"],\"Condition\":{\"Null\":{\"aws:RequestTag/elbv2.k8s.aws/cluster\":\"false\"},\"StringEquals\":{\"ec2:CreateAction\":\"CreateSecurityGroup\"}},\"Effect\":\"Allow\",\"Resource\":\"arn:aws:ec2:*:*:security-group/*\"},{\"Action\":[\"ec2:CreateTags\",\"ec2:DeleteTags\"],\"Condition\":{\"Null\":{\"aws:RequestTag/elbv2.k8s.aws/cluster\":\"true\",\"aws:ResourceTag/elbv2.k8s.aws/cluster\":\"false\"}},\"Effect\":\"Allow\",\"Resource\":\"arn:aws:ec2:*:*:security-group/*\"},{\"Action\":[\"ec2:AuthorizeSecurityGroupIngress\",\"ec2:RevokeSecurityGroupIngress\",\"ec2:DeleteSecurityGroup\"],\"Condition\":{\"Null\":{\"aws:ResourceTag/elbv2.k8s.aws/cluster\":\"false\"}},\"Effect\":\"Allow\",\"Resource\":\"*\"},{\"Action\":[\"elasticloadbalancing:CreateLoadBalancer\",\"elasticloadbalancing:CreateTargetGroup\"],\"Condition\":{\"Null\":{\"aws:RequestTag/elbv2.k8s.aws/cluster\":\"false\"}},\"Effect\":\"Allow\",\"Resource\":\"*\"},{\"Action\":[\"elasticloadbalancing:CreateListener\",\"elasticloadbalancing:DeleteListener\",\"elasticloadbalancing:CreateRule\",\"elasticloadbalancing:DeleteRule\"],\"Effect\":\"Allow\",\"Resource\":\"*\"},{\"Action\":[\"elasticloadbalancing:AddTags\",\"elasticloadbalancing:RemoveTags\"],\"Condition\":{\"Null\":{\"aws:RequestTag/elbv2.k8s.aws/cluster\":\"true\",\"aws:ResourceTag/elbv2.k8s.aws/cluster\":\"false\"}},\"Effect\":\"Allow\",\"Resource\":[\"arn:aws:elasticloadbalancing:*:*:targetgroup/*/*\",\"arn:aws:elasticloadbalancing:*:*:loadbalancer/net/*/*\",\"arn:aws:elasticloadbalancing:*:*:loadbalancer/app/*/*\"]},{\"Action\":[\"elasticloadbalancing:AddTags\",\"elasticloadbalancing:RemoveTags\"],\"Effect\":\"Allow\",\"Resource\":[\"arn:aws:elasticloadbalancing:*:*:listener/net/*/*/*\",\"arn:aws:elasticloadbalancing:*:*:listener/app/*/*/*\",\"arn:aws:elasticloadbalancing:*:*:listener-rule/net/*/*/*\",\"arn:aws:elasticloadbalancing:*:*:listener-rule/app/*/*/*\"]},{\"Action\":[\"elasticloadbalancing:ModifyLoadBalancerAttributes\",\"elasticloadbalancing:SetIpAddressType\",\"elasticloadbalancing:SetSecurityGroups\",\"elasticloadbalancing:SetSubnets\",\"elasticloadbalancing:DeleteLoadBalancer\",\"elasticloadbalancing:ModifyTargetGroup\",\"elasticloadbalancing:ModifyTargetGroupAttributes\",\"elasticloadbalancing:DeleteTargetGroup\"],\"Condition\":{\"Null\":{\"aws:ResourceTag/elbv2.k8s.aws/cluster\":\"false\"}},\"Effect\":\"Allow\",\"Resource\":\"*\"},{\"Action\":[\"elasticloadbalancing:AddTags\"],\"Condition\":{\"Null\":{\"aws:RequestTag/elbv2.k8s.aws/cluster\":\"false\"},\"StringEquals\":{\"elasticloadbalancing:CreateAction\":[\"CreateTargetGroup\",\"CreateLoadBalancer\"]}},\"Effect\":\"Allow\",\"Resource\":[\"arn:aws:elasticloadbalancing:*:*:targetgroup/*/*\",\"arn:aws:elasticloadbalancing:*:*:loadbalancer/net/*/*\",\"arn:aws:elasticloadbalancing:*:*:loadbalancer/app/*/*\"]},{\"Action\":[\"elasticloadbalancing:RegisterTargets\",\"elasticloadbalancing:DeregisterTargets\"],\"Effect\":\"Allow\",\"Resource\":\"arn:aws:elasticloadbalancing:*:*:targetgroup/*/*\"},{\"Action\":[\"elasticloadbalancing:SetWebAcl\",\"elasticloadbalancing:ModifyListener\",\"elasticloadbalancing:AddListenerCertificates\",\"elasticloadbalancing:RemoveListenerCertificates\",\"elasticloadbalancing:ModifyRule\"],\"Effect\":\"Allow\",\"Resource\":\"*\"}],\"Version\":\"2012-10-17\"}",
            "policy_id": "ANPA336ETVHU7A5R4VSXY",
            "tags": {},
            "tags_all": {}
          },
          "sensitive_attributes": [],
          "private": "bnVsbA==",
          "dependencies": [
            "module.ALB.data.http.lbc_iam_policy"
          ]
        }
      ]
    },
    {
      "module": "module.ALB",
      "mode": "managed",
      "type": "aws_iam_role",
      "name": "lbc_iam_role",
      "provider": "provider[\"registry.terraform.io/hashicorp/aws\"]",
      "instances": [
        {
          "schema_version": 0,
          "attributes": {
            "arn": "arn:aws:iam::815919245801:role/load-balancer-role-terraform",
            "assume_role_policy": "{\"Statement\":[{\"Action\":\"sts:AssumeRoleWithWebIdentity\",\"Condition\":{\"StringEquals\":{\"oidc.eks.eu-west-2.amazonaws.com/id/0823A0DB6ECF396A19CC0D0EA11BB4B5:aud\":\"sts.amazonaws.com\",\"oidc.eks.eu-west-2.amazonaws.com/id/0823A0DB6ECF396A19CC0D0EA11BB4B5:sub\":\"system:serviceaccount:kube-system:aws-load-balancer-controller-sa\"}},\"Effect\":\"Allow\",\"Principal\":{\"Federated\":\"arn:aws:iam::815919245801:oidc-provider/oidc.eks.eu-west-2.amazonaws.com/id/0823A0DB6ECF396A19CC0D0EA11BB4B5\"}}],\"Version\":\"2012-10-17\"}",
            "create_date": "2023-07-23T15:41:01Z",
            "description": "",
            "force_detach_policies": false,
            "id": "load-balancer-role-terraform",
            "inline_policy": [],
            "managed_policy_arns": [],
            "max_session_duration": 3600,
            "name": "load-balancer-role-terraform",
            "name_prefix": "",
            "path": "/",
            "permissions_boundary": null,
            "role_last_used": [
              {
                "last_used_date": "",
                "region": ""
              }
            ],
            "tags": {
              "tag-key": "AWSLoadBalancerControllerIAMPolicy"
            },
            "tags_all": {
              "tag-key": "AWSLoadBalancerControllerIAMPolicy"
            },
            "unique_id": "AROA336ETVHUR22V5UT3J"
          },
          "sensitive_attributes": [],
          "private": "bnVsbA==",
          "dependencies": [
            "module.ALB.data.aws_caller_identity.current",
            "module.EKS.module.eks.aws_cloudwatch_log_group.this",
            "module.EKS.module.eks.aws_eks_cluster.this",
            "module.EKS.module.eks.aws_iam_policy.cni_ipv6_policy",
            "module.EKS.module.eks.aws_iam_role.this",
            "module.EKS.module.eks.aws_iam_role_policy_attachment.this",
            "module.EKS.module.eks.aws_security_group.cluster",
            "module.EKS.module.eks.aws_security_group_rule.cluster",
            "module.EKS.module.eks.aws_security_group_rule.node",
            "module.EKS.module.eks.data.aws_partition.current",
            "module.EKS.module.eks.module.kms.aws_kms_external_key.this",
            "module.EKS.module.eks.module.kms.aws_kms_key.this",
            "module.VPC.module.vpc.aws_subnet.private"
          ]
        }
      ]
    },
    {
      "module": "module.ALB",
      "mode": "managed",
      "type": "aws_iam_role_policy_attachment",
      "name": "lbc_iam_role_policy_attach",
      "provider": "provider[\"registry.terraform.io/hashicorp/aws\"]",
      "instances": [
        {
          "schema_version": 0,
          "attributes": {
            "id": "load-balancer-role-terraform-20230723154102673400000002",
            "policy_arn": "arn:aws:iam::815919245801:policy/load-balancer-controller-iam-policy",
            "role": "load-balancer-role-terraform"
          },
          "sensitive_attributes": [],
          "private": "bnVsbA==",
          "dependencies": [
            "module.ALB.aws_iam_policy.lbc_iam_policy",
            "module.ALB.aws_iam_role.lbc_iam_role",
            "module.ALB.data.aws_caller_identity.current",
            "module.EKS.module.eks.aws_cloudwatch_log_group.this",
            "module.EKS.module.eks.aws_eks_cluster.this",
            "module.EKS.module.eks.aws_iam_policy.cni_ipv6_policy",
            "module.EKS.module.eks.aws_iam_role.this",
            "module.EKS.module.eks.aws_iam_role_policy_attachment.this",
            "module.EKS.module.eks.aws_security_group.cluster",
            "module.EKS.module.eks.aws_security_group_rule.cluster",
            "module.EKS.module.eks.aws_security_group_rule.node",
            "module.EKS.module.eks.data.aws_partition.current",
            "module.EKS.module.eks.module.kms.aws_kms_external_key.this",
            "module.EKS.module.eks.module.kms.aws_kms_key.this",
            "module.VPC.module.vpc.aws_subnet.private"
          ]
        }
      ]
    },
    {
      "module": "module.ALB",
      "mode": "managed",
      "type": "helm_release",
      "name": "loadbalancer_controller",
      "provider": "module.ALB.provider[\"registry.terraform.io/hashicorp/helm\"]",
      "instances": [
        {
          "schema_version": 1,
          "attributes": {
            "atomic": false,
            "chart": "aws-load-balancer-controller",
            "cleanup_on_fail": false,
            "create_namespace": false,
            "dependency_update": false,
            "description": null,
            "devel": null,
            "disable_crd_hooks": false,
            "disable_openapi_validation": false,
            "disable_webhooks": false,
            "force_update": false,
            "id": "aws-load-balancer-controller",
            "keyring": null,
            "lint": false,
            "manifest": null,
            "max_history": 0,
            "metadata": [
              {
                "app_version": "v2.5.4",
                "chart": "aws-load-balancer-controller",
                "name": "aws-load-balancer-controller",
                "namespace": "kube-system",
                "revision": 1,
                "values": "{\"clusterName\":\"myapp-eks-cluster\",\"image\":{\"tag\":\"v2.5.1\"},\"region\":\"eu-west-2\",\"serviceAccount\":{\"annotations\":{\"eks.amazonaws.com/role-arn\":\"arn:aws:iam::815919245801:role/load-balancer-role-terraform\"},\"create\":true,\"name\":\"aws-load-balancer-controller-sa\"},\"vpcId\":\"vpc-014405edb9c38152b\"}",
                "version": "1.5.5"
              }
            ],
            "name": "aws-load-balancer-controller",
            "namespace": "kube-system",
            "pass_credentials": false,
            "postrender": [],
            "recreate_pods": false,
            "render_subchart_notes": true,
            "replace": false,
            "repository": "https://aws.github.io/eks-charts",
            "repository_ca_file": null,
            "repository_cert_file": null,
            "repository_key_file": null,
            "repository_password": null,
            "repository_username": null,
            "reset_values": false,
            "reuse_values": false,
            "set": [
              {
                "name": "clusterName",
                "type": "",
                "value": "myapp-eks-cluster"
              },
              {
                "name": "image.tag",
                "type": "",
                "value": "v2.5.1"
              },
              {
                "name": "region",
                "type": "",
                "value": "eu-west-2"
              },
              {
                "name": "serviceAccount.annotations.eks\\.amazonaws\\.com/role-arn",
                "type": "",
                "value": "arn:aws:iam::815919245801:role/load-balancer-role-terraform"
              },
              {
                "name": "serviceAccount.create",
                "type": "",
                "value": "true"
              },
              {
                "name": "serviceAccount.name",
                "type": "",
                "value": "aws-load-balancer-controller-sa"
              },
              {
                "name": "vpcId",
                "type": "",
                "value": "vpc-014405edb9c38152b"
              }
            ],
            "set_list": [],
            "set_sensitive": [],
            "skip_crds": false,
            "status": "deployed",
            "timeout": 300,
            "values": null,
            "verify": false,
            "version": "1.5.5",
            "wait": true,
            "wait_for_jobs": false
          },
          "sensitive_attributes": [],
          "private": "eyJzY2hlbWFfdmVyc2lvbiI6IjEifQ==",
          "dependencies": [
            "module.ALB.aws_iam_role.lbc_iam_role",
            "module.ALB.data.aws_caller_identity.current",
            "module.EKS.module.eks.aws_cloudwatch_log_group.this",
            "module.EKS.module.eks.aws_eks_cluster.this",
            "module.EKS.module.eks.aws_iam_policy.cni_ipv6_policy",
            "module.EKS.module.eks.aws_iam_role.this",
            "module.EKS.module.eks.aws_iam_role_policy_attachment.this",
            "module.EKS.module.eks.aws_security_group.cluster",
            "module.EKS.module.eks.aws_security_group_rule.cluster",
            "module.EKS.module.eks.aws_security_group_rule.node",
            "module.EKS.module.eks.data.aws_partition.current",
            "module.EKS.module.eks.module.kms.aws_kms_external_key.this",
            "module.EKS.module.eks.module.kms.aws_kms_key.this",
            "module.VPC.module.vpc.aws_subnet.private",
            "module.VPC.module.vpc.aws_vpc.this"
          ]
        }
      ]
    },
    {
      "module": "module.EKS.module.eks",
      "mode": "data",
      "type": "aws_caller_identity",
      "name": "current",
      "provider": "provider[\"registry.terraform.io/hashicorp/aws\"]",
      "instances": [
        {
          "schema_version": 0,
          "attributes": {
            "account_id": "815919245801",
            "arn": "arn:aws:iam::815919245801:user/admin",
            "id": "815919245801",
            "user_id": "AIDA336ETVHUQLFK5JG3C"
          },
          "sensitive_attributes": []
        }
      ]
    },
    {
      "module": "module.EKS.module.eks",
      "mode": "data",
      "type": "aws_eks_addon_version",
      "name": "this",
      "provider": "provider[\"registry.terraform.io/hashicorp/aws\"]",
      "instances": [
        {
          "index_key": "coredns",
          "schema_version": 0,
          "attributes": {
            "addon_name": "coredns",
            "id": "coredns",
            "kubernetes_version": "1.26",
            "most_recent": false,
            "version": "v1.9.3-eksbuild.2"
          },
          "sensitive_attributes": []
        },
        {
          "index_key": "kube-proxy",
          "schema_version": 0,
          "attributes": {
            "addon_name": "kube-proxy",
            "id": "kube-proxy",
            "kubernetes_version": "1.26",
            "most_recent": false,
            "version": "v1.26.2-eksbuild.1"
          },
          "sensitive_attributes": []
        },
        {
          "index_key": "vpc-cni",
          "schema_version": 0,
          "attributes": {
            "addon_name": "vpc-cni",
            "id": "vpc-cni",
            "kubernetes_version": "1.26",
            "most_recent": false,
            "version": "v1.12.5-eksbuild.2"
          },
          "sensitive_attributes": []
        }
      ]
    },
    {
      "module": "module.EKS.module.eks",
      "mode": "data",
      "type": "aws_iam_policy_document",
      "name": "assume_role_policy",
      "provider": "provider[\"registry.terraform.io/hashicorp/aws\"]",
      "instances": [
        {
          "index_key": 0,
          "schema_version": 0,
          "attributes": {
            "id": "1530481229",
            "json": "{\n  \"Version\": \"2012-10-17\",\n  \"Statement\": [\n    {\n      \"Sid\": \"EKSClusterAssumeRole\",\n      \"Effect\": \"Allow\",\n      \"Action\": \"sts:AssumeRole\",\n      \"Principal\": {\n        \"Service\": \"eks.amazonaws.com\"\n      }\n    }\n  ]\n}",
            "override_json": null,
            "override_policy_documents": null,
            "policy_id": null,
            "source_json": null,
            "source_policy_documents": null,
            "statement": [
              {
                "actions": [
                  "sts:AssumeRole"
                ],
                "condition": [],
                "effect": "Allow",
                "not_actions": [],
                "not_principals": [],
                "not_resources": [],
                "principals": [
                  {
                    "identifiers": [
                      "eks.amazonaws.com"
                    ],
                    "type": "Service"
                  }
                ],
                "resources": [],
                "sid": "EKSClusterAssumeRole"
              }
            ],
            "version": "2012-10-17"
          },
          "sensitive_attributes": []
        }
      ]
    },
    {
      "module": "module.EKS.module.eks",
      "mode": "data",
      "type": "aws_iam_session_context",
      "name": "current",
      "provider": "provider[\"registry.terraform.io/hashicorp/aws\"]",
      "instances": [
        {
          "schema_version": 0,
          "attributes": {
            "arn": "arn:aws:iam::815919245801:user/admin",
            "id": "arn:aws:iam::815919245801:user/admin",
            "issuer_arn": "arn:aws:iam::815919245801:user/admin",
            "issuer_id": "",
            "issuer_name": "",
            "session_name": ""
          },
          "sensitive_attributes": []
        }
      ]
    },
    {
      "module": "module.EKS.module.eks",
      "mode": "data",
      "type": "aws_partition",
      "name": "current",
      "provider": "provider[\"registry.terraform.io/hashicorp/aws\"]",
      "instances": [
        {
          "schema_version": 0,
          "attributes": {
            "dns_suffix": "amazonaws.com",
            "id": "aws",
            "partition": "aws",
            "reverse_dns_prefix": "com.amazonaws"
          },
          "sensitive_attributes": []
        }
      ]
    },
    {
      "module": "module.EKS.module.eks",
      "mode": "data",
      "type": "tls_certificate",
      "name": "this",
      "provider": "provider[\"registry.terraform.io/hashicorp/tls\"]",
      "instances": [
        {
          "index_key": 0,
          "schema_version": 0,
          "attributes": {
            "certificates": [
              {
                "cert_pem": "-----BEGIN CERTIFICATE-----\nMIIEdTCCA12gAwIBAgIJAKcOSkw0grd/MA0GCSqGSIb3DQEBCwUAMGgxCzAJBgNV\nBAYTAlVTMSUwIwYDVQQKExxTdGFyZmllbGQgVGVjaG5vbG9naWVzLCBJbmMuMTIw\nMAYDVQQLEylTdGFyZmllbGQgQ2xhc3MgMiBDZXJ0aWZpY2F0aW9uIEF1dGhvcml0\neTAeFw0wOTA5MDIwMDAwMDBaFw0zNDA2MjgxNzM5MTZaMIGYMQswCQYDVQQGEwJV\nUzEQMA4GA1UECBMHQXJpem9uYTETMBEGA1UEBxMKU2NvdHRzZGFsZTElMCMGA1UE\nChMcU3RhcmZpZWxkIFRlY2hub2xvZ2llcywgSW5jLjE7MDkGA1UEAxMyU3RhcmZp\nZWxkIFNlcnZpY2VzIFJvb3QgQ2VydGlmaWNhdGUgQXV0aG9yaXR5IC0gRzIwggEi\nMA0GCSqGSIb3DQEBAQUAA4IBDwAwggEKAoIBAQDVDDrEKvlO4vW+GZdfjohTsR8/\ny8+fIBNtKTrID30892t2OGPZNmCom15cAICyL1l/9of5JUOG52kbUpqQ4XHj2C0N\nTm/2yEnZtvMaVq4rtnQU68/7JuMauh2WLmo7WJSJR1b/JaCTcFOD2oR0FMNnngRo\nOt+OQFodSk7PQ5E751bWAHDLUu57fa4657wx+UX2wmDPE1kCK4DMNEffud6QZW0C\nzyyRpqbn3oUYSXxmTqM6bam17jQuug0DuDPfR+uxa40l2ZvOgdFFRjKWcIfeAg5J\nQ4W2bHO7ZOphQazJ1FTfhy/HIrImzJ9ZVGif/L4qL8RVHHVAYBeFAlU5i38FAgMB\nAAGjgfAwge0wDwYDVR0TAQH/BAUwAwEB/zAOBgNVHQ8BAf8EBAMCAYYwHQYDVR0O\nBBYEFJxfAN+qAdcwKziIorhtSpzyEZGDMB8GA1UdIwQYMBaAFL9ft9HO3R+G9FtV\nrNzXEMIOqYjnME8GCCsGAQUFBwEBBEMwQTAcBggrBgEFBQcwAYYQaHR0cDovL28u\nc3MyLnVzLzAhBggrBgEFBQcwAoYVaHR0cDovL3guc3MyLnVzL3guY2VyMCYGA1Ud\nHwQfMB0wG6AZoBeGFWh0dHA6Ly9zLnNzMi51cy9yLmNybDARBgNVHSAECjAIMAYG\nBFUdIAAwDQYJKoZIhvcNAQELBQADggEBACMd44pXyn3pF3lM8R5V/cxTbj5HD9/G\nVfKyBDbtgB9TxF00KGu+x1X8Z+rLP3+QsjPNG1gQggL4+C/1E2DUBc7xgQjB3ad1\nl08YuW3e95ORCLp+QCztweq7dp4zBncdDQh/U90bZKuCJ/Fp1U1ervShw3WnWEQt\n8jxwmKy6abaVd38PMV4s/KCHOkdp8Hlf9BRUpJVeEXgSYCfOn8J3/yNTd126/+pZ\n59vPr5KW7ySaNRB6nJHGDn2Z9j8Z3/VyVOEVqQdZe4O/Ui5GjLIAZHYcSNPYeehu\nVsyuLAOQ1xk4meTKCRlb/weWsKh/NEnfVqn3sF/tM+2MR7cwA130A4w=\n-----END CERTIFICATE-----\n",
                "is_ca": true,
                "issuer": "OU=Starfield Class 2 Certification Authority,O=Starfield Technologies\\, Inc.,C=US",
                "not_after": "2034-06-28T17:39:16Z",
                "not_before": "2009-09-02T00:00:00Z",
                "public_key_algorithm": "RSA",
                "serial_number": "12037640545166866303",
                "sha1_fingerprint": "9e99a48a9960b14926bb7f3b02e22da2b0ab7280",
                "signature_algorithm": "SHA256-RSA",
                "subject": "CN=Starfield Services Root Certificate Authority - G2,O=Starfield Technologies\\, Inc.,L=Scottsdale,ST=Arizona,C=US",
                "version": 3
              },
              {
                "cert_pem": "-----BEGIN CERTIFICATE-----\nMIIEkjCCA3qgAwIBAgITBn+USionzfP6wq4rAfkI7rnExjANBgkqhkiG9w0BAQsF\nADCBmDELMAkGA1UEBhMCVVMxEDAOBgNVBAgTB0FyaXpvbmExEzARBgNVBAcTClNj\nb3R0c2RhbGUxJTAjBgNVBAoTHFN0YXJmaWVsZCBUZWNobm9sb2dpZXMsIEluYy4x\nOzA5BgNVBAMTMlN0YXJmaWVsZCBTZXJ2aWNlcyBSb290IENlcnRpZmljYXRlIEF1\ndGhvcml0eSAtIEcyMB4XDTE1MDUyNTEyMDAwMFoXDTM3MTIzMTAxMDAwMFowOTEL\nMAkGA1UEBhMCVVMxDzANBgNVBAoTBkFtYXpvbjEZMBcGA1UEAxMQQW1hem9uIFJv\nb3QgQ0EgMTCCASIwDQYJKoZIhvcNAQEBBQADggEPADCCAQoCggEBALJ4gHHKeNXj\nca9HgFB0fW7Y14h29Jlo91ghYPl0hAEvrAIthtOgQ3pOsqTQNroBvo3bSMgHFzZM\n9O6II8c+6zf1tRn4SWiw3te5djgdYZ6k/oI2peVKVuRF4fn9tBb6dNqcmzU5L/qw\nIFAGbHrQgLKm+a/sRxmPUDgH3KKHOVj4utWp+UhnMJbulHheb4mjUcAwhmahRWa6\nVOujw5H5SNz/0egwLX0tdHA114gk957EWW67c4cX8jJGKLhD+rcdqsq08p8kDi1L\n93FcXmn/6pUCyziKrlA4b9v7LWIbxcceVOF34GfID5yHI9Y/QCB/IIDEgEw+OyQm\njgSubJrIqg0CAwEAAaOCATEwggEtMA8GA1UdEwEB/wQFMAMBAf8wDgYDVR0PAQH/\nBAQDAgGGMB0GA1UdDgQWBBSEGMyFNOy8DJSULghZnMeyEE4KCDAfBgNVHSMEGDAW\ngBScXwDfqgHXMCs4iKK4bUqc8hGRgzB4BggrBgEFBQcBAQRsMGowLgYIKwYBBQUH\nMAGGImh0dHA6Ly9vY3NwLnJvb3RnMi5hbWF6b250cnVzdC5jb20wOAYIKwYBBQUH\nMAKGLGh0dHA6Ly9jcnQucm9vdGcyLmFtYXpvbnRydXN0LmNvbS9yb290ZzIuY2Vy\nMD0GA1UdHwQ2MDQwMqAwoC6GLGh0dHA6Ly9jcmwucm9vdGcyLmFtYXpvbnRydXN0\nLmNvbS9yb290ZzIuY3JsMBEGA1UdIAQKMAgwBgYEVR0gADANBgkqhkiG9w0BAQsF\nAAOCAQEAYjdCXLwQtT6LLOkMm2xF4gcAevnFWAu5CIw+7bMlPLVvUOTNNWqnkzSW\nMiGpSESrnO09tKpzbeR/FoCJbM8oAxiDR3mjEH4wW6w7sGDgd9QIpuEdfF7Au/ma\neyKdpwAJfqxGF4PcnCZXmTA5YpaP7dreqsXMGz7KQ2hsVxa81Q4gLv7/wmpdLqBK\nbRRYh5TmOTFffHPLkIhqhBGWJ6bt2YFGpn6jcgAKUj6DiAdjd4lpFw85hdKrCEVN\n0FE6/V1dN2RMfjCyVSRCnTawXZwXgWHxyvkQAiSr6w10kY17RSlQOYiypok1JR4U\nakcjMS9cmvqtmg5iUaQqqcT5NJ0hGA==\n-----END CERTIFICATE-----\n",
                "is_ca": true,
                "issuer": "CN=Starfield Services Root Certificate Authority - G2,O=Starfield Technologies\\, Inc.,L=Scottsdale,ST=Arizona,C=US",
                "not_after": "2037-12-31T01:00:00Z",
                "not_before": "2015-05-25T12:00:00Z",
                "public_key_algorithm": "RSA",
                "serial_number": "144918191876577076464031512351042010504348870",
                "sha1_fingerprint": "06b25927c42a721631c1efd9431e648fa62e1e39",
                "signature_algorithm": "SHA256-RSA",
                "subject": "CN=Amazon Root CA 1,O=Amazon,C=US",
                "version": 3
              },
              {
                "cert_pem": "-----BEGIN CERTIFICATE-----\nMIIEXjCCA0agAwIBAgITB3MSSkvL1E7HtTvq8ZSELToPoTANBgkqhkiG9w0BAQsF\nADA5MQswCQYDVQQGEwJVUzEPMA0GA1UEChMGQW1hem9uMRkwFwYDVQQDExBBbWF6\nb24gUm9vdCBDQSAxMB4XDTIyMDgyMzIyMjUzMFoXDTMwMDgyMzIyMjUzMFowPDEL\nMAkGA1UEBhMCVVMxDzANBgNVBAoTBkFtYXpvbjEcMBoGA1UEAxMTQW1hem9uIFJT\nQSAyMDQ4IE0wMjCCASIwDQYJKoZIhvcNAQEBBQADggEPADCCAQoCggEBALtDGMZa\nqHneKei1by6+pUPPLljTB143Si6VpEWPc6mSkFhZb/6qrkZyoHlQLbDYnI2D7hD0\nsdzEqfnuAjIsuXQLG3A8TvX6V3oFNBFVe8NlLJHvBseKY88saLwufxkZVwk74g4n\nWlNMXzla9Y5F3wwRHwMVH443xGz6UtGSZSqQ94eFx5X7Tlqt8whi8qCaKdZ5rNak\n+r9nUThOeClqFd4oXych//Rc7Y0eX1KNWHYSI1Nk31mYgiK3JvH063g+K9tHA63Z\neTgKgndlh+WI+zv7i44HepRZjA1FYwYZ9Vv/9UkC5Yz8/yU65fgjaE+wVHM4e/Yy\nC2osrPWE7gJ+dXMCAwEAAaOCAVowggFWMBIGA1UdEwEB/wQIMAYBAf8CAQAwDgYD\nVR0PAQH/BAQDAgGGMB0GA1UdJQQWMBQGCCsGAQUFBwMBBggrBgEFBQcDAjAdBgNV\nHQ4EFgQUwDFSzVpQw4J8dHHOy+mc+XrrguIwHwYDVR0jBBgwFoAUhBjMhTTsvAyU\nlC4IWZzHshBOCggwewYIKwYBBQUHAQEEbzBtMC8GCCsGAQUFBzABhiNodHRwOi8v\nb2NzcC5yb290Y2ExLmFtYXpvbnRydXN0LmNvbTA6BggrBgEFBQcwAoYuaHR0cDov\nL2NydC5yb290Y2ExLmFtYXpvbnRydXN0LmNvbS9yb290Y2ExLmNlcjA/BgNVHR8E\nODA2MDSgMqAwhi5odHRwOi8vY3JsLnJvb3RjYTEuYW1hem9udHJ1c3QuY29tL3Jv\nb3RjYTEuY3JsMBMGA1UdIAQMMAowCAYGZ4EMAQIBMA0GCSqGSIb3DQEBCwUAA4IB\nAQAtTi6Fs0Azfi+iwm7jrz+CSxHH+uHl7Law3MQSXVtR8RV53PtR6r/6gNpqlzdo\nZq4FKbADi1v9Bun8RY8D51uedRfjsbeodizeBB8nXmeyD33Ep7VATj4ozcd31YFV\nfgRhvTSxNrrTlNpWkUk0m3BMPv8sg381HhA6uEYokE5q9uws/3YkKqRiEz3TsaWm\nJqIRZhMbgAfp7O7FUwFIb7UIspogZSKxPIWJpxiPo3TcBambbVtQOcNRWz5qCQdD\nslI2yayq0n2TXoHyNCLEH8rpsJRVILFsg0jc7BaFrMnF462+ajSehgj12IidNeRN\n4zl+EoNaWdpnWndvSpAEkq2P\n-----END CERTIFICATE-----\n",
                "is_ca": true,
                "issuer": "CN=Amazon Root CA 1,O=Amazon,C=US",
                "not_after": "2030-08-23T22:25:30Z",
                "not_before": "2022-08-23T22:25:30Z",
                "public_key_algorithm": "RSA",
                "serial_number": "166129353110899469622597955040406457904926625",
                "sha1_fingerprint": "414a2060b738c635cc7fc243e052615592830c53",
                "signature_algorithm": "SHA256-RSA",
                "subject": "CN=Amazon RSA 2048 M02,O=Amazon,C=US",
                "version": 3
              },
              {
                "cert_pem": "-----BEGIN CERTIFICATE-----\nMIIF6zCCBNOgAwIBAgIQCit9meIxTqjl8tIhUWovEjANBgkqhkiG9w0BAQsFADA8\nMQswCQYDVQQGEwJVUzEPMA0GA1UEChMGQW1hem9uMRwwGgYDVQQDExNBbWF6b24g\nUlNBIDIwNDggTTAyMB4XDTIzMDQxNTAwMDAwMFoXDTI0MDUxMzIzNTk1OVowKzEp\nMCcGA1UEAxMgb2lkYy5la3MuZXUtd2VzdC0yLmFtYXpvbmF3cy5jb20wggEiMA0G\nCSqGSIb3DQEBAQUAA4IBDwAwggEKAoIBAQC5ppVjxpNRSIMti9IjV9gmthwj680v\nOWLuZZ8VLHTPNMlE+GEm76a6fi5i10rGc6fwFQBr/axJVIyLhK8S91EMw+dZ254L\npww1B2U008rr8ezqmytkStDDWVepyx3pO9Ij24rNSZsfxZd4BznbbVd35NDFdI86\ndu+OEyOUgEdtiqIskhVzG/KJBlqkcivltWNU2zVMfkvT4yJ0jjz+PJ+Ar/UybB2h\n5P6P6yBT3OtsgOdPnRTvntK6euDU95/QM1wt88sUrnLg1w/uRgLB/RqlU4QG3PM5\n6ju/9CDqplkbGIvqyTm4kMmnGykNZRFyWG9fdviUaEVIZCd8oFutGgzlAgMBAAGj\nggL4MIIC9DAfBgNVHSMEGDAWgBTAMVLNWlDDgnx0cc7L6Zz5euuC4jAdBgNVHQ4E\nFgQU6yRlosGxTekbKFEsfOG69UoNQDIwKwYDVR0RBCQwIoIgb2lkYy5la3MuZXUt\nd2VzdC0yLmFtYXpvbmF3cy5jb20wDgYDVR0PAQH/BAQDAgWgMB0GA1UdJQQWMBQG\nCCsGAQUFBwMBBggrBgEFBQcDAjA7BgNVHR8ENDAyMDCgLqAshipodHRwOi8vY3Js\nLnIybTAyLmFtYXpvbnRydXN0LmNvbS9yMm0wMi5jcmwwEwYDVR0gBAwwCjAIBgZn\ngQwBAgEwdQYIKwYBBQUHAQEEaTBnMC0GCCsGAQUFBzABhiFodHRwOi8vb2NzcC5y\nMm0wMi5hbWF6b250cnVzdC5jb20wNgYIKwYBBQUHMAKGKmh0dHA6Ly9jcnQucjJt\nMDIuYW1hem9udHJ1c3QuY29tL3IybTAyLmNlcjAMBgNVHRMBAf8EAjAAMIIBfQYK\nKwYBBAHWeQIEAgSCAW0EggFpAWcAdgDuzdBk1dsazsVct520zROiModGfLzs3sNR\nSFlGcR+1mwAAAYeCR9E7AAAEAwBHMEUCIQCt47S1LLgmffd49zesG2lAmjN4LhIa\nyHgyFIQjetaH7gIgeigAYdtN10ZJglMwUzwYC4dKspypJFco31hOwvAujQgAdgBz\n2Z6JG0yWeKAgfUed5rLGHNBRXnEZKoxrgBB6wXdytQAAAYeCR9GkAAAEAwBHMEUC\nIAlgVWBADjqZSB+ZmYbkYm39oF1hk814fV6dITecM82cAiEA8bYtTv2DsazPYmsV\nTjuBqDCi7YoXQy1LIbNsayg0euUAdQBIsONr2qZHNA/lagL6nTDrHFIBy1bdLIHZ\nu7+rOdiEcwAAAYeCR9F0AAAEAwBGMEQCIBkCNwD4wKhY7D6XA3wlbKQxWDv9HQVb\nwpgmyY4lVhWTAiBCuzlis9WC5QPVx7T9ep76fjGB9i6R+ToYZPPPKEUITTANBgkq\nhkiG9w0BAQsFAAOCAQEAWVjIBGJk/R2dQ5PY1u6jGTSasmQeVhrcObOP/94c9ckS\nW6cnOhr9f2JVabP5dJ89xRVzDJWxXqLqWpED+2gFJqxzxBja6C31QlhiKtDj1BfJ\nMu82R7JxJ0XKaB9SfiYJNzjMZG/j1jDEpxq1H4uoHj/mAHTUB0eWa4Bvjevzp79r\niqSylySECQmIuw9HxhDMifBJrKDjTYsrpjrQn+NPdcAqT2xc6KZvABtRAI2/r5vZ\n4oGhs6cHHMElOH+f4jRYxe+475whx2EbBAK2JLAwl5XDRWgHXwbtpB0Xy6BvojKf\nG+MRoCTVIC8fJO0kZ/3sFhjDcs/Ns1qL8K558ZMvPQ==\n-----END CERTIFICATE-----\n",
                "is_ca": false,
                "issuer": "CN=Amazon RSA 2048 M02,O=Amazon,C=US",
                "not_after": "2024-05-13T23:59:59Z",
                "not_before": "2023-04-15T00:00:00Z",
                "public_key_algorithm": "RSA",
                "serial_number": "13518096215878698503304834760078667538",
                "sha1_fingerprint": "489ae8d9c7c05e9b0704768193172d67551be3b8",
                "signature_algorithm": "SHA256-RSA",
                "subject": "CN=oidc.eks.eu-west-2.amazonaws.com",
                "version": 3
              }
            ],
            "content": null,
            "id": "17bd96401642e610ba843d6cef08c95bfb79f46c",
            "url": "https://oidc.eks.eu-west-2.amazonaws.com/id/0823A0DB6ECF396A19CC0D0EA11BB4B5",
            "verify_chain": true
          },
          "sensitive_attributes": []
        }
      ]
    },
    {
      "module": "module.EKS.module.eks",
      "mode": "managed",
      "type": "aws_cloudwatch_log_group",
      "name": "this",
      "provider": "provider[\"registry.terraform.io/hashicorp/aws\"]",
      "instances": [
        {
          "index_key": 0,
          "schema_version": 0,
          "attributes": {
            "arn": "arn:aws:logs:eu-west-2:815919245801:log-group:/aws/eks/myapp-eks-cluster/cluster",
            "id": "/aws/eks/myapp-eks-cluster/cluster",
            "kms_key_id": "",
            "name": "/aws/eks/myapp-eks-cluster/cluster",
            "name_prefix": "",
            "retention_in_days": 90,
            "skip_destroy": false,
            "tags": {
              "Name": "/aws/eks/myapp-eks-cluster/cluster",
              "environment": "WidBot-task"
            },
            "tags_all": {
              "Name": "/aws/eks/myapp-eks-cluster/cluster",
              "environment": "WidBot-task"
            }
          },
          "sensitive_attributes": [],
          "private": "bnVsbA==",
          "create_before_destroy": true
        }
      ]
    },
    {
      "module": "module.EKS.module.eks",
      "mode": "managed",
      "type": "aws_ec2_tag",
      "name": "cluster_primary_security_group",
      "provider": "provider[\"registry.terraform.io/hashicorp/aws\"]",
      "instances": [
        {
          "index_key": "environment",
          "schema_version": 0,
          "attributes": {
            "id": "sg-0f860070e74b48a3f,environment",
            "key": "environment",
            "resource_id": "sg-0f860070e74b48a3f",
            "value": "WidBot-task"
          },
          "sensitive_attributes": [],
          "private": "bnVsbA==",
          "dependencies": [
            "module.EKS.module.eks.aws_cloudwatch_log_group.this",
            "module.EKS.module.eks.aws_eks_cluster.this",
            "module.EKS.module.eks.aws_iam_policy.cni_ipv6_policy",
            "module.EKS.module.eks.aws_iam_role.this",
            "module.EKS.module.eks.aws_iam_role_policy_attachment.this",
            "module.EKS.module.eks.aws_security_group.cluster",
            "module.EKS.module.eks.aws_security_group_rule.cluster",
            "module.EKS.module.eks.aws_security_group_rule.node",
            "module.EKS.module.eks.data.aws_partition.current",
            "module.EKS.module.eks.module.kms.aws_kms_external_key.this",
            "module.EKS.module.eks.module.kms.aws_kms_key.this",
            "module.VPC.module.vpc.aws_subnet.private"
          ]
        }
      ]
    },
    {
      "module": "module.EKS.module.eks",
      "mode": "managed",
      "type": "aws_eks_addon",
      "name": "this",
      "provider": "provider[\"registry.terraform.io/hashicorp/aws\"]",
      "instances": [
        {
          "index_key": "coredns",
          "schema_version": 0,
          "attributes": {
            "addon_name": "coredns",
            "addon_version": "v1.9.3-eksbuild.2",
            "arn": "arn:aws:eks:eu-west-2:815919245801:addon/myapp-eks-cluster/coredns/4cc4c1b5-fa96-c08b-39fc-620316ff420f",
            "cluster_name": "myapp-eks-cluster",
            "configuration_values": "",
            "created_at": "2023-07-23T15:43:57Z",
            "id": "myapp-eks-cluster:coredns",
            "modified_at": "2023-07-23T15:44:15Z",
            "preserve": null,
            "resolve_conflicts": "OVERWRITE",
            "service_account_role_arn": "",
            "tags": {
              "environment": "WidBot-task"
            },
            "tags_all": {
              "environment": "WidBot-task"
            },
            "timeouts": {
              "create": null,
              "delete": null,
              "update": null
            }
          },
          "sensitive_attributes": [],
          "private": "eyJlMmJmYjczMC1lY2FhLTExZTYtOGY4OC0zNDM2M2JjN2M0YzAiOnsiY3JlYXRlIjoxMjAwMDAwMDAwMDAwLCJkZWxldGUiOjI0MDAwMDAwMDAwMDAsInVwZGF0ZSI6MTIwMDAwMDAwMDAwMH19",
          "dependencies": [
            "module.EKS.module.eks.aws_cloudwatch_log_group.this",
            "module.EKS.module.eks.aws_eks_cluster.this",
            "module.EKS.module.eks.aws_iam_policy.cni_ipv6_policy",
            "module.EKS.module.eks.aws_iam_role.this",
            "module.EKS.module.eks.aws_iam_role_policy_attachment.this",
            "module.EKS.module.eks.aws_security_group.cluster",
            "module.EKS.module.eks.aws_security_group.node",
            "module.EKS.module.eks.aws_security_group_rule.cluster",
            "module.EKS.module.eks.aws_security_group_rule.node",
            "module.EKS.module.eks.data.aws_eks_addon_version.this",
            "module.EKS.module.eks.data.aws_partition.current",
            "module.EKS.module.eks.module.eks_managed_node_group.aws_autoscaling_schedule.this",
            "module.EKS.module.eks.module.eks_managed_node_group.aws_eks_node_group.this",
            "module.EKS.module.eks.module.eks_managed_node_group.aws_iam_role.this",
            "module.EKS.module.eks.module.eks_managed_node_group.aws_iam_role_policy_attachment.additional",
            "module.EKS.module.eks.module.eks_managed_node_group.aws_iam_role_policy_attachment.this",
            "module.EKS.module.eks.module.eks_managed_node_group.aws_launch_template.this",
            "module.EKS.module.eks.module.eks_managed_node_group.data.aws_caller_identity.current",
            "module.EKS.module.eks.module.eks_managed_node_group.data.aws_iam_policy_document.assume_role_policy",
            "module.EKS.module.eks.module.eks_managed_node_group.data.aws_partition.current",
            "module.EKS.module.eks.module.eks_managed_node_group.module.user_data.data.cloudinit_config.linux_eks_managed_node_group",
            "module.EKS.module.eks.module.fargate_profile.aws_eks_fargate_profile.this",
            "module.EKS.module.eks.module.fargate_profile.aws_iam_role.this",
            "module.EKS.module.eks.module.fargate_profile.aws_iam_role_policy_attachment.additional",
            "module.EKS.module.eks.module.fargate_profile.aws_iam_role_policy_attachment.this",
            "module.EKS.module.eks.module.fargate_profile.data.aws_caller_identity.current",
            "module.EKS.module.eks.module.fargate_profile.data.aws_iam_policy_document.assume_role_policy",
            "module.EKS.module.eks.module.fargate_profile.data.aws_partition.current",
            "module.EKS.module.eks.module.kms.aws_kms_external_key.this",
            "module.EKS.module.eks.module.kms.aws_kms_key.this",
            "module.EKS.module.eks.module.self_managed_node_group.aws_autoscaling_group.this",
            "module.EKS.module.eks.module.self_managed_node_group.aws_autoscaling_schedule.this",
            "module.EKS.module.eks.module.self_managed_node_group.aws_iam_instance_profile.this",
            "module.EKS.module.eks.module.self_managed_node_group.aws_iam_role.this",
            "module.EKS.module.eks.module.self_managed_node_group.aws_iam_role_policy_attachment.additional",
            "module.EKS.module.eks.module.self_managed_node_group.aws_iam_role_policy_attachment.this",
            "module.EKS.module.eks.module.self_managed_node_group.aws_launch_template.this",
            "module.EKS.module.eks.module.self_managed_node_group.data.aws_ami.eks_default",
            "module.EKS.module.eks.module.self_managed_node_group.data.aws_caller_identity.current",
            "module.EKS.module.eks.module.self_managed_node_group.data.aws_iam_policy_document.assume_role_policy",
            "module.EKS.module.eks.module.self_managed_node_group.data.aws_partition.current",
            "module.EKS.module.eks.module.self_managed_node_group.module.user_data.data.cloudinit_config.linux_eks_managed_node_group",
            "module.EKS.module.eks.time_sleep.this",
            "module.VPC.module.vpc.aws_subnet.private"
          ]
        },
        {
          "index_key": "kube-proxy",
          "schema_version": 0,
          "attributes": {
            "addon_name": "kube-proxy",
            "addon_version": "v1.26.2-eksbuild.1",
            "arn": "arn:aws:eks:eu-west-2:815919245801:addon/myapp-eks-cluster/kube-proxy/b6c4c1b5-fabc-5a77-7e3e-0cb8d1043bf6",
            "cluster_name": "myapp-eks-cluster",
            "configuration_values": "",
            "created_at": "2023-07-23T15:43:58Z",
            "id": "myapp-eks-cluster:kube-proxy",
            "modified_at": "2023-07-23T15:44:10Z",
            "preserve": null,
            "resolve_conflicts": "OVERWRITE",
            "service_account_role_arn": "",
            "tags": {
              "environment": "WidBot-task"
            },
            "tags_all": {
              "environment": "WidBot-task"
            },
            "timeouts": {
              "create": null,
              "delete": null,
              "update": null
            }
          },
          "sensitive_attributes": [],
          "private": "eyJlMmJmYjczMC1lY2FhLTExZTYtOGY4OC0zNDM2M2JjN2M0YzAiOnsiY3JlYXRlIjoxMjAwMDAwMDAwMDAwLCJkZWxldGUiOjI0MDAwMDAwMDAwMDAsInVwZGF0ZSI6MTIwMDAwMDAwMDAwMH19",
          "dependencies": [
            "module.EKS.module.eks.aws_cloudwatch_log_group.this",
            "module.EKS.module.eks.aws_eks_cluster.this",
            "module.EKS.module.eks.aws_iam_policy.cni_ipv6_policy",
            "module.EKS.module.eks.aws_iam_role.this",
            "module.EKS.module.eks.aws_iam_role_policy_attachment.this",
            "module.EKS.module.eks.aws_security_group.cluster",
            "module.EKS.module.eks.aws_security_group.node",
            "module.EKS.module.eks.aws_security_group_rule.cluster",
            "module.EKS.module.eks.aws_security_group_rule.node",
            "module.EKS.module.eks.data.aws_eks_addon_version.this",
            "module.EKS.module.eks.data.aws_partition.current",
            "module.EKS.module.eks.module.eks_managed_node_group.aws_autoscaling_schedule.this",
            "module.EKS.module.eks.module.eks_managed_node_group.aws_eks_node_group.this",
            "module.EKS.module.eks.module.eks_managed_node_group.aws_iam_role.this",
            "module.EKS.module.eks.module.eks_managed_node_group.aws_iam_role_policy_attachment.additional",
            "module.EKS.module.eks.module.eks_managed_node_group.aws_iam_role_policy_attachment.this",
            "module.EKS.module.eks.module.eks_managed_node_group.aws_launch_template.this",
            "module.EKS.module.eks.module.eks_managed_node_group.data.aws_caller_identity.current",
            "module.EKS.module.eks.module.eks_managed_node_group.data.aws_iam_policy_document.assume_role_policy",
            "module.EKS.module.eks.module.eks_managed_node_group.data.aws_partition.current",
            "module.EKS.module.eks.module.eks_managed_node_group.module.user_data.data.cloudinit_config.linux_eks_managed_node_group",
            "module.EKS.module.eks.module.fargate_profile.aws_eks_fargate_profile.this",
            "module.EKS.module.eks.module.fargate_profile.aws_iam_role.this",
            "module.EKS.module.eks.module.fargate_profile.aws_iam_role_policy_attachment.additional",
            "module.EKS.module.eks.module.fargate_profile.aws_iam_role_policy_attachment.this",
            "module.EKS.module.eks.module.fargate_profile.data.aws_caller_identity.current",
            "module.EKS.module.eks.module.fargate_profile.data.aws_iam_policy_document.assume_role_policy",
            "module.EKS.module.eks.module.fargate_profile.data.aws_partition.current",
            "module.EKS.module.eks.module.kms.aws_kms_external_key.this",
            "module.EKS.module.eks.module.kms.aws_kms_key.this",
            "module.EKS.module.eks.module.self_managed_node_group.aws_autoscaling_group.this",
            "module.EKS.module.eks.module.self_managed_node_group.aws_autoscaling_schedule.this",
            "module.EKS.module.eks.module.self_managed_node_group.aws_iam_instance_profile.this",
            "module.EKS.module.eks.module.self_managed_node_group.aws_iam_role.this",
            "module.EKS.module.eks.module.self_managed_node_group.aws_iam_role_policy_attachment.additional",
            "module.EKS.module.eks.module.self_managed_node_group.aws_iam_role_policy_attachment.this",
            "module.EKS.module.eks.module.self_managed_node_group.aws_launch_template.this",
            "module.EKS.module.eks.module.self_managed_node_group.data.aws_ami.eks_default",
            "module.EKS.module.eks.module.self_managed_node_group.data.aws_caller_identity.current",
            "module.EKS.module.eks.module.self_managed_node_group.data.aws_iam_policy_document.assume_role_policy",
            "module.EKS.module.eks.module.self_managed_node_group.data.aws_partition.current",
            "module.EKS.module.eks.module.self_managed_node_group.module.user_data.data.cloudinit_config.linux_eks_managed_node_group",
            "module.EKS.module.eks.time_sleep.this",
            "module.VPC.module.vpc.aws_subnet.private"
          ]
        },
        {
          "index_key": "vpc-cni",
          "schema_version": 0,
          "attributes": {
            "addon_name": "vpc-cni",
            "addon_version": "v1.12.5-eksbuild.2",
            "arn": "arn:aws:eks:eu-west-2:815919245801:addon/myapp-eks-cluster/vpc-cni/bec4c1b5-fa94-ec11-b51b-6c6a5f24618b",
            "cluster_name": "myapp-eks-cluster",
            "configuration_values": "",
            "created_at": "2023-07-23T15:43:58Z",
            "id": "myapp-eks-cluster:vpc-cni",
            "modified_at": "2023-07-23T15:44:40Z",
            "preserve": null,
            "resolve_conflicts": "OVERWRITE",
            "service_account_role_arn": "",
            "tags": {
              "environment": "WidBot-task"
            },
            "tags_all": {
              "environment": "WidBot-task"
            },
            "timeouts": {
              "create": null,
              "delete": null,
              "update": null
            }
          },
          "sensitive_attributes": [],
          "private": "eyJlMmJmYjczMC1lY2FhLTExZTYtOGY4OC0zNDM2M2JjN2M0YzAiOnsiY3JlYXRlIjoxMjAwMDAwMDAwMDAwLCJkZWxldGUiOjI0MDAwMDAwMDAwMDAsInVwZGF0ZSI6MTIwMDAwMDAwMDAwMH19",
          "dependencies": [
            "module.EKS.module.eks.aws_cloudwatch_log_group.this",
            "module.EKS.module.eks.aws_eks_cluster.this",
            "module.EKS.module.eks.aws_iam_policy.cni_ipv6_policy",
            "module.EKS.module.eks.aws_iam_role.this",
            "module.EKS.module.eks.aws_iam_role_policy_attachment.this",
            "module.EKS.module.eks.aws_security_group.cluster",
            "module.EKS.module.eks.aws_security_group.node",
            "module.EKS.module.eks.aws_security_group_rule.cluster",
            "module.EKS.module.eks.aws_security_group_rule.node",
            "module.EKS.module.eks.data.aws_eks_addon_version.this",
            "module.EKS.module.eks.data.aws_partition.current",
            "module.EKS.module.eks.module.eks_managed_node_group.aws_autoscaling_schedule.this",
            "module.EKS.module.eks.module.eks_managed_node_group.aws_eks_node_group.this",
            "module.EKS.module.eks.module.eks_managed_node_group.aws_iam_role.this",
            "module.EKS.module.eks.module.eks_managed_node_group.aws_iam_role_policy_attachment.additional",
            "module.EKS.module.eks.module.eks_managed_node_group.aws_iam_role_policy_attachment.this",
            "module.EKS.module.eks.module.eks_managed_node_group.aws_launch_template.this",
            "module.EKS.module.eks.module.eks_managed_node_group.data.aws_caller_identity.current",
            "module.EKS.module.eks.module.eks_managed_node_group.data.aws_iam_policy_document.assume_role_policy",
            "module.EKS.module.eks.module.eks_managed_node_group.data.aws_partition.current",
            "module.EKS.module.eks.module.eks_managed_node_group.module.user_data.data.cloudinit_config.linux_eks_managed_node_group",
            "module.EKS.module.eks.module.fargate_profile.aws_eks_fargate_profile.this",
            "module.EKS.module.eks.module.fargate_profile.aws_iam_role.this",
            "module.EKS.module.eks.module.fargate_profile.aws_iam_role_policy_attachment.additional",
            "module.EKS.module.eks.module.fargate_profile.aws_iam_role_policy_attachment.this",
            "module.EKS.module.eks.module.fargate_profile.data.aws_caller_identity.current",
            "module.EKS.module.eks.module.fargate_profile.data.aws_iam_policy_document.assume_role_policy",
            "module.EKS.module.eks.module.fargate_profile.data.aws_partition.current",
            "module.EKS.module.eks.module.kms.aws_kms_external_key.this",
            "module.EKS.module.eks.module.kms.aws_kms_key.this",
            "module.EKS.module.eks.module.self_managed_node_group.aws_autoscaling_group.this",
            "module.EKS.module.eks.module.self_managed_node_group.aws_autoscaling_schedule.this",
            "module.EKS.module.eks.module.self_managed_node_group.aws_iam_instance_profile.this",
            "module.EKS.module.eks.module.self_managed_node_group.aws_iam_role.this",
            "module.EKS.module.eks.module.self_managed_node_group.aws_iam_role_policy_attachment.additional",
            "module.EKS.module.eks.module.self_managed_node_group.aws_iam_role_policy_attachment.this",
            "module.EKS.module.eks.module.self_managed_node_group.aws_launch_template.this",
            "module.EKS.module.eks.module.self_managed_node_group.data.aws_ami.eks_default",
            "module.EKS.module.eks.module.self_managed_node_group.data.aws_caller_identity.current",
            "module.EKS.module.eks.module.self_managed_node_group.data.aws_iam_policy_document.assume_role_policy",
            "module.EKS.module.eks.module.self_managed_node_group.data.aws_partition.current",
            "module.EKS.module.eks.module.self_managed_node_group.module.user_data.data.cloudinit_config.linux_eks_managed_node_group",
            "module.EKS.module.eks.time_sleep.this",
            "module.VPC.module.vpc.aws_subnet.private"
          ]
        }
      ]
    },
    {
      "module": "module.EKS.module.eks",
      "mode": "managed",
      "type": "aws_eks_cluster",
      "name": "this",
      "provider": "provider[\"registry.terraform.io/hashicorp/aws\"]",
      "instances": [
        {
          "index_key": 0,
          "schema_version": 0,
          "attributes": {
            "arn": "arn:aws:eks:eu-west-2:815919245801:cluster/myapp-eks-cluster",
            "certificate_authority": [
              {
                "data": "LS0tLS1CRUdJTiBDRVJUSUZJQ0FURS0tLS0tCk1JSUMvakNDQWVhZ0F3SUJBZ0lCQURBTkJna3Foa2lHOXcwQkFRc0ZBREFWTVJNd0VRWURWUVFERXdwcmRXSmwKY201bGRHVnpNQjRYRFRJek1EY3lNekUxTXpZME9Gb1hEVE16TURjeU1ERTFNelkwT0Zvd0ZURVRNQkVHQTFVRQpBeE1LYTNWaVpYSnVaWFJsY3pDQ0FTSXdEUVlKS29aSWh2Y05BUUVCQlFBRGdnRVBBRENDQVFvQ2dnRUJBTUlCCmxnM3pQaFl1VGlaRjFYeGIyZlJLMlZwVVVoRWx0QlFMZm1HWDhYYkMzVUY3bWx1Z3BuNFhBbDZJaEJkcFZoOEwKZTJwZ25xM3dmRnJvb3VpUlg4U3ZJYXpVQVZYTXJ5N056NHpzQTFjK200VG8xKzdVS25ESGpBRXlLdnlwN20vYQpSbkhuZUNNaUU3UDdNR0NQYzM3bStWZUl2MENiNHJjb0J3czcvOU9RRHI2bXBCbW9HbUk4bTVlbGlJaGJTY3FOCjNFS1hxN0IrU0JUM2EwYUc3UmxyeVVDS3lXN2pocTJaUGJwam51V2MwaktsZVMrK1FGcHhlQkNhUER1NEtOZU0KQUpDYXR2ZnRPb0pQQUt1d3RiQk4xMTBaR3RoYmdvV1A5eWJuZDJxVUEvdUREL3pqRTRKZEtqQk9ycjI5bXlqeAplbFk0M28zS0VPTk9lMm8zWlpzQ0F3RUFBYU5aTUZjd0RnWURWUjBQQVFIL0JBUURBZ0trTUE4R0ExVWRFd0VCCi93UUZNQU1CQWY4d0hRWURWUjBPQkJZRUZEZzVlbWtlUnljWXlLZzdoZnpXNDhoU29Sd0lNQlVHQTFVZEVRUU8KTUF5Q0NtdDFZbVZ5Ym1WMFpYTXdEUVlKS29aSWh2Y05BUUVMQlFBRGdnRUJBQ3MrOXQ3YVNFSFJjSXliU1RGcwpWcHVyVkNCY3FwRW9XZnpyemZlMUF3clFYVEUxZ2paYlZpQXlIUU41VUpHamc1WFJNVE5OWGFnM1FFcHVWOXd6CnhvMWoyWStmeGd5SEFYeGRmT1NVem1HTXZEeEowdE1lNzdnSXcxOGFNQ2ljLzluR21XdEdqYVlhSXR6eFRHZnIKNWU0eHRCS1E2R0JucDY5ZGNKUy9xUnBESlFlKytxNDhqcmNXYnRxYllJUHJuU1o3WDBCaFU2ZVMyNGprVjdHYQpydUlFWGxiYUU5WnZnRzBUQnZQeGdYNVYzd0p0UG1NQi9OcXNLWHN5UlM1UXl5ZkNlMTRYaitIN3hxZ0tiZnlqCk9ZUHRmUWtUeEh0dmRWMDRncFBzZXpFZm1hR2ZRclNyMkZTMkZOTkJGUzNmMDdTMTl1Uk9BcUZTd0kyRmdzczcKUXE4PQotLS0tLUVORCBDRVJUSUZJQ0FURS0tLS0tCg=="
              }
            ],
            "cluster_id": null,
            "created_at": "2023-07-23 15:32:05.536 +0000 UTC",
            "enabled_cluster_log_types": [
              "api",
              "audit",
              "authenticator"
            ],
            "encryption_config": [
              {
                "provider": [
                  {
                    "key_arn": "arn:aws:kms:eu-west-2:815919245801:key/987bb3d8-2a92-4865-92b3-52c6a81802df"
                  }
                ],
                "resources": [
                  "secrets"
                ]
              }
            ],
            "endpoint": "https://0823A0DB6ECF396A19CC0D0EA11BB4B5.sk1.eu-west-2.eks.amazonaws.com",
            "id": "myapp-eks-cluster",
            "identity": [
              {
                "oidc": [
                  {
                    "issuer": "https://oidc.eks.eu-west-2.amazonaws.com/id/0823A0DB6ECF396A19CC0D0EA11BB4B5"
                  }
                ]
              }
            ],
            "kubernetes_network_config": [
              {
                "ip_family": "ipv4",
                "service_ipv4_cidr": "172.20.0.0/16",
                "service_ipv6_cidr": ""
              }
            ],
            "name": "myapp-eks-cluster",
            "outpost_config": [],
            "platform_version": "eks.4",
            "role_arn": "arn:aws:iam::815919245801:role/myapp-eks-cluster-cluster-20230723152650724900000002",
            "status": "ACTIVE",
            "tags": {
              "environment": "WidBot-task"
            },
            "tags_all": {
              "environment": "WidBot-task"
            },
            "timeouts": {
              "create": null,
              "delete": null,
              "update": null
            },
            "version": "1.26",
            "vpc_config": [
              {
                "cluster_security_group_id": "sg-0f860070e74b48a3f",
                "endpoint_private_access": true,
                "endpoint_public_access": true,
                "public_access_cidrs": [
                  "0.0.0.0/0"
                ],
                "security_group_ids": [
                  "sg-04b299cccfdea730f"
                ],
                "subnet_ids": [
                  "subnet-09f481bdc5cf891f8",
                  "subnet-0e5eb87c33b222cfd"
                ],
                "vpc_id": "vpc-014405edb9c38152b"
              }
            ]
          },
          "sensitive_attributes": [],
          "private": "eyJlMmJmYjczMC1lY2FhLTExZTYtOGY4OC0zNDM2M2JjN2M0YzAiOnsiY3JlYXRlIjoxODAwMDAwMDAwMDAwLCJkZWxldGUiOjkwMDAwMDAwMDAwMCwidXBkYXRlIjozNjAwMDAwMDAwMDAwfX0=",
          "dependencies": [
            "module.EKS.module.eks.aws_cloudwatch_log_group.this",
            "module.EKS.module.eks.aws_iam_policy.cni_ipv6_policy",
            "module.EKS.module.eks.aws_iam_role.this",
            "module.EKS.module.eks.aws_iam_role_policy_attachment.this",
            "module.EKS.module.eks.aws_security_group.cluster",
            "module.EKS.module.eks.aws_security_group_rule.cluster",
            "module.EKS.module.eks.aws_security_group_rule.node",
            "module.EKS.module.eks.data.aws_partition.current",
            "module.EKS.module.eks.module.kms.aws_kms_external_key.this",
            "module.EKS.module.eks.module.kms.aws_kms_key.this",
            "module.VPC.module.vpc.aws_subnet.private"
          ],
          "create_before_destroy": true
        }
      ]
    },
    {
      "module": "module.EKS.module.eks",
      "mode": "managed",
      "type": "aws_iam_openid_connect_provider",
      "name": "oidc_provider",
      "provider": "provider[\"registry.terraform.io/hashicorp/aws\"]",
      "instances": [
        {
          "index_key": 0,
          "schema_version": 0,
          "attributes": {
            "arn": "arn:aws:iam::815919245801:oidc-provider/oidc.eks.eu-west-2.amazonaws.com/id/0823A0DB6ECF396A19CC0D0EA11BB4B5",
            "client_id_list": [
              "sts.amazonaws.com"
            ],
            "id": "arn:aws:iam::815919245801:oidc-provider/oidc.eks.eu-west-2.amazonaws.com/id/0823A0DB6ECF396A19CC0D0EA11BB4B5",
            "tags": {
              "Name": "myapp-eks-cluster-eks-irsa",
              "environment": "WidBot-task"
            },
            "tags_all": {
              "Name": "myapp-eks-cluster-eks-irsa",
              "environment": "WidBot-task"
            },
            "thumbprint_list": [
              "9e99a48a9960b14926bb7f3b02e22da2b0ab7280",
              "06b25927c42a721631c1efd9431e648fa62e1e39",
              "414a2060b738c635cc7fc243e052615592830c53",
              "489ae8d9c7c05e9b0704768193172d67551be3b8"
            ],
            "url": "oidc.eks.eu-west-2.amazonaws.com/id/0823A0DB6ECF396A19CC0D0EA11BB4B5"
          },
          "sensitive_attributes": [],
          "private": "bnVsbA==",
          "dependencies": [
            "module.EKS.module.eks.aws_cloudwatch_log_group.this",
            "module.EKS.module.eks.aws_eks_cluster.this",
            "module.EKS.module.eks.aws_iam_policy.cni_ipv6_policy",
            "module.EKS.module.eks.aws_iam_role.this",
            "module.EKS.module.eks.aws_iam_role_policy_attachment.this",
            "module.EKS.module.eks.aws_security_group.cluster",
            "module.EKS.module.eks.aws_security_group_rule.cluster",
            "module.EKS.module.eks.aws_security_group_rule.node",
            "module.EKS.module.eks.data.aws_partition.current",
            "module.EKS.module.eks.data.tls_certificate.this",
            "module.EKS.module.eks.module.kms.aws_kms_external_key.this",
            "module.EKS.module.eks.module.kms.aws_kms_key.this",
            "module.VPC.module.vpc.aws_subnet.private"
          ]
        }
      ]
    },
    {
      "module": "module.EKS.module.eks",
      "mode": "managed",
      "type": "aws_iam_policy",
      "name": "cluster_encryption",
      "provider": "provider[\"registry.terraform.io/hashicorp/aws\"]",
      "instances": [
        {
          "index_key": 0,
          "schema_version": 0,
          "attributes": {
            "arn": "arn:aws:iam::815919245801:policy/myapp-eks-cluster-cluster-ClusterEncryption2023072315271511510000000a",
            "description": "Cluster encryption policy to allow cluster role to utilize CMK provided",
            "id": "arn:aws:iam::815919245801:policy/myapp-eks-cluster-cluster-ClusterEncryption2023072315271511510000000a",
            "name": "myapp-eks-cluster-cluster-ClusterEncryption2023072315271511510000000a",
            "name_prefix": "myapp-eks-cluster-cluster-ClusterEncryption",
            "path": "/",
            "policy": "{\"Statement\":[{\"Action\":[\"kms:Encrypt\",\"kms:Decrypt\",\"kms:ListGrants\",\"kms:DescribeKey\"],\"Effect\":\"Allow\",\"Resource\":\"arn:aws:kms:eu-west-2:815919245801:key/987bb3d8-2a92-4865-92b3-52c6a81802df\"}],\"Version\":\"2012-10-17\"}",
            "policy_id": "ANPA336ETVHUWM3P6CWWB",
            "tags": {
              "environment": "WidBot-task"
            },
            "tags_all": {
              "environment": "WidBot-task"
            }
          },
          "sensitive_attributes": [],
          "private": "bnVsbA==",
          "dependencies": [
            "module.EKS.module.eks.aws_iam_role.this",
            "module.EKS.module.eks.data.aws_caller_identity.current",
            "module.EKS.module.eks.data.aws_iam_policy_document.assume_role_policy",
            "module.EKS.module.eks.data.aws_iam_session_context.current",
            "module.EKS.module.eks.data.aws_partition.current",
            "module.EKS.module.eks.module.kms.aws_kms_external_key.this",
            "module.EKS.module.eks.module.kms.aws_kms_key.this",
            "module.EKS.module.eks.module.kms.data.aws_caller_identity.current",
            "module.EKS.module.eks.module.kms.data.aws_iam_policy_document.this",
            "module.EKS.module.eks.module.kms.data.aws_partition.current"
          ]
        }
      ]
    },
    {
      "module": "module.EKS.module.eks",
      "mode": "managed",
      "type": "aws_iam_role",
      "name": "this",
      "provider": "provider[\"registry.terraform.io/hashicorp/aws\"]",
      "instances": [
        {
          "index_key": 0,
          "schema_version": 0,
          "attributes": {
            "arn": "arn:aws:iam::815919245801:role/myapp-eks-cluster-cluster-20230723152650724900000002",
            "assume_role_policy": "{\"Statement\":[{\"Action\":\"sts:AssumeRole\",\"Effect\":\"Allow\",\"Principal\":{\"Service\":\"eks.amazonaws.com\"},\"Sid\":\"EKSClusterAssumeRole\"}],\"Version\":\"2012-10-17\"}",
            "create_date": "2023-07-23T15:26:51Z",
            "description": "",
            "force_detach_policies": true,
            "id": "myapp-eks-cluster-cluster-20230723152650724900000002",
            "inline_policy": [
              {
                "name": "myapp-eks-cluster-cluster",
                "policy": "{\"Version\":\"2012-10-17\",\"Statement\":[{\"Action\":[\"logs:CreateLogGroup\"],\"Effect\":\"Deny\",\"Resource\":\"*\"}]}"
              }
            ],
            "managed_policy_arns": [
              "arn:aws:iam::815919245801:policy/myapp-eks-cluster-cluster-ClusterEncryption2023072315271511510000000a",
              "arn:aws:iam::aws:policy/AmazonEKSClusterPolicy",
              "arn:aws:iam::aws:policy/AmazonEKSVPCResourceController"
            ],
            "max_session_duration": 3600,
            "name": "myapp-eks-cluster-cluster-20230723152650724900000002",
            "name_prefix": "myapp-eks-cluster-cluster-",
            "path": "/",
            "permissions_boundary": null,
            "role_last_used": [
              {
                "last_used_date": "",
                "region": ""
              }
            ],
            "tags": {
              "environment": "WidBot-task"
            },
            "tags_all": {
              "environment": "WidBot-task"
            },
            "unique_id": "AROA336ETVHUWPNJHS3PD"
          },
          "sensitive_attributes": [],
          "private": "bnVsbA==",
          "dependencies": [
            "module.EKS.module.eks.data.aws_iam_policy_document.assume_role_policy",
            "module.EKS.module.eks.data.aws_partition.current"
          ],
          "create_before_destroy": true
        }
      ]
    },
    {
      "module": "module.EKS.module.eks",
      "mode": "managed",
      "type": "aws_iam_role_policy_attachment",
      "name": "cluster_encryption",
      "provider": "provider[\"registry.terraform.io/hashicorp/aws\"]",
      "instances": [
        {
          "index_key": 0,
          "schema_version": 0,
          "attributes": {
            "id": "myapp-eks-cluster-cluster-20230723152650724900000002-2023072315271611430000000b",
            "policy_arn": "arn:aws:iam::815919245801:policy/myapp-eks-cluster-cluster-ClusterEncryption2023072315271511510000000a",
            "role": "myapp-eks-cluster-cluster-20230723152650724900000002"
          },
          "sensitive_attributes": [],
          "private": "bnVsbA==",
          "dependencies": [
            "module.EKS.module.eks.aws_iam_policy.cluster_encryption",
            "module.EKS.module.eks.aws_iam_role.this",
            "module.EKS.module.eks.data.aws_caller_identity.current",
            "module.EKS.module.eks.data.aws_iam_policy_document.assume_role_policy",
            "module.EKS.module.eks.data.aws_iam_session_context.current",
            "module.EKS.module.eks.data.aws_partition.current",
            "module.EKS.module.eks.module.kms.aws_kms_external_key.this",
            "module.EKS.module.eks.module.kms.aws_kms_key.this",
            "module.EKS.module.eks.module.kms.data.aws_caller_identity.current",
            "module.EKS.module.eks.module.kms.data.aws_iam_policy_document.this",
            "module.EKS.module.eks.module.kms.data.aws_partition.current"
          ]
        }
      ]
    },
    {
      "module": "module.EKS.module.eks",
      "mode": "managed",
      "type": "aws_iam_role_policy_attachment",
      "name": "this",
      "provider": "provider[\"registry.terraform.io/hashicorp/aws\"]",
      "instances": [
        {
          "index_key": "AmazonEKSClusterPolicy",
          "schema_version": 0,
          "attributes": {
            "id": "myapp-eks-cluster-cluster-20230723152650724900000002-20230723152653016700000007",
            "policy_arn": "arn:aws:iam::aws:policy/AmazonEKSClusterPolicy",
            "role": "myapp-eks-cluster-cluster-20230723152650724900000002"
          },
          "sensitive_attributes": [],
          "private": "bnVsbA==",
          "dependencies": [
            "module.EKS.module.eks.aws_iam_role.this",
            "module.EKS.module.eks.data.aws_iam_policy_document.assume_role_policy",
            "module.EKS.module.eks.data.aws_partition.current"
          ],
          "create_before_destroy": true
        },
        {
          "index_key": "AmazonEKSVPCResourceController",
          "schema_version": 0,
          "attributes": {
            "id": "myapp-eks-cluster-cluster-20230723152650724900000002-20230723152653005500000006",
            "policy_arn": "arn:aws:iam::aws:policy/AmazonEKSVPCResourceController",
            "role": "myapp-eks-cluster-cluster-20230723152650724900000002"
          },
          "sensitive_attributes": [],
          "private": "bnVsbA==",
          "dependencies": [
            "module.EKS.module.eks.aws_iam_role.this",
            "module.EKS.module.eks.data.aws_iam_policy_document.assume_role_policy",
            "module.EKS.module.eks.data.aws_partition.current"
          ],
          "create_before_destroy": true
        }
      ]
    },
    {
      "module": "module.EKS.module.eks",
      "mode": "managed",
      "type": "aws_security_group",
      "name": "cluster",
      "provider": "provider[\"registry.terraform.io/hashicorp/aws\"]",
      "instances": [
        {
          "index_key": 0,
          "schema_version": 1,
          "attributes": {
            "arn": "arn:aws:ec2:eu-west-2:815919245801:security-group/sg-04b299cccfdea730f",
            "description": "EKS cluster security group",
            "egress": [],
            "id": "sg-04b299cccfdea730f",
            "ingress": [
              {
                "cidr_blocks": [],
                "description": "Node groups to cluster API",
                "from_port": 443,
                "ipv6_cidr_blocks": [],
                "prefix_list_ids": [],
                "protocol": "tcp",
                "security_groups": [
                  "sg-090d0b774a242e731"
                ],
                "self": false,
                "to_port": 443
              }
            ],
            "name": "myapp-eks-cluster-cluster-20230723152705113300000008",
            "name_prefix": "myapp-eks-cluster-cluster-",
            "owner_id": "815919245801",
            "revoke_rules_on_delete": false,
            "tags": {
              "Name": "myapp-eks-cluster-cluster",
              "environment": "WidBot-task"
            },
            "tags_all": {
              "Name": "myapp-eks-cluster-cluster",
              "environment": "WidBot-task"
            },
            "timeouts": null,
            "vpc_id": "vpc-014405edb9c38152b"
          },
          "sensitive_attributes": [],
          "private": "eyJlMmJmYjczMC1lY2FhLTExZTYtOGY4OC0zNDM2M2JjN2M0YzAiOnsiY3JlYXRlIjo2MDAwMDAwMDAwMDAsImRlbGV0ZSI6OTAwMDAwMDAwMDAwfSwic2NoZW1hX3ZlcnNpb24iOiIxIn0=",
          "dependencies": [
            "module.VPC.module.vpc.aws_vpc.this"
          ],
          "create_before_destroy": true
        }
      ]
    },
    {
      "module": "module.EKS.module.eks",
      "mode": "managed",
      "type": "aws_security_group",
      "name": "node",
      "provider": "provider[\"registry.terraform.io/hashicorp/aws\"]",
      "instances": [
        {
          "index_key": 0,
          "schema_version": 1,
          "attributes": {
            "arn": "arn:aws:ec2:eu-west-2:815919245801:security-group/sg-090d0b774a242e731",
            "description": "EKS node shared security group",
            "egress": [
              {
                "cidr_blocks": [
                  "0.0.0.0/0"
                ],
                "description": "Allow all egress",
                "from_port": 0,
                "ipv6_cidr_blocks": [],
                "prefix_list_ids": [],
                "protocol": "-1",
                "security_groups": [],
                "self": false,
                "to_port": 0
              }
            ],
            "id": "sg-090d0b774a242e731",
            "ingress": [
              {
                "cidr_blocks": [],
                "description": "Cluster API to node 4443/tcp webhook",
                "from_port": 4443,
                "ipv6_cidr_blocks": [],
                "prefix_list_ids": [],
                "protocol": "tcp",
                "security_groups": [
                  "sg-04b299cccfdea730f"
                ],
                "self": false,
                "to_port": 4443
              },
              {
                "cidr_blocks": [],
                "description": "Cluster API to node 6443/tcp webhook",
                "from_port": 6443,
                "ipv6_cidr_blocks": [],
                "prefix_list_ids": [],
                "protocol": "tcp",
                "security_groups": [
                  "sg-04b299cccfdea730f"
                ],
                "self": false,
                "to_port": 6443
              },
              {
                "cidr_blocks": [],
                "description": "Cluster API to node 8443/tcp webhook",
                "from_port": 8443,
                "ipv6_cidr_blocks": [],
                "prefix_list_ids": [],
                "protocol": "tcp",
                "security_groups": [
                  "sg-04b299cccfdea730f"
                ],
                "self": false,
                "to_port": 8443
              },
              {
                "cidr_blocks": [],
                "description": "Cluster API to node 9443/tcp webhook",
                "from_port": 9443,
                "ipv6_cidr_blocks": [],
                "prefix_list_ids": [],
                "protocol": "tcp",
                "security_groups": [
                  "sg-04b299cccfdea730f"
                ],
                "self": false,
                "to_port": 9443
              },
              {
                "cidr_blocks": [],
                "description": "Cluster API to node groups",
                "from_port": 443,
                "ipv6_cidr_blocks": [],
                "prefix_list_ids": [],
                "protocol": "tcp",
                "security_groups": [
                  "sg-04b299cccfdea730f"
                ],
                "self": false,
                "to_port": 443
              },
              {
                "cidr_blocks": [],
                "description": "Cluster API to node kubelets",
                "from_port": 10250,
                "ipv6_cidr_blocks": [],
                "prefix_list_ids": [],
                "protocol": "tcp",
                "security_groups": [
                  "sg-04b299cccfdea730f"
                ],
                "self": false,
                "to_port": 10250
              },
              {
                "cidr_blocks": [],
                "description": "Node to node CoreDNS UDP",
                "from_port": 53,
                "ipv6_cidr_blocks": [],
                "prefix_list_ids": [],
                "protocol": "udp",
                "security_groups": [],
                "self": true,
                "to_port": 53
              },
              {
                "cidr_blocks": [],
                "description": "Node to node CoreDNS",
                "from_port": 53,
                "ipv6_cidr_blocks": [],
                "prefix_list_ids": [],
                "protocol": "tcp",
                "security_groups": [],
                "self": true,
                "to_port": 53
              },
              {
                "cidr_blocks": [],
                "description": "Node to node ingress on ephemeral ports",
                "from_port": 1025,
                "ipv6_cidr_blocks": [],
                "prefix_list_ids": [],
                "protocol": "tcp",
                "security_groups": [],
                "self": true,
                "to_port": 65535
              }
            ],
            "name": "myapp-eks-cluster-node-20230723152705174800000009",
            "name_prefix": "myapp-eks-cluster-node-",
            "owner_id": "815919245801",
            "revoke_rules_on_delete": false,
            "tags": {
              "Name": "myapp-eks-cluster-node",
              "environment": "WidBot-task",
              "kubernetes.io/cluster/myapp-eks-cluster": "owned"
            },
            "tags_all": {
              "Name": "myapp-eks-cluster-node",
              "environment": "WidBot-task",
              "kubernetes.io/cluster/myapp-eks-cluster": "owned"
            },
            "timeouts": null,
            "vpc_id": "vpc-014405edb9c38152b"
          },
          "sensitive_attributes": [],
          "private": "eyJlMmJmYjczMC1lY2FhLTExZTYtOGY4OC0zNDM2M2JjN2M0YzAiOnsiY3JlYXRlIjo2MDAwMDAwMDAwMDAsImRlbGV0ZSI6OTAwMDAwMDAwMDAwfSwic2NoZW1hX3ZlcnNpb24iOiIxIn0=",
          "dependencies": [
            "module.VPC.module.vpc.aws_vpc.this"
          ],
          "create_before_destroy": true
        }
      ]
    },
    {
      "module": "module.EKS.module.eks",
      "mode": "managed",
      "type": "aws_security_group_rule",
      "name": "cluster",
      "provider": "provider[\"registry.terraform.io/hashicorp/aws\"]",
      "instances": [
        {
          "index_key": "ingress_nodes_443",
          "schema_version": 2,
          "attributes": {
            "cidr_blocks": null,
            "description": "Node groups to cluster API",
            "from_port": 443,
            "id": "sgrule-318035048",
            "ipv6_cidr_blocks": null,
            "prefix_list_ids": null,
            "protocol": "tcp",
            "security_group_id": "sg-04b299cccfdea730f",
            "security_group_rule_id": "sgr-01ecec1f670c983c9",
            "self": false,
            "source_security_group_id": "sg-090d0b774a242e731",
            "timeouts": null,
            "to_port": 443,
            "type": "ingress"
          },
          "sensitive_attributes": [],
          "private": "eyJlMmJmYjczMC1lY2FhLTExZTYtOGY4OC0zNDM2M2JjN2M0YzAiOnsiY3JlYXRlIjozMDAwMDAwMDAwMDB9LCJzY2hlbWFfdmVyc2lvbiI6IjIifQ==",
          "dependencies": [
            "module.EKS.module.eks.aws_security_group.cluster",
            "module.EKS.module.eks.aws_security_group.node",
            "module.VPC.module.vpc.aws_vpc.this"
          ],
          "create_before_destroy": true
        }
      ]
    },
    {
      "module": "module.EKS.module.eks",
      "mode": "managed",
      "type": "aws_security_group_rule",
      "name": "node",
      "provider": "provider[\"registry.terraform.io/hashicorp/aws\"]",
      "instances": [
        {
          "index_key": "egress_all",
          "schema_version": 2,
          "attributes": {
            "cidr_blocks": [
              "0.0.0.0/0"
            ],
            "description": "Allow all egress",
            "from_port": 0,
            "id": "sgrule-513783409",
            "ipv6_cidr_blocks": null,
            "prefix_list_ids": [],
            "protocol": "-1",
            "security_group_id": "sg-090d0b774a242e731",
            "security_group_rule_id": "sgr-0ae3410d3a77c3864",
            "self": false,
            "source_security_group_id": null,
            "timeouts": null,
            "to_port": 0,
            "type": "egress"
          },
          "sensitive_attributes": [],
          "private": "eyJlMmJmYjczMC1lY2FhLTExZTYtOGY4OC0zNDM2M2JjN2M0YzAiOnsiY3JlYXRlIjozMDAwMDAwMDAwMDB9LCJzY2hlbWFfdmVyc2lvbiI6IjIifQ==",
          "dependencies": [
            "module.EKS.module.eks.aws_security_group.cluster",
            "module.EKS.module.eks.aws_security_group.node",
            "module.VPC.module.vpc.aws_vpc.this"
          ],
          "create_before_destroy": true
        },
        {
          "index_key": "ingress_cluster_443",
          "schema_version": 2,
          "attributes": {
            "cidr_blocks": null,
            "description": "Cluster API to node groups",
            "from_port": 443,
            "id": "sgrule-397316850",
            "ipv6_cidr_blocks": null,
            "prefix_list_ids": [],
            "protocol": "tcp",
            "security_group_id": "sg-090d0b774a242e731",
            "security_group_rule_id": "sgr-001ed83ed373f01d2",
            "self": false,
            "source_security_group_id": "sg-04b299cccfdea730f",
            "timeouts": null,
            "to_port": 443,
            "type": "ingress"
          },
          "sensitive_attributes": [],
          "private": "eyJlMmJmYjczMC1lY2FhLTExZTYtOGY4OC0zNDM2M2JjN2M0YzAiOnsiY3JlYXRlIjozMDAwMDAwMDAwMDB9LCJzY2hlbWFfdmVyc2lvbiI6IjIifQ==",
          "dependencies": [
            "module.EKS.module.eks.aws_security_group.cluster",
            "module.EKS.module.eks.aws_security_group.node",
            "module.VPC.module.vpc.aws_vpc.this"
          ],
          "create_before_destroy": true
        },
        {
          "index_key": "ingress_cluster_4443_webhook",
          "schema_version": 2,
          "attributes": {
            "cidr_blocks": null,
            "description": "Cluster API to node 4443/tcp webhook",
            "from_port": 4443,
            "id": "sgrule-1468283478",
            "ipv6_cidr_blocks": null,
            "prefix_list_ids": [],
            "protocol": "tcp",
            "security_group_id": "sg-090d0b774a242e731",
            "security_group_rule_id": "sgr-0c993a45053fe638c",
            "self": false,
            "source_security_group_id": "sg-04b299cccfdea730f",
            "timeouts": null,
            "to_port": 4443,
            "type": "ingress"
          },
          "sensitive_attributes": [],
          "private": "eyJlMmJmYjczMC1lY2FhLTExZTYtOGY4OC0zNDM2M2JjN2M0YzAiOnsiY3JlYXRlIjozMDAwMDAwMDAwMDB9LCJzY2hlbWFfdmVyc2lvbiI6IjIifQ==",
          "dependencies": [
            "module.EKS.module.eks.aws_security_group.cluster",
            "module.EKS.module.eks.aws_security_group.node",
            "module.VPC.module.vpc.aws_vpc.this"
          ],
          "create_before_destroy": true
        },
        {
          "index_key": "ingress_cluster_6443_webhook",
          "schema_version": 2,
          "attributes": {
            "cidr_blocks": null,
            "description": "Cluster API to node 6443/tcp webhook",
            "from_port": 6443,
            "id": "sgrule-1631167036",
            "ipv6_cidr_blocks": null,
            "prefix_list_ids": [],
            "protocol": "tcp",
            "security_group_id": "sg-090d0b774a242e731",
            "security_group_rule_id": "sgr-08f2d4464a0030665",
            "self": false,
            "source_security_group_id": "sg-04b299cccfdea730f",
            "timeouts": null,
            "to_port": 6443,
            "type": "ingress"
          },
          "sensitive_attributes": [],
          "private": "eyJlMmJmYjczMC1lY2FhLTExZTYtOGY4OC0zNDM2M2JjN2M0YzAiOnsiY3JlYXRlIjozMDAwMDAwMDAwMDB9LCJzY2hlbWFfdmVyc2lvbiI6IjIifQ==",
          "dependencies": [
            "module.EKS.module.eks.aws_security_group.cluster",
            "module.EKS.module.eks.aws_security_group.node",
            "module.VPC.module.vpc.aws_vpc.this"
          ],
          "create_before_destroy": true
        },
        {
          "index_key": "ingress_cluster_8443_webhook",
          "schema_version": 2,
          "attributes": {
            "cidr_blocks": null,
            "description": "Cluster API to node 8443/tcp webhook",
            "from_port": 8443,
            "id": "sgrule-1919262237",
            "ipv6_cidr_blocks": null,
            "prefix_list_ids": [],
            "protocol": "tcp",
            "security_group_id": "sg-090d0b774a242e731",
            "security_group_rule_id": "sgr-0c15ce70d03bb0cbf",
            "self": false,
            "source_security_group_id": "sg-04b299cccfdea730f",
            "timeouts": null,
            "to_port": 8443,
            "type": "ingress"
          },
          "sensitive_attributes": [],
          "private": "eyJlMmJmYjczMC1lY2FhLTExZTYtOGY4OC0zNDM2M2JjN2M0YzAiOnsiY3JlYXRlIjozMDAwMDAwMDAwMDB9LCJzY2hlbWFfdmVyc2lvbiI6IjIifQ==",
          "dependencies": [
            "module.EKS.module.eks.aws_security_group.cluster",
            "module.EKS.module.eks.aws_security_group.node",
            "module.VPC.module.vpc.aws_vpc.this"
          ],
          "create_before_destroy": true
        },
        {
          "index_key": "ingress_cluster_9443_webhook",
          "schema_version": 2,
          "attributes": {
            "cidr_blocks": null,
            "description": "Cluster API to node 9443/tcp webhook",
            "from_port": 9443,
            "id": "sgrule-381988310",
            "ipv6_cidr_blocks": null,
            "prefix_list_ids": [],
            "protocol": "tcp",
            "security_group_id": "sg-090d0b774a242e731",
            "security_group_rule_id": "sgr-0a3562256549a1977",
            "self": false,
            "source_security_group_id": "sg-04b299cccfdea730f",
            "timeouts": null,
            "to_port": 9443,
            "type": "ingress"
          },
          "sensitive_attributes": [],
          "private": "eyJlMmJmYjczMC1lY2FhLTExZTYtOGY4OC0zNDM2M2JjN2M0YzAiOnsiY3JlYXRlIjozMDAwMDAwMDAwMDB9LCJzY2hlbWFfdmVyc2lvbiI6IjIifQ==",
          "dependencies": [
            "module.EKS.module.eks.aws_security_group.cluster",
            "module.EKS.module.eks.aws_security_group.node",
            "module.VPC.module.vpc.aws_vpc.this"
          ],
          "create_before_destroy": true
        },
        {
          "index_key": "ingress_cluster_kubelet",
          "schema_version": 2,
          "attributes": {
            "cidr_blocks": null,
            "description": "Cluster API to node kubelets",
            "from_port": 10250,
            "id": "sgrule-1804550406",
            "ipv6_cidr_blocks": null,
            "prefix_list_ids": [],
            "protocol": "tcp",
            "security_group_id": "sg-090d0b774a242e731",
            "security_group_rule_id": "sgr-0718e0a67c4126711",
            "self": false,
            "source_security_group_id": "sg-04b299cccfdea730f",
            "timeouts": null,
            "to_port": 10250,
            "type": "ingress"
          },
          "sensitive_attributes": [],
          "private": "eyJlMmJmYjczMC1lY2FhLTExZTYtOGY4OC0zNDM2M2JjN2M0YzAiOnsiY3JlYXRlIjozMDAwMDAwMDAwMDB9LCJzY2hlbWFfdmVyc2lvbiI6IjIifQ==",
          "dependencies": [
            "module.EKS.module.eks.aws_security_group.cluster",
            "module.EKS.module.eks.aws_security_group.node",
            "module.VPC.module.vpc.aws_vpc.this"
          ],
          "create_before_destroy": true
        },
        {
          "index_key": "ingress_nodes_ephemeral",
          "schema_version": 2,
          "attributes": {
            "cidr_blocks": null,
            "description": "Node to node ingress on ephemeral ports",
            "from_port": 1025,
            "id": "sgrule-1051824565",
            "ipv6_cidr_blocks": null,
            "prefix_list_ids": [],
            "protocol": "tcp",
            "security_group_id": "sg-090d0b774a242e731",
            "security_group_rule_id": "sgr-0b6560e4f08684dd3",
            "self": true,
            "source_security_group_id": null,
            "timeouts": null,
            "to_port": 65535,
            "type": "ingress"
          },
          "sensitive_attributes": [],
          "private": "eyJlMmJmYjczMC1lY2FhLTExZTYtOGY4OC0zNDM2M2JjN2M0YzAiOnsiY3JlYXRlIjozMDAwMDAwMDAwMDB9LCJzY2hlbWFfdmVyc2lvbiI6IjIifQ==",
          "dependencies": [
            "module.EKS.module.eks.aws_security_group.cluster",
            "module.EKS.module.eks.aws_security_group.node",
            "module.VPC.module.vpc.aws_vpc.this"
          ],
          "create_before_destroy": true
        },
        {
          "index_key": "ingress_self_coredns_tcp",
          "schema_version": 2,
          "attributes": {
            "cidr_blocks": null,
            "description": "Node to node CoreDNS",
            "from_port": 53,
            "id": "sgrule-1351583463",
            "ipv6_cidr_blocks": null,
            "prefix_list_ids": [],
            "protocol": "tcp",
            "security_group_id": "sg-090d0b774a242e731",
            "security_group_rule_id": "sgr-0074c5cea7d8f1cbe",
            "self": true,
            "source_security_group_id": null,
            "timeouts": null,
            "to_port": 53,
            "type": "ingress"
          },
          "sensitive_attributes": [],
          "private": "eyJlMmJmYjczMC1lY2FhLTExZTYtOGY4OC0zNDM2M2JjN2M0YzAiOnsiY3JlYXRlIjozMDAwMDAwMDAwMDB9LCJzY2hlbWFfdmVyc2lvbiI6IjIifQ==",
          "dependencies": [
            "module.EKS.module.eks.aws_security_group.cluster",
            "module.EKS.module.eks.aws_security_group.node",
            "module.VPC.module.vpc.aws_vpc.this"
          ],
          "create_before_destroy": true
        },
        {
          "index_key": "ingress_self_coredns_udp",
          "schema_version": 2,
          "attributes": {
            "cidr_blocks": null,
            "description": "Node to node CoreDNS UDP",
            "from_port": 53,
            "id": "sgrule-187685624",
            "ipv6_cidr_blocks": null,
            "prefix_list_ids": [],
            "protocol": "udp",
            "security_group_id": "sg-090d0b774a242e731",
            "security_group_rule_id": "sgr-09df09cd4a2892644",
            "self": true,
            "source_security_group_id": null,
            "timeouts": null,
            "to_port": 53,
            "type": "ingress"
          },
          "sensitive_attributes": [],
          "private": "eyJlMmJmYjczMC1lY2FhLTExZTYtOGY4OC0zNDM2M2JjN2M0YzAiOnsiY3JlYXRlIjozMDAwMDAwMDAwMDB9LCJzY2hlbWFfdmVyc2lvbiI6IjIifQ==",
          "dependencies": [
            "module.EKS.module.eks.aws_security_group.cluster",
            "module.EKS.module.eks.aws_security_group.node",
            "module.VPC.module.vpc.aws_vpc.this"
          ],
          "create_before_destroy": true
        }
      ]
    },
    {
      "module": "module.EKS.module.eks",
      "mode": "managed",
      "type": "time_sleep",
      "name": "this",
      "provider": "provider[\"registry.terraform.io/hashicorp/time\"]",
      "instances": [
        {
          "index_key": 0,
          "schema_version": 0,
          "attributes": {
            "create_duration": "30s",
            "destroy_duration": null,
            "id": "2023-07-23T15:41:30Z",
            "triggers": {
              "cluster_certificate_authority_data": "LS0tLS1CRUdJTiBDRVJUSUZJQ0FURS0tLS0tCk1JSUMvakNDQWVhZ0F3SUJBZ0lCQURBTkJna3Foa2lHOXcwQkFRc0ZBREFWTVJNd0VRWURWUVFERXdwcmRXSmwKY201bGRHVnpNQjRYRFRJek1EY3lNekUxTXpZME9Gb1hEVE16TURjeU1ERTFNelkwT0Zvd0ZURVRNQkVHQTFVRQpBeE1LYTNWaVpYSnVaWFJsY3pDQ0FTSXdEUVlKS29aSWh2Y05BUUVCQlFBRGdnRVBBRENDQVFvQ2dnRUJBTUlCCmxnM3pQaFl1VGlaRjFYeGIyZlJLMlZwVVVoRWx0QlFMZm1HWDhYYkMzVUY3bWx1Z3BuNFhBbDZJaEJkcFZoOEwKZTJwZ25xM3dmRnJvb3VpUlg4U3ZJYXpVQVZYTXJ5N056NHpzQTFjK200VG8xKzdVS25ESGpBRXlLdnlwN20vYQpSbkhuZUNNaUU3UDdNR0NQYzM3bStWZUl2MENiNHJjb0J3czcvOU9RRHI2bXBCbW9HbUk4bTVlbGlJaGJTY3FOCjNFS1hxN0IrU0JUM2EwYUc3UmxyeVVDS3lXN2pocTJaUGJwam51V2MwaktsZVMrK1FGcHhlQkNhUER1NEtOZU0KQUpDYXR2ZnRPb0pQQUt1d3RiQk4xMTBaR3RoYmdvV1A5eWJuZDJxVUEvdUREL3pqRTRKZEtqQk9ycjI5bXlqeAplbFk0M28zS0VPTk9lMm8zWlpzQ0F3RUFBYU5aTUZjd0RnWURWUjBQQVFIL0JBUURBZ0trTUE4R0ExVWRFd0VCCi93UUZNQU1CQWY4d0hRWURWUjBPQkJZRUZEZzVlbWtlUnljWXlLZzdoZnpXNDhoU29Sd0lNQlVHQTFVZEVRUU8KTUF5Q0NtdDFZbVZ5Ym1WMFpYTXdEUVlKS29aSWh2Y05BUUVMQlFBRGdnRUJBQ3MrOXQ3YVNFSFJjSXliU1RGcwpWcHVyVkNCY3FwRW9XZnpyemZlMUF3clFYVEUxZ2paYlZpQXlIUU41VUpHamc1WFJNVE5OWGFnM1FFcHVWOXd6CnhvMWoyWStmeGd5SEFYeGRmT1NVem1HTXZEeEowdE1lNzdnSXcxOGFNQ2ljLzluR21XdEdqYVlhSXR6eFRHZnIKNWU0eHRCS1E2R0JucDY5ZGNKUy9xUnBESlFlKytxNDhqcmNXYnRxYllJUHJuU1o3WDBCaFU2ZVMyNGprVjdHYQpydUlFWGxiYUU5WnZnRzBUQnZQeGdYNVYzd0p0UG1NQi9OcXNLWHN5UlM1UXl5ZkNlMTRYaitIN3hxZ0tiZnlqCk9ZUHRmUWtUeEh0dmRWMDRncFBzZXpFZm1hR2ZRclNyMkZTMkZOTkJGUzNmMDdTMTl1Uk9BcUZTd0kyRmdzczcKUXE4PQotLS0tLUVORCBDRVJUSUZJQ0FURS0tLS0tCg==",
              "cluster_endpoint": "https://0823A0DB6ECF396A19CC0D0EA11BB4B5.sk1.eu-west-2.eks.amazonaws.com",
              "cluster_name": "myapp-eks-cluster",
              "cluster_version": "1.26"
            }
          },
          "sensitive_attributes": [],
          "dependencies": [
            "module.EKS.module.eks.aws_cloudwatch_log_group.this",
            "module.EKS.module.eks.aws_eks_cluster.this",
            "module.EKS.module.eks.aws_iam_policy.cni_ipv6_policy",
            "module.EKS.module.eks.aws_iam_role.this",
            "module.EKS.module.eks.aws_iam_role_policy_attachment.this",
            "module.EKS.module.eks.aws_security_group.cluster",
            "module.EKS.module.eks.aws_security_group_rule.cluster",
            "module.EKS.module.eks.aws_security_group_rule.node",
            "module.EKS.module.eks.data.aws_partition.current",
            "module.EKS.module.eks.module.kms.aws_kms_external_key.this",
            "module.EKS.module.eks.module.kms.aws_kms_key.this",
            "module.VPC.module.vpc.aws_subnet.private"
          ],
          "create_before_destroy": true
        }
      ]
    },
    {
      "module": "module.EKS.module.eks.module.eks_managed_node_group[\"dev\"]",
      "mode": "data",
      "type": "aws_caller_identity",
      "name": "current",
      "provider": "provider[\"registry.terraform.io/hashicorp/aws\"]",
      "instances": [
        {
          "schema_version": 0,
          "attributes": {
            "account_id": "815919245801",
            "arn": "arn:aws:iam::815919245801:user/admin",
            "id": "815919245801",
            "user_id": "AIDA336ETVHUQLFK5JG3C"
          },
          "sensitive_attributes": []
        }
      ]
    },
    {
      "module": "module.EKS.module.eks.module.eks_managed_node_group[\"dev\"]",
      "mode": "data",
      "type": "aws_iam_policy_document",
      "name": "assume_role_policy",
      "provider": "provider[\"registry.terraform.io/hashicorp/aws\"]",
      "instances": [
        {
          "index_key": 0,
          "schema_version": 0,
          "attributes": {
            "id": "1734879000",
            "json": "{\n  \"Version\": \"2012-10-17\",\n  \"Statement\": [\n    {\n      \"Sid\": \"EKSNodeAssumeRole\",\n      \"Effect\": \"Allow\",\n      \"Action\": \"sts:AssumeRole\",\n      \"Principal\": {\n        \"Service\": \"ec2.amazonaws.com\"\n      }\n    }\n  ]\n}",
            "override_json": null,
            "override_policy_documents": null,
            "policy_id": null,
            "source_json": null,
            "source_policy_documents": null,
            "statement": [
              {
                "actions": [
                  "sts:AssumeRole"
                ],
                "condition": [],
                "effect": "Allow",
                "not_actions": [],
                "not_principals": [],
                "not_resources": [],
                "principals": [
                  {
                    "identifiers": [
                      "ec2.amazonaws.com"
                    ],
                    "type": "Service"
                  }
                ],
                "resources": [],
                "sid": "EKSNodeAssumeRole"
              }
            ],
            "version": "2012-10-17"
          },
          "sensitive_attributes": []
        }
      ]
    },
    {
      "module": "module.EKS.module.eks.module.eks_managed_node_group[\"dev\"]",
      "mode": "data",
      "type": "aws_partition",
      "name": "current",
      "provider": "provider[\"registry.terraform.io/hashicorp/aws\"]",
      "instances": [
        {
          "schema_version": 0,
          "attributes": {
            "dns_suffix": "amazonaws.com",
            "id": "aws",
            "partition": "aws",
            "reverse_dns_prefix": "com.amazonaws"
          },
          "sensitive_attributes": []
        }
      ]
    },
    {
      "module": "module.EKS.module.eks.module.eks_managed_node_group[\"dev\"]",
      "mode": "managed",
      "type": "aws_eks_node_group",
      "name": "this",
      "provider": "provider[\"registry.terraform.io/hashicorp/aws\"]",
      "instances": [
        {
          "index_key": 0,
          "schema_version": 0,
          "attributes": {
            "ami_type": "AL2_x86_64",
            "arn": "arn:aws:eks:eu-west-2:815919245801:nodegroup/myapp-eks-cluster/dev-20230723154131572600000005/50c4c1b4-dda9-445d-bb13-83a588e641e9",
            "capacity_type": "ON_DEMAND",
            "cluster_name": "myapp-eks-cluster",
            "disk_size": 0,
            "force_update_version": null,
            "id": "myapp-eks-cluster:dev-20230723154131572600000005",
            "instance_types": [
              "t2.medium"
            ],
            "labels": null,
            "launch_template": [
              {
                "id": "lt-0be98185f0dc21e49",
                "name": "dev-20230723154131022900000003",
                "version": "1"
              }
            ],
            "node_group_name": "dev-20230723154131572600000005",
            "node_group_name_prefix": "dev-",
            "node_role_arn": "arn:aws:iam::815919245801:role/dev-eks-node-group-20230723152650700200000001",
            "release_version": "1.26.6-20230711",
            "remote_access": [],
            "resources": [
              {
                "autoscaling_groups": [
                  {
                    "name": "eks-dev-20230723154131572600000005-50c4c1b4-dda9-445d-bb13-83a588e641e9"
                  }
                ],
                "remote_access_security_group_id": ""
              }
            ],
            "scaling_config": [
              {
                "desired_size": 1,
                "max_size": 2,
                "min_size": 1
              }
            ],
            "status": "ACTIVE",
            "subnet_ids": [
              "subnet-09f481bdc5cf891f8",
              "subnet-0e5eb87c33b222cfd"
            ],
            "tags": {
              "Name": "dev",
              "environment": "WidBot-task"
            },
            "tags_all": {
              "Name": "dev",
              "environment": "WidBot-task"
            },
            "taint": [],
            "timeouts": {
              "create": null,
              "delete": null,
              "update": null
            },
            "update_config": [
              {
                "max_unavailable": 0,
                "max_unavailable_percentage": 33
              }
            ],
            "version": "1.26"
          },
          "sensitive_attributes": [],
          "private": "eyJlMmJmYjczMC1lY2FhLTExZTYtOGY4OC0zNDM2M2JjN2M0YzAiOnsiY3JlYXRlIjozNjAwMDAwMDAwMDAwLCJkZWxldGUiOjM2MDAwMDAwMDAwMDAsInVwZGF0ZSI6MzYwMDAwMDAwMDAwMH19",
          "dependencies": [
            "module.EKS.module.eks.aws_cloudwatch_log_group.this",
            "module.EKS.module.eks.aws_eks_cluster.this",
            "module.EKS.module.eks.aws_iam_policy.cni_ipv6_policy",
            "module.EKS.module.eks.aws_iam_role.this",
            "module.EKS.module.eks.aws_iam_role_policy_attachment.this",
            "module.EKS.module.eks.aws_security_group.cluster",
            "module.EKS.module.eks.aws_security_group.node",
            "module.EKS.module.eks.aws_security_group_rule.cluster",
            "module.EKS.module.eks.aws_security_group_rule.node",
            "module.EKS.module.eks.data.aws_partition.current",
            "module.EKS.module.eks.module.eks_managed_node_group.aws_iam_role.this",
            "module.EKS.module.eks.module.eks_managed_node_group.aws_iam_role_policy_attachment.this",
            "module.EKS.module.eks.module.eks_managed_node_group.aws_launch_template.this",
            "module.EKS.module.eks.module.eks_managed_node_group.data.aws_caller_identity.current",
            "module.EKS.module.eks.module.eks_managed_node_group.data.aws_partition.current",
            "module.EKS.module.eks.module.eks_managed_node_group.module.user_data.data.cloudinit_config.linux_eks_managed_node_group",
            "module.EKS.module.eks.module.kms.aws_kms_external_key.this",
            "module.EKS.module.eks.module.kms.aws_kms_key.this",
            "module.EKS.module.eks.time_sleep.this",
            "module.VPC.module.vpc.aws_subnet.private"
          ],
          "create_before_destroy": true
        }
      ]
    },
    {
      "module": "module.EKS.module.eks.module.eks_managed_node_group[\"dev\"]",
      "mode": "managed",
      "type": "aws_iam_role",
      "name": "this",
      "provider": "provider[\"registry.terraform.io/hashicorp/aws\"]",
      "instances": [
        {
          "index_key": 0,
          "schema_version": 0,
          "attributes": {
            "arn": "arn:aws:iam::815919245801:role/dev-eks-node-group-20230723152650700200000001",
            "assume_role_policy": "{\"Statement\":[{\"Action\":\"sts:AssumeRole\",\"Effect\":\"Allow\",\"Principal\":{\"Service\":\"ec2.amazonaws.com\"},\"Sid\":\"EKSNodeAssumeRole\"}],\"Version\":\"2012-10-17\"}",
            "create_date": "2023-07-23T15:26:51Z",
            "description": "EKS managed node group IAM role",
            "force_detach_policies": true,
            "id": "dev-eks-node-group-20230723152650700200000001",
            "inline_policy": [],
            "managed_policy_arns": [
              "arn:aws:iam::aws:policy/AmazonEC2ContainerRegistryReadOnly",
              "arn:aws:iam::aws:policy/AmazonEKSWorkerNodePolicy",
              "arn:aws:iam::aws:policy/AmazonEKS_CNI_Policy"
            ],
            "max_session_duration": 3600,
            "name": "dev-eks-node-group-20230723152650700200000001",
            "name_prefix": "dev-eks-node-group-",
            "path": "/",
            "permissions_boundary": null,
            "role_last_used": [
              {
                "last_used_date": "",
                "region": ""
              }
            ],
            "tags": {
              "environment": "WidBot-task"
            },
            "tags_all": {
              "environment": "WidBot-task"
            },
            "unique_id": "AROA336ETVHUSCNOSKKK6"
          },
          "sensitive_attributes": [],
          "private": "bnVsbA==",
          "dependencies": [
            "module.EKS.module.eks.module.eks_managed_node_group.data.aws_iam_policy_document.assume_role_policy",
            "module.EKS.module.eks.module.eks_managed_node_group.data.aws_partition.current"
          ],
          "create_before_destroy": true
        }
      ]
    },
    {
      "module": "module.EKS.module.eks.module.eks_managed_node_group[\"dev\"]",
      "mode": "managed",
      "type": "aws_iam_role_policy_attachment",
      "name": "this",
      "provider": "provider[\"registry.terraform.io/hashicorp/aws\"]",
      "instances": [
        {
          "index_key": "arn:aws:iam::aws:policy/AmazonEC2ContainerRegistryReadOnly",
          "schema_version": 0,
          "attributes": {
            "id": "dev-eks-node-group-20230723152650700200000001-20230723152652297200000003",
            "policy_arn": "arn:aws:iam::aws:policy/AmazonEC2ContainerRegistryReadOnly",
            "role": "dev-eks-node-group-20230723152650700200000001"
          },
          "sensitive_attributes": [],
          "private": "bnVsbA==",
          "dependencies": [
            "module.EKS.module.eks.module.eks_managed_node_group.aws_iam_role.this",
            "module.EKS.module.eks.module.eks_managed_node_group.data.aws_caller_identity.current",
            "module.EKS.module.eks.module.eks_managed_node_group.data.aws_iam_policy_document.assume_role_policy",
            "module.EKS.module.eks.module.eks_managed_node_group.data.aws_partition.current"
          ],
          "create_before_destroy": true
        },
        {
          "index_key": "arn:aws:iam::aws:policy/AmazonEKSWorkerNodePolicy",
          "schema_version": 0,
          "attributes": {
            "id": "dev-eks-node-group-20230723152650700200000001-20230723152652299000000004",
            "policy_arn": "arn:aws:iam::aws:policy/AmazonEKSWorkerNodePolicy",
            "role": "dev-eks-node-group-20230723152650700200000001"
          },
          "sensitive_attributes": [],
          "private": "bnVsbA==",
          "dependencies": [
            "module.EKS.module.eks.module.eks_managed_node_group.aws_iam_role.this",
            "module.EKS.module.eks.module.eks_managed_node_group.data.aws_caller_identity.current",
            "module.EKS.module.eks.module.eks_managed_node_group.data.aws_iam_policy_document.assume_role_policy",
            "module.EKS.module.eks.module.eks_managed_node_group.data.aws_partition.current"
          ],
          "create_before_destroy": true
        },
        {
          "index_key": "arn:aws:iam::aws:policy/AmazonEKS_CNI_Policy",
          "schema_version": 0,
          "attributes": {
            "id": "dev-eks-node-group-20230723152650700200000001-20230723152652361200000005",
            "policy_arn": "arn:aws:iam::aws:policy/AmazonEKS_CNI_Policy",
            "role": "dev-eks-node-group-20230723152650700200000001"
          },
          "sensitive_attributes": [],
          "private": "bnVsbA==",
          "dependencies": [
            "module.EKS.module.eks.module.eks_managed_node_group.aws_iam_role.this",
            "module.EKS.module.eks.module.eks_managed_node_group.data.aws_caller_identity.current",
            "module.EKS.module.eks.module.eks_managed_node_group.data.aws_iam_policy_document.assume_role_policy",
            "module.EKS.module.eks.module.eks_managed_node_group.data.aws_partition.current"
          ],
          "create_before_destroy": true
        }
      ]
    },
    {
      "module": "module.EKS.module.eks.module.eks_managed_node_group[\"dev\"]",
      "mode": "managed",
      "type": "aws_launch_template",
      "name": "this",
      "provider": "provider[\"registry.terraform.io/hashicorp/aws\"]",
      "instances": [
        {
          "index_key": 0,
          "schema_version": 0,
          "attributes": {
            "arn": "arn:aws:ec2:eu-west-2:815919245801:launch-template/lt-0be98185f0dc21e49",
            "block_device_mappings": [],
            "capacity_reservation_specification": [],
            "cpu_options": [],
            "credit_specification": [],
            "default_version": 1,
            "description": "Custom launch template for dev EKS managed node group",
            "disable_api_stop": false,
            "disable_api_termination": false,
            "ebs_optimized": "",
            "elastic_gpu_specifications": [],
            "elastic_inference_accelerator": [],
            "enclave_options": [],
            "hibernation_options": [],
            "iam_instance_profile": [],
            "id": "lt-0be98185f0dc21e49",
            "image_id": "",
            "instance_initiated_shutdown_behavior": "",
            "instance_market_options": [],
            "instance_requirements": [],
            "instance_type": "",
            "kernel_id": "",
            "key_name": "",
            "latest_version": 1,
            "license_specification": [],
            "maintenance_options": [],
            "metadata_options": [
              {
                "http_endpoint": "enabled",
                "http_protocol_ipv6": "disabled",
                "http_put_response_hop_limit": 2,
                "http_tokens": "required",
                "instance_metadata_tags": "disabled"
              }
            ],
            "monitoring": [
              {
                "enabled": true
              }
            ],
            "name": "dev-20230723154131022900000003",
            "name_prefix": "dev-",
            "network_interfaces": [],
            "placement": [],
            "private_dns_name_options": [],
            "ram_disk_id": "",
            "security_group_names": null,
            "tag_specifications": [
              {
                "resource_type": "instance",
                "tags": {
                  "Name": "dev",
                  "environment": "WidBot-task"
                }
              },
              {
                "resource_type": "network-interface",
                "tags": {
                  "Name": "dev",
                  "environment": "WidBot-task"
                }
              },
              {
                "resource_type": "volume",
                "tags": {
                  "Name": "dev",
                  "environment": "WidBot-task"
                }
              }
            ],
            "tags": {
              "environment": "WidBot-task"
            },
            "tags_all": {
              "environment": "WidBot-task"
            },
            "update_default_version": true,
            "user_data": "",
            "vpc_security_group_ids": [
              "sg-090d0b774a242e731"
            ]
          },
          "sensitive_attributes": [],
          "private": "bnVsbA==",
          "dependencies": [
            "module.EKS.module.eks.aws_cloudwatch_log_group.this",
            "module.EKS.module.eks.aws_eks_cluster.this",
            "module.EKS.module.eks.aws_iam_policy.cni_ipv6_policy",
            "module.EKS.module.eks.aws_iam_role.this",
            "module.EKS.module.eks.aws_iam_role_policy_attachment.this",
            "module.EKS.module.eks.aws_security_group.cluster",
            "module.EKS.module.eks.aws_security_group.node",
            "module.EKS.module.eks.aws_security_group_rule.cluster",
            "module.EKS.module.eks.aws_security_group_rule.node",
            "module.EKS.module.eks.data.aws_partition.current",
            "module.EKS.module.eks.module.eks_managed_node_group.aws_iam_role_policy_attachment.this",
            "module.EKS.module.eks.module.eks_managed_node_group.data.aws_caller_identity.current",
            "module.EKS.module.eks.module.eks_managed_node_group.data.aws_partition.current",
            "module.EKS.module.eks.module.eks_managed_node_group.module.user_data.data.cloudinit_config.linux_eks_managed_node_group",
            "module.EKS.module.eks.module.kms.aws_kms_external_key.this",
            "module.EKS.module.eks.module.kms.aws_kms_key.this",
            "module.EKS.module.eks.time_sleep.this",
            "module.VPC.module.vpc.aws_subnet.private"
          ],
          "create_before_destroy": true
        }
      ]
    },
    {
      "module": "module.EKS.module.eks.module.kms",
      "mode": "data",
      "type": "aws_caller_identity",
      "name": "current",
      "provider": "provider[\"registry.terraform.io/hashicorp/aws\"]",
      "instances": [
        {
          "schema_version": 0,
          "attributes": {
            "account_id": "815919245801",
            "arn": "arn:aws:iam::815919245801:user/admin",
            "id": "815919245801",
            "user_id": "AIDA336ETVHUQLFK5JG3C"
          },
          "sensitive_attributes": []
        }
      ]
    },
    {
      "module": "module.EKS.module.eks.module.kms",
      "mode": "data",
      "type": "aws_iam_policy_document",
      "name": "this",
      "provider": "provider[\"registry.terraform.io/hashicorp/aws\"]",
      "instances": [
        {
          "index_key": 0,
          "schema_version": 0,
          "attributes": {
            "id": "85554442",
            "json": "{\n  \"Version\": \"2012-10-17\",\n  \"Statement\": [\n    {\n      \"Sid\": \"KeyAdministration\",\n      \"Effect\": \"Allow\",\n      \"Action\": [\n        \"kms:Update*\",\n        \"kms:UntagResource\",\n        \"kms:TagResource\",\n        \"kms:ScheduleKeyDeletion\",\n        \"kms:Revoke*\",\n        \"kms:Put*\",\n        \"kms:List*\",\n        \"kms:Get*\",\n        \"kms:Enable*\",\n        \"kms:Disable*\",\n        \"kms:Describe*\",\n        \"kms:Delete*\",\n        \"kms:Create*\",\n        \"kms:CancelKeyDeletion\"\n      ],\n      \"Resource\": \"*\",\n      \"Principal\": {\n        \"AWS\": \"arn:aws:iam::815919245801:user/admin\"\n      }\n    },\n    {\n      \"Sid\": \"KeyUsage\",\n      \"Effect\": \"Allow\",\n      \"Action\": [\n        \"kms:ReEncrypt*\",\n        \"kms:GenerateDataKey*\",\n        \"kms:Encrypt\",\n        \"kms:DescribeKey\",\n        \"kms:Decrypt\"\n      ],\n      \"Resource\": \"*\",\n      \"Principal\": {\n        \"AWS\": \"arn:aws:iam::815919245801:role/myapp-eks-cluster-cluster-20230723152650724900000002\"\n      }\n    }\n  ]\n}",
            "override_json": null,
            "override_policy_documents": null,
            "policy_id": null,
            "source_json": null,
            "source_policy_documents": null,
            "statement": [
              {
                "actions": [
                  "kms:CancelKeyDeletion",
                  "kms:Create*",
                  "kms:Delete*",
                  "kms:Describe*",
                  "kms:Disable*",
                  "kms:Enable*",
                  "kms:Get*",
                  "kms:List*",
                  "kms:Put*",
                  "kms:Revoke*",
                  "kms:ScheduleKeyDeletion",
                  "kms:TagResource",
                  "kms:UntagResource",
                  "kms:Update*"
                ],
                "condition": [],
                "effect": "Allow",
                "not_actions": [],
                "not_principals": [],
                "not_resources": [],
                "principals": [
                  {
                    "identifiers": [
                      "arn:aws:iam::815919245801:user/admin"
                    ],
                    "type": "AWS"
                  }
                ],
                "resources": [
                  "*"
                ],
                "sid": "KeyAdministration"
              },
              {
                "actions": [
                  "kms:Decrypt",
                  "kms:DescribeKey",
                  "kms:Encrypt",
                  "kms:GenerateDataKey*",
                  "kms:ReEncrypt*"
                ],
                "condition": [],
                "effect": "Allow",
                "not_actions": [],
                "not_principals": [],
                "not_resources": [],
                "principals": [
                  {
                    "identifiers": [
                      "arn:aws:iam::815919245801:role/myapp-eks-cluster-cluster-20230723152650724900000002"
                    ],
                    "type": "AWS"
                  }
                ],
                "resources": [
                  "*"
                ],
                "sid": "KeyUsage"
              }
            ],
            "version": "2012-10-17"
          },
          "sensitive_attributes": []
        }
      ]
    },
    {
      "module": "module.EKS.module.eks.module.kms",
      "mode": "data",
      "type": "aws_partition",
      "name": "current",
      "provider": "provider[\"registry.terraform.io/hashicorp/aws\"]",
      "instances": [
        {
          "schema_version": 0,
          "attributes": {
            "dns_suffix": "amazonaws.com",
            "id": "aws",
            "partition": "aws",
            "reverse_dns_prefix": "com.amazonaws"
          },
          "sensitive_attributes": []
        }
      ]
    },
    {
      "module": "module.EKS.module.eks.module.kms",
      "mode": "managed",
      "type": "aws_kms_alias",
      "name": "this",
      "provider": "provider[\"registry.terraform.io/hashicorp/aws\"]",
      "instances": [
        {
          "index_key": "cluster",
          "schema_version": 0,
          "attributes": {
            "arn": "arn:aws:kms:eu-west-2:815919245801:alias/eks/myapp-eks-cluster",
            "id": "alias/eks/myapp-eks-cluster",
            "name": "alias/eks/myapp-eks-cluster",
            "name_prefix": "",
            "target_key_arn": "arn:aws:kms:eu-west-2:815919245801:key/987bb3d8-2a92-4865-92b3-52c6a81802df",
            "target_key_id": "987bb3d8-2a92-4865-92b3-52c6a81802df"
          },
          "sensitive_attributes": [],
          "private": "bnVsbA==",
          "dependencies": [
            "module.EKS.module.eks.aws_iam_role.this",
            "module.EKS.module.eks.data.aws_caller_identity.current",
            "module.EKS.module.eks.data.aws_iam_policy_document.assume_role_policy",
            "module.EKS.module.eks.data.aws_iam_session_context.current",
            "module.EKS.module.eks.data.aws_partition.current",
            "module.EKS.module.eks.module.kms.aws_kms_external_key.this",
            "module.EKS.module.eks.module.kms.aws_kms_key.this",
            "module.EKS.module.eks.module.kms.data.aws_caller_identity.current",
            "module.EKS.module.eks.module.kms.data.aws_iam_policy_document.this",
            "module.EKS.module.eks.module.kms.data.aws_partition.current"
          ]
        }
      ]
    },
    {
      "module": "module.EKS.module.eks.module.kms",
      "mode": "managed",
      "type": "aws_kms_key",
      "name": "this",
      "provider": "provider[\"registry.terraform.io/hashicorp/aws\"]",
      "instances": [
        {
          "index_key": 0,
          "schema_version": 0,
          "attributes": {
            "arn": "arn:aws:kms:eu-west-2:815919245801:key/987bb3d8-2a92-4865-92b3-52c6a81802df",
            "bypass_policy_lockout_safety_check": false,
            "custom_key_store_id": "",
            "customer_master_key_spec": "SYMMETRIC_DEFAULT",
            "deletion_window_in_days": null,
            "description": "myapp-eks-cluster cluster encryption key",
            "enable_key_rotation": true,
            "id": "987bb3d8-2a92-4865-92b3-52c6a81802df",
            "is_enabled": true,
            "key_id": "987bb3d8-2a92-4865-92b3-52c6a81802df",
            "key_usage": "ENCRYPT_DECRYPT",
            "multi_region": false,
            "policy": "{\"Statement\":[{\"Action\":[\"kms:Update*\",\"kms:UntagResource\",\"kms:TagResource\",\"kms:ScheduleKeyDeletion\",\"kms:Revoke*\",\"kms:Put*\",\"kms:List*\",\"kms:Get*\",\"kms:Enable*\",\"kms:Disable*\",\"kms:Describe*\",\"kms:Delete*\",\"kms:Create*\",\"kms:CancelKeyDeletion\"],\"Effect\":\"Allow\",\"Principal\":{\"AWS\":\"arn:aws:iam::815919245801:user/admin\"},\"Resource\":\"*\",\"Sid\":\"KeyAdministration\"},{\"Action\":[\"kms:ReEncrypt*\",\"kms:GenerateDataKey*\",\"kms:Encrypt\",\"kms:DescribeKey\",\"kms:Decrypt\"],\"Effect\":\"Allow\",\"Principal\":{\"AWS\":\"arn:aws:iam::815919245801:role/myapp-eks-cluster-cluster-20230723152650724900000002\"},\"Resource\":\"*\",\"Sid\":\"KeyUsage\"}],\"Version\":\"2012-10-17\"}",
            "tags": {
              "environment": "WidBot-task"
            },
            "tags_all": {
              "environment": "WidBot-task"
            }
          },
          "sensitive_attributes": [],
          "private": "bnVsbA==",
          "dependencies": [
            "module.EKS.module.eks.aws_iam_role.this",
            "module.EKS.module.eks.data.aws_caller_identity.current",
            "module.EKS.module.eks.data.aws_iam_policy_document.assume_role_policy",
            "module.EKS.module.eks.data.aws_iam_session_context.current",
            "module.EKS.module.eks.data.aws_partition.current",
            "module.EKS.module.eks.module.kms.data.aws_caller_identity.current",
            "module.EKS.module.eks.module.kms.data.aws_iam_policy_document.this",
            "module.EKS.module.eks.module.kms.data.aws_partition.current"
          ],
          "create_before_destroy": true
        }
      ]
    },
    {
      "module": "module.VPC",
      "mode": "data",
      "type": "aws_availability_zones",
      "name": "azs",
      "provider": "module.VPC.provider[\"registry.terraform.io/hashicorp/aws\"]",
      "instances": [
        {
          "schema_version": 0,
          "attributes": {
            "all_availability_zones": null,
            "exclude_names": null,
            "exclude_zone_ids": null,
            "filter": null,
            "group_names": [
              "eu-west-2"
            ],
            "id": "eu-west-2",
            "names": [
              "eu-west-2a",
              "eu-west-2b",
              "eu-west-2c"
            ],
            "state": null,
            "timeouts": null,
            "zone_ids": [
              "euw2-az2",
              "euw2-az3",
              "euw2-az1"
            ]
          },
          "sensitive_attributes": []
        }
      ]
    },
    {
      "module": "module.VPC.module.vpc",
      "mode": "managed",
      "type": "aws_default_network_acl",
      "name": "this",
      "provider": "module.VPC.provider[\"registry.terraform.io/hashicorp/aws\"]",
      "instances": [
        {
          "index_key": 0,
          "schema_version": 0,
          "attributes": {
            "arn": "arn:aws:ec2:eu-west-2:815919245801:network-acl/acl-0415ee412c8536553",
            "default_network_acl_id": "acl-0415ee412c8536553",
            "egress": [
              {
                "action": "allow",
                "cidr_block": "",
                "from_port": 0,
                "icmp_code": 0,
                "icmp_type": 0,
                "ipv6_cidr_block": "::/0",
                "protocol": "-1",
                "rule_no": 101,
                "to_port": 0
              },
              {
                "action": "allow",
                "cidr_block": "0.0.0.0/0",
                "from_port": 0,
                "icmp_code": 0,
                "icmp_type": 0,
                "ipv6_cidr_block": "",
                "protocol": "-1",
                "rule_no": 100,
                "to_port": 0
              }
            ],
            "id": "acl-0415ee412c8536553",
            "ingress": [
              {
                "action": "allow",
                "cidr_block": "",
                "from_port": 0,
                "icmp_code": 0,
                "icmp_type": 0,
                "ipv6_cidr_block": "::/0",
                "protocol": "-1",
                "rule_no": 101,
                "to_port": 0
              },
              {
                "action": "allow",
                "cidr_block": "0.0.0.0/0",
                "from_port": 0,
                "icmp_code": 0,
                "icmp_type": 0,
                "ipv6_cidr_block": "",
                "protocol": "-1",
                "rule_no": 100,
                "to_port": 0
              }
            ],
            "owner_id": "815919245801",
            "subnet_ids": [
              "subnet-083c4dc9dc7a8fe37",
              "subnet-09f481bdc5cf891f8",
              "subnet-0e5eb87c33b222cfd",
              "subnet-0f60c01400428119d"
            ],
            "tags": {
              "Name": "WideBot-vpc-task-default",
              "kubernetes.io/cluster/myapp-eks-cluster": "shared"
            },
            "tags_all": {
              "Name": "WideBot-vpc-task-default",
              "kubernetes.io/cluster/myapp-eks-cluster": "shared"
            },
            "vpc_id": "vpc-014405edb9c38152b"
          },
          "sensitive_attributes": [],
          "private": "bnVsbA==",
          "dependencies": [
            "module.VPC.module.vpc.aws_vpc.this"
          ]
        }
      ]
    },
    {
      "module": "module.VPC.module.vpc",
      "mode": "managed",
      "type": "aws_default_route_table",
      "name": "default",
      "provider": "module.VPC.provider[\"registry.terraform.io/hashicorp/aws\"]",
      "instances": [
        {
          "index_key": 0,
          "schema_version": 0,
          "attributes": {
            "arn": "arn:aws:ec2:eu-west-2:815919245801:route-table/rtb-02244b9bb522582ab",
            "default_route_table_id": "rtb-02244b9bb522582ab",
            "id": "rtb-02244b9bb522582ab",
            "owner_id": "815919245801",
            "propagating_vgws": [],
            "route": [],
            "tags": {
              "Name": "WideBot-vpc-task-default",
              "kubernetes.io/cluster/myapp-eks-cluster": "shared"
            },
            "tags_all": {
              "Name": "WideBot-vpc-task-default",
              "kubernetes.io/cluster/myapp-eks-cluster": "shared"
            },
            "timeouts": {
              "create": "5m",
              "update": "5m"
            },
            "vpc_id": "vpc-014405edb9c38152b"
          },
          "sensitive_attributes": [],
          "private": "eyJlMmJmYjczMC1lY2FhLTExZTYtOGY4OC0zNDM2M2JjN2M0YzAiOnsiY3JlYXRlIjozMDAwMDAwMDAwMDAsInVwZGF0ZSI6MzAwMDAwMDAwMDAwfX0=",
          "dependencies": [
            "module.VPC.module.vpc.aws_vpc.this"
          ]
        }
      ]
    },
    {
      "module": "module.VPC.module.vpc",
      "mode": "managed",
      "type": "aws_default_security_group",
      "name": "this",
      "provider": "module.VPC.provider[\"registry.terraform.io/hashicorp/aws\"]",
      "instances": [
        {
          "index_key": 0,
          "schema_version": 1,
          "attributes": {
            "arn": "arn:aws:ec2:eu-west-2:815919245801:security-group/sg-08c5fd51da412ef02",
            "description": "default VPC security group",
            "egress": [],
            "id": "sg-08c5fd51da412ef02",
            "ingress": [],
            "name": "default",
            "name_prefix": "",
            "owner_id": "815919245801",
            "revoke_rules_on_delete": false,
            "tags": {
              "Name": "WideBot-vpc-task-default",
              "kubernetes.io/cluster/myapp-eks-cluster": "shared"
            },
            "tags_all": {
              "Name": "WideBot-vpc-task-default",
              "kubernetes.io/cluster/myapp-eks-cluster": "shared"
            },
            "vpc_id": "vpc-014405edb9c38152b"
          },
          "sensitive_attributes": [],
          "private": "eyJzY2hlbWFfdmVyc2lvbiI6IjEifQ==",
          "dependencies": [
            "module.VPC.module.vpc.aws_vpc.this"
          ]
        }
      ]
    },
    {
      "module": "module.VPC.module.vpc",
      "mode": "managed",
      "type": "aws_eip",
      "name": "nat",
      "provider": "module.VPC.provider[\"registry.terraform.io/hashicorp/aws\"]",
      "instances": [
        {
          "index_key": 0,
          "schema_version": 0,
          "attributes": {
            "address": null,
            "allocation_id": "eipalloc-0e92a8c622b8feab7",
            "associate_with_private_ip": null,
            "association_id": "eipassoc-010e84e3c4eca0d8b",
            "carrier_ip": "",
            "customer_owned_ip": "",
            "customer_owned_ipv4_pool": "",
            "domain": "vpc",
            "id": "eipalloc-0e92a8c622b8feab7",
            "instance": "",
            "network_border_group": "eu-west-2",
            "network_interface": "eni-0f493c39c9b20a0b2",
            "private_dns": "ip-10-0-3-39.eu-west-2.compute.internal",
            "private_ip": "10.0.3.39",
            "public_dns": "ec2-52-56-247-144.eu-west-2.compute.amazonaws.com",
            "public_ip": "52.56.247.144",
            "public_ipv4_pool": "amazon",
            "tags": {
              "Name": "WideBot-vpc-task-eu-west-2a",
              "kubernetes.io/cluster/myapp-eks-cluster": "shared"
            },
            "tags_all": {
              "Name": "WideBot-vpc-task-eu-west-2a",
              "kubernetes.io/cluster/myapp-eks-cluster": "shared"
            },
            "timeouts": null,
            "vpc": true
          },
          "sensitive_attributes": [],
          "private": "eyJlMmJmYjczMC1lY2FhLTExZTYtOGY4OC0zNDM2M2JjN2M0YzAiOnsiZGVsZXRlIjoxODAwMDAwMDAwMDAsInJlYWQiOjkwMDAwMDAwMDAwMCwidXBkYXRlIjozMDAwMDAwMDAwMDB9fQ==",
          "dependencies": [
            "module.VPC.data.aws_availability_zones.azs"
          ]
        }
      ]
    },
    {
      "module": "module.VPC.module.vpc",
      "mode": "managed",
      "type": "aws_internet_gateway",
      "name": "this",
      "provider": "module.VPC.provider[\"registry.terraform.io/hashicorp/aws\"]",
      "instances": [
        {
          "index_key": 0,
          "schema_version": 0,
          "attributes": {
            "arn": "arn:aws:ec2:eu-west-2:815919245801:internet-gateway/igw-0f214ba17870e9c1e",
            "id": "igw-0f214ba17870e9c1e",
            "owner_id": "815919245801",
            "tags": {
              "Name": "WideBot-vpc-task",
              "kubernetes.io/cluster/myapp-eks-cluster": "shared"
            },
            "tags_all": {
              "Name": "WideBot-vpc-task",
              "kubernetes.io/cluster/myapp-eks-cluster": "shared"
            },
            "timeouts": null,
            "vpc_id": "vpc-014405edb9c38152b"
          },
          "sensitive_attributes": [],
          "private": "eyJlMmJmYjczMC1lY2FhLTExZTYtOGY4OC0zNDM2M2JjN2M0YzAiOnsiY3JlYXRlIjoxMjAwMDAwMDAwMDAwLCJkZWxldGUiOjEyMDAwMDAwMDAwMDAsInVwZGF0ZSI6MTIwMDAwMDAwMDAwMH19",
          "dependencies": [
            "module.VPC.module.vpc.aws_vpc.this",
            "module.VPC.module.vpc.aws_vpc_ipv4_cidr_block_association.this"
          ]
        }
      ]
    },
    {
      "module": "module.VPC.module.vpc",
      "mode": "managed",
      "type": "aws_nat_gateway",
      "name": "this",
      "provider": "module.VPC.provider[\"registry.terraform.io/hashicorp/aws\"]",
      "instances": [
        {
          "index_key": 0,
          "schema_version": 0,
          "attributes": {
            "allocation_id": "eipalloc-0e92a8c622b8feab7",
            "association_id": "eipassoc-010e84e3c4eca0d8b",
            "connectivity_type": "public",
            "id": "nat-0e8e09b4f52b0daba",
            "network_interface_id": "eni-0f493c39c9b20a0b2",
            "private_ip": "10.0.3.39",
            "public_ip": "52.56.247.144",
            "subnet_id": "subnet-0f60c01400428119d",
            "tags": {
              "Name": "WideBot-vpc-task-eu-west-2a",
              "kubernetes.io/cluster/myapp-eks-cluster": "shared"
            },
            "tags_all": {
              "Name": "WideBot-vpc-task-eu-west-2a",
              "kubernetes.io/cluster/myapp-eks-cluster": "shared"
            }
          },
          "sensitive_attributes": [],
          "private": "bnVsbA==",
          "dependencies": [
            "module.VPC.data.aws_availability_zones.azs",
            "module.VPC.module.vpc.aws_eip.nat",
            "module.VPC.module.vpc.aws_internet_gateway.this",
            "module.VPC.module.vpc.aws_subnet.public",
            "module.VPC.module.vpc.aws_vpc.this",
            "module.VPC.module.vpc.aws_vpc_ipv4_cidr_block_association.this"
          ]
        }
      ]
    },
    {
      "module": "module.VPC.module.vpc",
      "mode": "managed",
      "type": "aws_route",
      "name": "private_nat_gateway",
      "provider": "module.VPC.provider[\"registry.terraform.io/hashicorp/aws\"]",
      "instances": [
        {
          "index_key": 0,
          "schema_version": 0,
          "attributes": {
            "carrier_gateway_id": "",
            "core_network_arn": "",
            "destination_cidr_block": "0.0.0.0/0",
            "destination_ipv6_cidr_block": "",
            "destination_prefix_list_id": "",
            "egress_only_gateway_id": "",
            "gateway_id": "",
            "id": "r-rtb-00bdf34e0a57609d21080289494",
            "instance_id": "",
            "instance_owner_id": "",
            "local_gateway_id": "",
            "nat_gateway_id": "nat-0e8e09b4f52b0daba",
            "network_interface_id": "",
            "origin": "CreateRoute",
            "route_table_id": "rtb-00bdf34e0a57609d2",
            "state": "active",
            "timeouts": {
              "create": "5m",
              "delete": null,
              "update": null
            },
            "transit_gateway_id": "",
            "vpc_endpoint_id": "",
            "vpc_peering_connection_id": ""
          },
          "sensitive_attributes": [],
          "private": "eyJlMmJmYjczMC1lY2FhLTExZTYtOGY4OC0zNDM2M2JjN2M0YzAiOnsiY3JlYXRlIjozMDAwMDAwMDAwMDAsImRlbGV0ZSI6MzAwMDAwMDAwMDAwLCJ1cGRhdGUiOjEyMDAwMDAwMDAwMH19",
          "dependencies": [
            "module.VPC.data.aws_availability_zones.azs",
            "module.VPC.module.vpc.aws_eip.nat",
            "module.VPC.module.vpc.aws_internet_gateway.this",
            "module.VPC.module.vpc.aws_nat_gateway.this",
            "module.VPC.module.vpc.aws_route_table.private",
            "module.VPC.module.vpc.aws_subnet.public",
            "module.VPC.module.vpc.aws_vpc.this",
            "module.VPC.module.vpc.aws_vpc_ipv4_cidr_block_association.this"
          ]
        }
      ]
    },
    {
      "module": "module.VPC.module.vpc",
      "mode": "managed",
      "type": "aws_route",
      "name": "public_internet_gateway",
      "provider": "module.VPC.provider[\"registry.terraform.io/hashicorp/aws\"]",
      "instances": [
        {
          "index_key": 0,
          "schema_version": 0,
          "attributes": {
            "carrier_gateway_id": "",
            "core_network_arn": "",
            "destination_cidr_block": "0.0.0.0/0",
            "destination_ipv6_cidr_block": "",
            "destination_prefix_list_id": "",
            "egress_only_gateway_id": "",
            "gateway_id": "igw-0f214ba17870e9c1e",
            "id": "r-rtb-0832cdea1907475161080289494",
            "instance_id": "",
            "instance_owner_id": "",
            "local_gateway_id": "",
            "nat_gateway_id": "",
            "network_interface_id": "",
            "origin": "CreateRoute",
            "route_table_id": "rtb-0832cdea190747516",
            "state": "active",
            "timeouts": {
              "create": "5m",
              "delete": null,
              "update": null
            },
            "transit_gateway_id": "",
            "vpc_endpoint_id": "",
            "vpc_peering_connection_id": ""
          },
          "sensitive_attributes": [],
          "private": "eyJlMmJmYjczMC1lY2FhLTExZTYtOGY4OC0zNDM2M2JjN2M0YzAiOnsiY3JlYXRlIjozMDAwMDAwMDAwMDAsImRlbGV0ZSI6MzAwMDAwMDAwMDAwLCJ1cGRhdGUiOjEyMDAwMDAwMDAwMH19",
          "dependencies": [
            "module.VPC.module.vpc.aws_internet_gateway.this",
            "module.VPC.module.vpc.aws_route_table.public",
            "module.VPC.module.vpc.aws_vpc.this",
            "module.VPC.module.vpc.aws_vpc_ipv4_cidr_block_association.this"
          ]
        }
      ]
    },
    {
      "module": "module.VPC.module.vpc",
      "mode": "managed",
      "type": "aws_route_table",
      "name": "private",
      "provider": "module.VPC.provider[\"registry.terraform.io/hashicorp/aws\"]",
      "instances": [
        {
          "index_key": 0,
          "schema_version": 0,
          "attributes": {
            "arn": "arn:aws:ec2:eu-west-2:815919245801:route-table/rtb-00bdf34e0a57609d2",
            "id": "rtb-00bdf34e0a57609d2",
            "owner_id": "815919245801",
            "propagating_vgws": [],
            "route": [
              {
                "carrier_gateway_id": "",
                "cidr_block": "0.0.0.0/0",
                "core_network_arn": "",
                "destination_prefix_list_id": "",
                "egress_only_gateway_id": "",
                "gateway_id": "",
                "instance_id": "",
                "ipv6_cidr_block": "",
                "local_gateway_id": "",
                "nat_gateway_id": "nat-0e8e09b4f52b0daba",
                "network_interface_id": "",
                "transit_gateway_id": "",
                "vpc_endpoint_id": "",
                "vpc_peering_connection_id": ""
              }
            ],
            "tags": {
              "Name": "WideBot-vpc-task-private",
              "kubernetes.io/cluster/myapp-eks-cluster": "shared"
            },
            "tags_all": {
              "Name": "WideBot-vpc-task-private",
              "kubernetes.io/cluster/myapp-eks-cluster": "shared"
            },
            "timeouts": null,
            "vpc_id": "vpc-014405edb9c38152b"
          },
          "sensitive_attributes": [],
          "private": "eyJlMmJmYjczMC1lY2FhLTExZTYtOGY4OC0zNDM2M2JjN2M0YzAiOnsiY3JlYXRlIjozMDAwMDAwMDAwMDAsImRlbGV0ZSI6MzAwMDAwMDAwMDAwLCJ1cGRhdGUiOjEyMDAwMDAwMDAwMH19",
          "dependencies": [
            "module.VPC.data.aws_availability_zones.azs",
            "module.VPC.module.vpc.aws_vpc.this",
            "module.VPC.module.vpc.aws_vpc_ipv4_cidr_block_association.this"
          ]
        }
      ]
    },
    {
      "module": "module.VPC.module.vpc",
      "mode": "managed",
      "type": "aws_route_table",
      "name": "public",
      "provider": "module.VPC.provider[\"registry.terraform.io/hashicorp/aws\"]",
      "instances": [
        {
          "index_key": 0,
          "schema_version": 0,
          "attributes": {
            "arn": "arn:aws:ec2:eu-west-2:815919245801:route-table/rtb-0832cdea190747516",
            "id": "rtb-0832cdea190747516",
            "owner_id": "815919245801",
            "propagating_vgws": [],
            "route": [
              {
                "carrier_gateway_id": "",
                "cidr_block": "0.0.0.0/0",
                "core_network_arn": "",
                "destination_prefix_list_id": "",
                "egress_only_gateway_id": "",
                "gateway_id": "igw-0f214ba17870e9c1e",
                "instance_id": "",
                "ipv6_cidr_block": "",
                "local_gateway_id": "",
                "nat_gateway_id": "",
                "network_interface_id": "",
                "transit_gateway_id": "",
                "vpc_endpoint_id": "",
                "vpc_peering_connection_id": ""
              }
            ],
            "tags": {
              "Name": "WideBot-vpc-task-public",
              "kubernetes.io/cluster/myapp-eks-cluster": "shared"
            },
            "tags_all": {
              "Name": "WideBot-vpc-task-public",
              "kubernetes.io/cluster/myapp-eks-cluster": "shared"
            },
            "timeouts": null,
            "vpc_id": "vpc-014405edb9c38152b"
          },
          "sensitive_attributes": [],
          "private": "eyJlMmJmYjczMC1lY2FhLTExZTYtOGY4OC0zNDM2M2JjN2M0YzAiOnsiY3JlYXRlIjozMDAwMDAwMDAwMDAsImRlbGV0ZSI6MzAwMDAwMDAwMDAwLCJ1cGRhdGUiOjEyMDAwMDAwMDAwMH19",
          "dependencies": [
            "module.VPC.module.vpc.aws_vpc.this",
            "module.VPC.module.vpc.aws_vpc_ipv4_cidr_block_association.this"
          ]
        }
      ]
    },
    {
      "module": "module.VPC.module.vpc",
      "mode": "managed",
      "type": "aws_route_table_association",
      "name": "private",
      "provider": "module.VPC.provider[\"registry.terraform.io/hashicorp/aws\"]",
      "instances": [
        {
          "index_key": 0,
          "schema_version": 0,
          "attributes": {
            "gateway_id": "",
            "id": "rtbassoc-0387dbe35687ab0ea",
            "route_table_id": "rtb-00bdf34e0a57609d2",
            "subnet_id": "subnet-0e5eb87c33b222cfd",
            "timeouts": null
          },
          "sensitive_attributes": [],
          "private": "eyJlMmJmYjczMC1lY2FhLTExZTYtOGY4OC0zNDM2M2JjN2M0YzAiOnsiY3JlYXRlIjozMDAwMDAwMDAwMDAsImRlbGV0ZSI6MzAwMDAwMDAwMDAwLCJ1cGRhdGUiOjEyMDAwMDAwMDAwMH19",
          "dependencies": [
            "module.VPC.data.aws_availability_zones.azs",
            "module.VPC.module.vpc.aws_route_table.private",
            "module.VPC.module.vpc.aws_subnet.private",
            "module.VPC.module.vpc.aws_vpc.this",
            "module.VPC.module.vpc.aws_vpc_ipv4_cidr_block_association.this"
          ]
        },
        {
          "index_key": 1,
          "schema_version": 0,
          "attributes": {
            "gateway_id": "",
            "id": "rtbassoc-0cbf6865b2f0fe2f0",
            "route_table_id": "rtb-00bdf34e0a57609d2",
            "subnet_id": "subnet-09f481bdc5cf891f8",
            "timeouts": null
          },
          "sensitive_attributes": [],
          "private": "eyJlMmJmYjczMC1lY2FhLTExZTYtOGY4OC0zNDM2M2JjN2M0YzAiOnsiY3JlYXRlIjozMDAwMDAwMDAwMDAsImRlbGV0ZSI6MzAwMDAwMDAwMDAwLCJ1cGRhdGUiOjEyMDAwMDAwMDAwMH19",
          "dependencies": [
            "module.VPC.data.aws_availability_zones.azs",
            "module.VPC.module.vpc.aws_route_table.private",
            "module.VPC.module.vpc.aws_subnet.private",
            "module.VPC.module.vpc.aws_vpc.this",
            "module.VPC.module.vpc.aws_vpc_ipv4_cidr_block_association.this"
          ]
        }
      ]
    },
    {
      "module": "module.VPC.module.vpc",
      "mode": "managed",
      "type": "aws_route_table_association",
      "name": "public",
      "provider": "module.VPC.provider[\"registry.terraform.io/hashicorp/aws\"]",
      "instances": [
        {
          "index_key": 0,
          "schema_version": 0,
          "attributes": {
            "gateway_id": "",
            "id": "rtbassoc-0d5ac3e5f48075ff4",
            "route_table_id": "rtb-0832cdea190747516",
            "subnet_id": "subnet-0f60c01400428119d",
            "timeouts": null
          },
          "sensitive_attributes": [],
          "private": "eyJlMmJmYjczMC1lY2FhLTExZTYtOGY4OC0zNDM2M2JjN2M0YzAiOnsiY3JlYXRlIjozMDAwMDAwMDAwMDAsImRlbGV0ZSI6MzAwMDAwMDAwMDAwLCJ1cGRhdGUiOjEyMDAwMDAwMDAwMH19",
          "dependencies": [
            "module.VPC.data.aws_availability_zones.azs",
            "module.VPC.module.vpc.aws_route_table.public",
            "module.VPC.module.vpc.aws_subnet.public",
            "module.VPC.module.vpc.aws_vpc.this",
            "module.VPC.module.vpc.aws_vpc_ipv4_cidr_block_association.this"
          ]
        },
        {
          "index_key": 1,
          "schema_version": 0,
          "attributes": {
            "gateway_id": "",
            "id": "rtbassoc-058bbbf4aed016249",
            "route_table_id": "rtb-0832cdea190747516",
            "subnet_id": "subnet-083c4dc9dc7a8fe37",
            "timeouts": null
          },
          "sensitive_attributes": [],
          "private": "eyJlMmJmYjczMC1lY2FhLTExZTYtOGY4OC0zNDM2M2JjN2M0YzAiOnsiY3JlYXRlIjozMDAwMDAwMDAwMDAsImRlbGV0ZSI6MzAwMDAwMDAwMDAwLCJ1cGRhdGUiOjEyMDAwMDAwMDAwMH19",
          "dependencies": [
            "module.VPC.data.aws_availability_zones.azs",
            "module.VPC.module.vpc.aws_route_table.public",
            "module.VPC.module.vpc.aws_subnet.public",
            "module.VPC.module.vpc.aws_vpc.this",
            "module.VPC.module.vpc.aws_vpc_ipv4_cidr_block_association.this"
          ]
        }
      ]
    },
    {
      "module": "module.VPC.module.vpc",
      "mode": "managed",
      "type": "aws_subnet",
      "name": "private",
      "provider": "module.VPC.provider[\"registry.terraform.io/hashicorp/aws\"]",
      "instances": [
        {
          "index_key": 0,
          "schema_version": 1,
          "attributes": {
            "arn": "arn:aws:ec2:eu-west-2:815919245801:subnet/subnet-0e5eb87c33b222cfd",
            "assign_ipv6_address_on_creation": false,
            "availability_zone": "eu-west-2a",
            "availability_zone_id": "euw2-az2",
            "cidr_block": "10.0.1.0/24",
            "customer_owned_ipv4_pool": "",
            "enable_dns64": false,
            "enable_lni_at_device_index": 0,
            "enable_resource_name_dns_a_record_on_launch": false,
            "enable_resource_name_dns_aaaa_record_on_launch": false,
            "id": "subnet-0e5eb87c33b222cfd",
            "ipv6_cidr_block": "",
            "ipv6_cidr_block_association_id": "",
            "ipv6_native": false,
            "map_customer_owned_ip_on_launch": false,
            "map_public_ip_on_launch": false,
            "outpost_arn": "",
            "owner_id": "815919245801",
            "private_dns_hostname_type_on_launch": "ip-name",
            "tags": {
              "Name": "WideBot-vpc-task-private-eu-west-2a",
              "kubernetes.io/cluster/myapp-eks-cluster": "shared",
              "kubernetes.io/role/internal-elb": "1"
            },
            "tags_all": {
              "Name": "WideBot-vpc-task-private-eu-west-2a",
              "kubernetes.io/cluster/myapp-eks-cluster": "shared",
              "kubernetes.io/role/internal-elb": "1"
            },
            "timeouts": null,
            "vpc_id": "vpc-014405edb9c38152b"
          },
          "sensitive_attributes": [],
          "private": "eyJlMmJmYjczMC1lY2FhLTExZTYtOGY4OC0zNDM2M2JjN2M0YzAiOnsiY3JlYXRlIjo2MDAwMDAwMDAwMDAsImRlbGV0ZSI6MTIwMDAwMDAwMDAwMH0sInNjaGVtYV92ZXJzaW9uIjoiMSJ9",
          "dependencies": [
            "module.VPC.data.aws_availability_zones.azs",
            "module.VPC.module.vpc.aws_vpc.this",
            "module.VPC.module.vpc.aws_vpc_ipv4_cidr_block_association.this"
          ],
          "create_before_destroy": true
        },
        {
          "index_key": 1,
          "schema_version": 1,
          "attributes": {
            "arn": "arn:aws:ec2:eu-west-2:815919245801:subnet/subnet-09f481bdc5cf891f8",
            "assign_ipv6_address_on_creation": false,
            "availability_zone": "eu-west-2b",
            "availability_zone_id": "euw2-az3",
            "cidr_block": "10.0.2.0/24",
            "customer_owned_ipv4_pool": "",
            "enable_dns64": false,
            "enable_lni_at_device_index": 0,
            "enable_resource_name_dns_a_record_on_launch": false,
            "enable_resource_name_dns_aaaa_record_on_launch": false,
            "id": "subnet-09f481bdc5cf891f8",
            "ipv6_cidr_block": "",
            "ipv6_cidr_block_association_id": "",
            "ipv6_native": false,
            "map_customer_owned_ip_on_launch": false,
            "map_public_ip_on_launch": false,
            "outpost_arn": "",
            "owner_id": "815919245801",
            "private_dns_hostname_type_on_launch": "ip-name",
            "tags": {
              "Name": "WideBot-vpc-task-private-eu-west-2b",
              "kubernetes.io/cluster/myapp-eks-cluster": "shared",
              "kubernetes.io/role/internal-elb": "1"
            },
            "tags_all": {
              "Name": "WideBot-vpc-task-private-eu-west-2b",
              "kubernetes.io/cluster/myapp-eks-cluster": "shared",
              "kubernetes.io/role/internal-elb": "1"
            },
            "timeouts": null,
            "vpc_id": "vpc-014405edb9c38152b"
          },
          "sensitive_attributes": [],
          "private": "eyJlMmJmYjczMC1lY2FhLTExZTYtOGY4OC0zNDM2M2JjN2M0YzAiOnsiY3JlYXRlIjo2MDAwMDAwMDAwMDAsImRlbGV0ZSI6MTIwMDAwMDAwMDAwMH0sInNjaGVtYV92ZXJzaW9uIjoiMSJ9",
          "dependencies": [
            "module.VPC.data.aws_availability_zones.azs",
            "module.VPC.module.vpc.aws_vpc.this",
            "module.VPC.module.vpc.aws_vpc_ipv4_cidr_block_association.this"
          ],
          "create_before_destroy": true
        }
      ]
    },
    {
      "module": "module.VPC.module.vpc",
      "mode": "managed",
      "type": "aws_subnet",
      "name": "public",
      "provider": "module.VPC.provider[\"registry.terraform.io/hashicorp/aws\"]",
      "instances": [
        {
          "index_key": 0,
          "schema_version": 1,
          "attributes": {
            "arn": "arn:aws:ec2:eu-west-2:815919245801:subnet/subnet-0f60c01400428119d",
            "assign_ipv6_address_on_creation": false,
            "availability_zone": "eu-west-2a",
            "availability_zone_id": "euw2-az2",
            "cidr_block": "10.0.3.0/24",
            "customer_owned_ipv4_pool": "",
            "enable_dns64": false,
            "enable_lni_at_device_index": 0,
            "enable_resource_name_dns_a_record_on_launch": false,
            "enable_resource_name_dns_aaaa_record_on_launch": false,
            "id": "subnet-0f60c01400428119d",
            "ipv6_cidr_block": "",
            "ipv6_cidr_block_association_id": "",
            "ipv6_native": false,
            "map_customer_owned_ip_on_launch": false,
            "map_public_ip_on_launch": false,
            "outpost_arn": "",
            "owner_id": "815919245801",
            "private_dns_hostname_type_on_launch": "ip-name",
            "tags": {
              "Name": "WideBot-vpc-task-public-eu-west-2a",
              "kubernetes.io/cluster/myapp-eks-cluster": "shared",
              "kubernetes.io/role/elb": "1"
            },
            "tags_all": {
              "Name": "WideBot-vpc-task-public-eu-west-2a",
              "kubernetes.io/cluster/myapp-eks-cluster": "shared",
              "kubernetes.io/role/elb": "1"
            },
            "timeouts": null,
            "vpc_id": "vpc-014405edb9c38152b"
          },
          "sensitive_attributes": [],
          "private": "eyJlMmJmYjczMC1lY2FhLTExZTYtOGY4OC0zNDM2M2JjN2M0YzAiOnsiY3JlYXRlIjo2MDAwMDAwMDAwMDAsImRlbGV0ZSI6MTIwMDAwMDAwMDAwMH0sInNjaGVtYV92ZXJzaW9uIjoiMSJ9",
          "dependencies": [
            "module.VPC.data.aws_availability_zones.azs",
            "module.VPC.module.vpc.aws_vpc.this",
            "module.VPC.module.vpc.aws_vpc_ipv4_cidr_block_association.this"
          ]
        },
        {
          "index_key": 1,
          "schema_version": 1,
          "attributes": {
            "arn": "arn:aws:ec2:eu-west-2:815919245801:subnet/subnet-083c4dc9dc7a8fe37",
            "assign_ipv6_address_on_creation": false,
            "availability_zone": "eu-west-2b",
            "availability_zone_id": "euw2-az3",
            "cidr_block": "10.0.4.0/24",
            "customer_owned_ipv4_pool": "",
            "enable_dns64": false,
            "enable_lni_at_device_index": 0,
            "enable_resource_name_dns_a_record_on_launch": false,
            "enable_resource_name_dns_aaaa_record_on_launch": false,
            "id": "subnet-083c4dc9dc7a8fe37",
            "ipv6_cidr_block": "",
            "ipv6_cidr_block_association_id": "",
            "ipv6_native": false,
            "map_customer_owned_ip_on_launch": false,
            "map_public_ip_on_launch": false,
            "outpost_arn": "",
            "owner_id": "815919245801",
            "private_dns_hostname_type_on_launch": "ip-name",
            "tags": {
              "Name": "WideBot-vpc-task-public-eu-west-2b",
              "kubernetes.io/cluster/myapp-eks-cluster": "shared",
              "kubernetes.io/role/elb": "1"
            },
            "tags_all": {
              "Name": "WideBot-vpc-task-public-eu-west-2b",
              "kubernetes.io/cluster/myapp-eks-cluster": "shared",
              "kubernetes.io/role/elb": "1"
            },
            "timeouts": null,
            "vpc_id": "vpc-014405edb9c38152b"
          },
          "sensitive_attributes": [],
          "private": "eyJlMmJmYjczMC1lY2FhLTExZTYtOGY4OC0zNDM2M2JjN2M0YzAiOnsiY3JlYXRlIjo2MDAwMDAwMDAwMDAsImRlbGV0ZSI6MTIwMDAwMDAwMDAwMH0sInNjaGVtYV92ZXJzaW9uIjoiMSJ9",
          "dependencies": [
            "module.VPC.data.aws_availability_zones.azs",
            "module.VPC.module.vpc.aws_vpc.this",
            "module.VPC.module.vpc.aws_vpc_ipv4_cidr_block_association.this"
          ]
        }
      ]
    },
    {
      "module": "module.VPC.module.vpc",
      "mode": "managed",
      "type": "aws_vpc",
      "name": "this",
      "provider": "module.VPC.provider[\"registry.terraform.io/hashicorp/aws\"]",
      "instances": [
        {
          "index_key": 0,
          "schema_version": 1,
          "attributes": {
            "arn": "arn:aws:ec2:eu-west-2:815919245801:vpc/vpc-014405edb9c38152b",
            "assign_generated_ipv6_cidr_block": false,
            "cidr_block": "10.0.0.0/16",
            "default_network_acl_id": "acl-0415ee412c8536553",
            "default_route_table_id": "rtb-02244b9bb522582ab",
            "default_security_group_id": "sg-08c5fd51da412ef02",
            "dhcp_options_id": "dopt-0ecd2b1f6dd641f45",
            "enable_classiclink": false,
            "enable_classiclink_dns_support": false,
            "enable_dns_hostnames": true,
            "enable_dns_support": true,
            "enable_network_address_usage_metrics": false,
            "id": "vpc-014405edb9c38152b",
            "instance_tenancy": "default",
            "ipv4_ipam_pool_id": null,
            "ipv4_netmask_length": null,
            "ipv6_association_id": "",
            "ipv6_cidr_block": "",
            "ipv6_cidr_block_network_border_group": "",
            "ipv6_ipam_pool_id": "",
            "ipv6_netmask_length": 0,
            "main_route_table_id": "rtb-02244b9bb522582ab",
            "owner_id": "815919245801",
            "tags": {
              "Name": "WideBot-vpc-task",
              "kubernetes.io/cluster/myapp-eks-cluster": "shared"
            },
            "tags_all": {
              "Name": "WideBot-vpc-task",
              "kubernetes.io/cluster/myapp-eks-cluster": "shared"
            }
          },
          "sensitive_attributes": [],
          "private": "eyJzY2hlbWFfdmVyc2lvbiI6IjEifQ==",
          "create_before_destroy": true
        }
      ]
    }
  ],
  "check_results": null
}
